{
  "version": 4,
  "terraform_version": "1.3.3",
  "serial": 1888,
  "lineage": "53b0d672-5184-ce58-6700-5ab48be0fd8a",
  "outputs": {},
  "resources": [
    {
      "mode": "managed",
      "type": "aws_instance",
      "name": "blue",
      "provider": "provider[\"registry.terraform.io/hashicorp/aws\"]",
      "instances": [
        {
          "schema_version": 1,
          "attributes": {
            "ami": "ami-072b7a2ffac6318c1",
            "arn": "arn:aws:ec2:eu-central-1:557403669124:instance/i-0e96618290d8fe9d7",
            "associate_public_ip_address": true,
            "availability_zone": "eu-central-1a",
            "capacity_reservation_specification": [
              {
                "capacity_reservation_preference": "open",
                "capacity_reservation_target": []
              }
            ],
            "cpu_core_count": 1,
            "cpu_threads_per_core": 1,
            "credit_specification": [
              {
                "cpu_credits": "standard"
              }
            ],
            "disable_api_stop": false,
            "disable_api_termination": false,
            "ebs_block_device": [],
            "ebs_optimized": false,
            "enclave_options": [
              {
                "enabled": false
              }
            ],
            "ephemeral_block_device": [],
            "get_password_data": false,
            "hibernation": false,
            "host_id": null,
            "host_resource_group_arn": null,
            "iam_instance_profile": "",
            "id": "i-0e96618290d8fe9d7",
            "instance_initiated_shutdown_behavior": "stop",
            "instance_state": "running",
            "instance_type": "t2.micro",
            "ipv6_address_count": 0,
            "ipv6_addresses": [],
            "key_name": "",
            "launch_template": [],
            "maintenance_options": [
              {
                "auto_recovery": "default"
              }
            ],
            "metadata_options": [
              {
                "http_endpoint": "enabled",
                "http_put_response_hop_limit": 1,
                "http_tokens": "optional",
                "instance_metadata_tags": "disabled"
              }
            ],
            "monitoring": false,
            "network_interface": [],
            "outpost_arn": "",
            "password_data": "",
            "placement_group": "",
            "placement_partition_number": null,
            "primary_network_interface_id": "eni-0d2da00907544cc61",
            "private_dns": "ip-10-0-1-238.eu-central-1.compute.internal",
            "private_dns_name_options": [
              {
                "enable_resource_name_dns_a_record": false,
                "enable_resource_name_dns_aaaa_record": false,
                "hostname_type": "ip-name"
              }
            ],
            "private_ip": "10.0.1.238",
            "public_dns": "ec2-52-57-223-81.eu-central-1.compute.amazonaws.com",
            "public_ip": "52.57.223.81",
            "root_block_device": [
              {
                "delete_on_termination": true,
                "device_name": "/dev/sda1",
                "encrypted": false,
                "iops": 600,
                "kms_key_id": "",
                "tags": {},
                "throughput": 0,
                "volume_id": "vol-04c57771c64b036cb",
                "volume_size": 200,
                "volume_type": "gp2"
              }
            ],
            "secondary_private_ips": [],
            "security_groups": [],
            "source_dest_check": true,
            "subnet_id": "subnet-0f8336def05e3fc11",
            "tags": null,
            "tags_all": {},
            "tenancy": "default",
            "timeouts": null,
            "user_data": "1a687d2158d0ef33d637ab0fa7b8d1d9f5ebe1ef",
            "user_data_base64": null,
            "user_data_replace_on_change": false,
            "volume_tags": null,
            "vpc_security_group_ids": [
              "sg-04d26a71029cb687d"
            ]
          },
          "sensitive_attributes": [],
          "private": "eyJlMmJmYjczMC1lY2FhLTExZTYtOGY4OC0zNDM2M2JjN2M0YzAiOnsiY3JlYXRlIjo2MDAwMDAwMDAwMDAsImRlbGV0ZSI6MTIwMDAwMDAwMDAwMCwidXBkYXRlIjo2MDAwMDAwMDAwMDB9LCJzY2hlbWFfdmVyc2lvbiI6IjEifQ==",
          "dependencies": [
            "aws_security_group.ssh-allowed",
            "aws_subnet.bg-subnet-pub-1",
            "aws_vpc.bluegreen"
          ]
        }
      ]
    },
    {
      "mode": "managed",
      "type": "aws_instance",
      "name": "green",
      "provider": "provider[\"registry.terraform.io/hashicorp/aws\"]",
      "instances": [
        {
          "schema_version": 1,
          "attributes": {
            "ami": "ami-072b7a2ffac6318c1",
            "arn": "arn:aws:ec2:eu-central-1:557403669124:instance/i-04dfc8b0cec6f2679",
            "associate_public_ip_address": true,
            "availability_zone": "eu-central-1a",
            "capacity_reservation_specification": [
              {
                "capacity_reservation_preference": "open",
                "capacity_reservation_target": []
              }
            ],
            "cpu_core_count": 1,
            "cpu_threads_per_core": 1,
            "credit_specification": [
              {
                "cpu_credits": "standard"
              }
            ],
            "disable_api_stop": false,
            "disable_api_termination": false,
            "ebs_block_device": [],
            "ebs_optimized": false,
            "enclave_options": [
              {
                "enabled": false
              }
            ],
            "ephemeral_block_device": [],
            "get_password_data": false,
            "hibernation": false,
            "host_id": null,
            "host_resource_group_arn": null,
            "iam_instance_profile": "",
            "id": "i-04dfc8b0cec6f2679",
            "instance_initiated_shutdown_behavior": "stop",
            "instance_state": "running",
            "instance_type": "t2.micro",
            "ipv6_address_count": 0,
            "ipv6_addresses": [],
            "key_name": "",
            "launch_template": [],
            "maintenance_options": [
              {
                "auto_recovery": "default"
              }
            ],
            "metadata_options": [
              {
                "http_endpoint": "enabled",
                "http_put_response_hop_limit": 1,
                "http_tokens": "optional",
                "instance_metadata_tags": "disabled"
              }
            ],
            "monitoring": false,
            "network_interface": [],
            "outpost_arn": "",
            "password_data": "",
            "placement_group": "",
            "placement_partition_number": null,
            "primary_network_interface_id": "eni-0508bb7321342f411",
            "private_dns": "ip-10-0-1-170.eu-central-1.compute.internal",
            "private_dns_name_options": [
              {
                "enable_resource_name_dns_a_record": false,
                "enable_resource_name_dns_aaaa_record": false,
                "hostname_type": "ip-name"
              }
            ],
            "private_ip": "10.0.1.170",
            "public_dns": "ec2-3-67-225-133.eu-central-1.compute.amazonaws.com",
            "public_ip": "3.67.225.133",
            "root_block_device": [
              {
                "delete_on_termination": true,
                "device_name": "/dev/sda1",
                "encrypted": false,
                "iops": 600,
                "kms_key_id": "",
                "tags": {},
                "throughput": 0,
                "volume_id": "vol-01c6dfba8f5f35f18",
                "volume_size": 200,
                "volume_type": "gp2"
              }
            ],
            "secondary_private_ips": [],
            "security_groups": [],
            "source_dest_check": true,
            "subnet_id": "subnet-0f8336def05e3fc11",
            "tags": null,
            "tags_all": {},
            "tenancy": "default",
            "timeouts": null,
            "user_data": "9b00efbd17832e15619529a205865b90ef68412a",
            "user_data_base64": null,
            "user_data_replace_on_change": false,
            "volume_tags": null,
            "vpc_security_group_ids": [
              "sg-04d26a71029cb687d"
            ]
          },
          "sensitive_attributes": [],
          "private": "eyJlMmJmYjczMC1lY2FhLTExZTYtOGY4OC0zNDM2M2JjN2M0YzAiOnsiY3JlYXRlIjo2MDAwMDAwMDAwMDAsImRlbGV0ZSI6MTIwMDAwMDAwMDAwMCwidXBkYXRlIjo2MDAwMDAwMDAwMDB9LCJzY2hlbWFfdmVyc2lvbiI6IjEifQ==",
          "dependencies": [
            "aws_security_group.ssh-allowed",
            "aws_subnet.bg-subnet-pub-1",
            "aws_vpc.bluegreen"
          ]
        }
      ]
    },
    {
      "mode": "managed",
      "type": "aws_internet_gateway",
      "name": "bg-igw",
      "provider": "provider[\"registry.terraform.io/hashicorp/aws\"]",
      "instances": [
        {
          "schema_version": 0,
          "attributes": {
            "arn": "arn:aws:ec2:eu-central-1:557403669124:internet-gateway/igw-0490d3490c21151a2",
            "id": "igw-0490d3490c21151a2",
            "owner_id": "557403669124",
            "tags": {
              "Name": "bg-igw"
            },
            "tags_all": {
              "Name": "bg-igw"
            },
            "timeouts": null,
            "vpc_id": "vpc-06c88ac5138f2c445"
          },
          "sensitive_attributes": [],
          "private": "eyJlMmJmYjczMC1lY2FhLTExZTYtOGY4OC0zNDM2M2JjN2M0YzAiOnsiY3JlYXRlIjoxMjAwMDAwMDAwMDAwLCJkZWxldGUiOjEyMDAwMDAwMDAwMDAsInVwZGF0ZSI6MTIwMDAwMDAwMDAwMH19",
          "dependencies": [
            "aws_vpc.bluegreen"
          ]
        }
      ]
    },
    {
      "mode": "managed",
      "type": "aws_lb",
      "name": "bluegreenlb",
      "provider": "provider[\"registry.terraform.io/hashicorp/aws\"]",
      "instances": [
        {
          "schema_version": 0,
          "attributes": {
            "access_logs": [
              {
                "bucket": "",
                "enabled": false,
                "prefix": ""
              }
            ],
            "arn": "arn:aws:elasticloadbalancing:eu-central-1:557403669124:loadbalancer/app/bluegreenlb/274759fb704897d7",
            "arn_suffix": "app/bluegreenlb/274759fb704897d7",
            "customer_owned_ipv4_pool": "",
            "desync_mitigation_mode": "defensive",
            "dns_name": "bluegreenlb-733918069.eu-central-1.elb.amazonaws.com",
            "drop_invalid_header_fields": false,
            "enable_cross_zone_load_balancing": null,
            "enable_deletion_protection": false,
            "enable_http2": true,
            "enable_waf_fail_open": false,
            "id": "arn:aws:elasticloadbalancing:eu-central-1:557403669124:loadbalancer/app/bluegreenlb/274759fb704897d7",
            "idle_timeout": 60,
            "internal": false,
            "ip_address_type": "ipv4",
            "load_balancer_type": "application",
            "name": "bluegreenlb",
            "name_prefix": null,
            "preserve_host_header": false,
            "security_groups": [
              "sg-04d26a71029cb687d"
            ],
            "subnet_mapping": [
              {
                "allocation_id": "",
                "ipv6_address": "",
                "outpost_id": "",
                "private_ipv4_address": "",
                "subnet_id": "subnet-026771b28643a2f09"
              },
              {
                "allocation_id": "",
                "ipv6_address": "",
                "outpost_id": "",
                "private_ipv4_address": "",
                "subnet_id": "subnet-0f8336def05e3fc11"
              }
            ],
            "subnets": [
              "subnet-026771b28643a2f09",
              "subnet-0f8336def05e3fc11"
            ],
            "tags": null,
            "tags_all": {},
            "timeouts": null,
            "vpc_id": "vpc-06c88ac5138f2c445",
            "zone_id": "Z215JYRZR1TBD5"
          },
          "sensitive_attributes": [],
          "private": "eyJlMmJmYjczMC1lY2FhLTExZTYtOGY4OC0zNDM2M2JjN2M0YzAiOnsiY3JlYXRlIjo2MDAwMDAwMDAwMDAsImRlbGV0ZSI6NjAwMDAwMDAwMDAwLCJ1cGRhdGUiOjYwMDAwMDAwMDAwMH19",
          "dependencies": [
            "aws_instance.blue",
            "aws_instance.green",
            "aws_security_group.ssh-allowed",
            "aws_subnet.bg-subnet-pub-1",
            "aws_subnet.bg-subnet-pub-2",
            "aws_vpc.bluegreen"
          ]
        }
      ]
    },
    {
      "mode": "managed",
      "type": "aws_lb_listener",
      "name": "app",
      "provider": "provider[\"registry.terraform.io/hashicorp/aws\"]",
      "instances": [
        {
          "schema_version": 0,
          "attributes": {
            "alpn_policy": null,
            "arn": "arn:aws:elasticloadbalancing:eu-central-1:557403669124:listener/app/bluegreenlb/274759fb704897d7/009487169a5e4cb4",
            "certificate_arn": null,
            "default_action": [
              {
                "authenticate_cognito": [],
                "authenticate_oidc": [],
                "fixed_response": [],
                "forward": [
                  {
                    "stickiness": [
                      {
                        "duration": 1,
                        "enabled": false
                      }
                    ],
                    "target_group": [
                      {
                        "arn": "arn:aws:elasticloadbalancing:eu-central-1:557403669124:targetgroup/blue-tg-lb/8c46d0c9e4122bd8",
                        "weight": 90
                      },
                      {
                        "arn": "arn:aws:elasticloadbalancing:eu-central-1:557403669124:targetgroup/green-tg-lb/797ba23978e3d28e",
                        "weight": 10
                      }
                    ]
                  }
                ],
                "order": 1,
                "redirect": [],
                "target_group_arn": "",
                "type": "forward"
              }
            ],
            "id": "arn:aws:elasticloadbalancing:eu-central-1:557403669124:listener/app/bluegreenlb/274759fb704897d7/009487169a5e4cb4",
            "load_balancer_arn": "arn:aws:elasticloadbalancing:eu-central-1:557403669124:loadbalancer/app/bluegreenlb/274759fb704897d7",
            "port": 80,
            "protocol": "HTTP",
            "ssl_policy": "",
            "tags": null,
            "tags_all": {},
            "timeouts": null
          },
          "sensitive_attributes": [],
          "private": "eyJlMmJmYjczMC1lY2FhLTExZTYtOGY4OC0zNDM2M2JjN2M0YzAiOnsicmVhZCI6NjAwMDAwMDAwMDAwfX0=",
          "dependencies": [
            "aws_instance.blue",
            "aws_instance.green",
            "aws_lb.bluegreenlb",
            "aws_lb_target_group.blue",
            "aws_lb_target_group.green",
            "aws_security_group.ssh-allowed",
            "aws_subnet.bg-subnet-pub-1",
            "aws_subnet.bg-subnet-pub-2",
            "aws_vpc.bluegreen"
          ]
        }
      ]
    },
    {
      "mode": "managed",
      "type": "aws_lb_target_group",
      "name": "blue",
      "provider": "provider[\"registry.terraform.io/hashicorp/aws\"]",
      "instances": [
        {
          "schema_version": 0,
          "attributes": {
            "arn": "arn:aws:elasticloadbalancing:eu-central-1:557403669124:targetgroup/blue-tg-lb/8c46d0c9e4122bd8",
            "arn_suffix": "targetgroup/blue-tg-lb/8c46d0c9e4122bd8",
            "connection_termination": false,
            "deregistration_delay": "300",
            "health_check": [
              {
                "enabled": true,
                "healthy_threshold": 3,
                "interval": 10,
                "matcher": "200",
                "path": "/",
                "port": "80",
                "protocol": "HTTP",
                "timeout": 5,
                "unhealthy_threshold": 3
              }
            ],
            "id": "arn:aws:elasticloadbalancing:eu-central-1:557403669124:targetgroup/blue-tg-lb/8c46d0c9e4122bd8",
            "ip_address_type": null,
            "lambda_multi_value_headers_enabled": false,
            "load_balancing_algorithm_type": "round_robin",
            "name": "blue-tg-lb",
            "name_prefix": null,
            "port": 80,
            "preserve_client_ip": null,
            "protocol": "HTTP",
            "protocol_version": "HTTP1",
            "proxy_protocol_v2": false,
            "slow_start": 0,
            "stickiness": [
              {
                "cookie_duration": 86400,
                "cookie_name": "",
                "enabled": false,
                "type": "lb_cookie"
              }
            ],
            "tags": null,
            "tags_all": {},
            "target_type": "instance",
            "vpc_id": "vpc-06c88ac5138f2c445"
          },
          "sensitive_attributes": [],
          "private": "bnVsbA==",
          "dependencies": [
            "aws_vpc.bluegreen"
          ]
        }
      ]
    },
    {
      "mode": "managed",
      "type": "aws_lb_target_group",
      "name": "green",
      "provider": "provider[\"registry.terraform.io/hashicorp/aws\"]",
      "instances": [
        {
          "schema_version": 0,
          "attributes": {
            "arn": "arn:aws:elasticloadbalancing:eu-central-1:557403669124:targetgroup/green-tg-lb/797ba23978e3d28e",
            "arn_suffix": "targetgroup/green-tg-lb/797ba23978e3d28e",
            "connection_termination": false,
            "deregistration_delay": "300",
            "health_check": [
              {
                "enabled": true,
                "healthy_threshold": 3,
                "interval": 10,
                "matcher": "200",
                "path": "/",
                "port": "80",
                "protocol": "HTTP",
                "timeout": 5,
                "unhealthy_threshold": 3
              }
            ],
            "id": "arn:aws:elasticloadbalancing:eu-central-1:557403669124:targetgroup/green-tg-lb/797ba23978e3d28e",
            "ip_address_type": null,
            "lambda_multi_value_headers_enabled": false,
            "load_balancing_algorithm_type": "round_robin",
            "name": "green-tg-lb",
            "name_prefix": null,
            "port": 80,
            "preserve_client_ip": null,
            "protocol": "HTTP",
            "protocol_version": "HTTP1",
            "proxy_protocol_v2": false,
            "slow_start": 0,
            "stickiness": [
              {
                "cookie_duration": 86400,
                "cookie_name": "",
                "enabled": false,
                "type": "lb_cookie"
              }
            ],
            "tags": null,
            "tags_all": {},
            "target_type": "instance",
            "vpc_id": "vpc-06c88ac5138f2c445"
          },
          "sensitive_attributes": [],
          "private": "bnVsbA==",
          "dependencies": [
            "aws_vpc.bluegreen"
          ]
        }
      ]
    },
    {
      "mode": "managed",
      "type": "aws_lb_target_group_attachment",
      "name": "blue",
      "provider": "provider[\"registry.terraform.io/hashicorp/aws\"]",
      "instances": [
        {
          "index_key": 0,
          "schema_version": 0,
          "attributes": {
            "availability_zone": null,
            "id": "arn:aws:elasticloadbalancing:eu-central-1:557403669124:targetgroup/blue-tg-lb/8c46d0c9e4122bd8-20221024102202812700000024",
            "port": 80,
            "target_group_arn": "arn:aws:elasticloadbalancing:eu-central-1:557403669124:targetgroup/blue-tg-lb/8c46d0c9e4122bd8",
            "target_id": "i-0e96618290d8fe9d7"
          },
          "sensitive_attributes": [],
          "private": "bnVsbA==",
          "dependencies": [
            "aws_instance.blue",
            "aws_lb_target_group.blue",
            "aws_security_group.ssh-allowed",
            "aws_subnet.bg-subnet-pub-1",
            "aws_vpc.bluegreen"
          ]
        },
        {
          "index_key": 1,
          "schema_version": 0,
          "attributes": {
            "availability_zone": null,
            "id": "arn:aws:elasticloadbalancing:eu-central-1:557403669124:targetgroup/blue-tg-lb/8c46d0c9e4122bd8-20221024102208359600000029",
            "port": 80,
            "target_group_arn": "arn:aws:elasticloadbalancing:eu-central-1:557403669124:targetgroup/blue-tg-lb/8c46d0c9e4122bd8",
            "target_id": "i-0e96618290d8fe9d7"
          },
          "sensitive_attributes": [],
          "private": "bnVsbA==",
          "dependencies": [
            "aws_instance.blue",
            "aws_lb_target_group.blue",
            "aws_security_group.ssh-allowed",
            "aws_subnet.bg-subnet-pub-1",
            "aws_vpc.bluegreen"
          ]
        },
        {
          "index_key": 2,
          "schema_version": 0,
          "attributes": {
            "availability_zone": null,
            "id": "arn:aws:elasticloadbalancing:eu-central-1:557403669124:targetgroup/blue-tg-lb/8c46d0c9e4122bd8-20221024102202874400000026",
            "port": 80,
            "target_group_arn": "arn:aws:elasticloadbalancing:eu-central-1:557403669124:targetgroup/blue-tg-lb/8c46d0c9e4122bd8",
            "target_id": "i-0e96618290d8fe9d7"
          },
          "sensitive_attributes": [],
          "private": "bnVsbA==",
          "dependencies": [
            "aws_instance.blue",
            "aws_lb_target_group.blue",
            "aws_security_group.ssh-allowed",
            "aws_subnet.bg-subnet-pub-1",
            "aws_vpc.bluegreen"
          ]
        },
        {
          "index_key": 3,
          "schema_version": 0,
          "attributes": {
            "availability_zone": null,
            "id": "arn:aws:elasticloadbalancing:eu-central-1:557403669124:targetgroup/blue-tg-lb/8c46d0c9e4122bd8-20221024102208220400000027",
            "port": 80,
            "target_group_arn": "arn:aws:elasticloadbalancing:eu-central-1:557403669124:targetgroup/blue-tg-lb/8c46d0c9e4122bd8",
            "target_id": "i-0e96618290d8fe9d7"
          },
          "sensitive_attributes": [],
          "private": "bnVsbA==",
          "dependencies": [
            "aws_instance.blue",
            "aws_lb_target_group.blue",
            "aws_security_group.ssh-allowed",
            "aws_subnet.bg-subnet-pub-1",
            "aws_vpc.bluegreen"
          ]
        },
        {
          "index_key": 4,
          "schema_version": 0,
          "attributes": {
            "availability_zone": null,
            "id": "arn:aws:elasticloadbalancing:eu-central-1:557403669124:targetgroup/blue-tg-lb/8c46d0c9e4122bd8-2022102410220265860000001f",
            "port": 80,
            "target_group_arn": "arn:aws:elasticloadbalancing:eu-central-1:557403669124:targetgroup/blue-tg-lb/8c46d0c9e4122bd8",
            "target_id": "i-0e96618290d8fe9d7"
          },
          "sensitive_attributes": [],
          "private": "bnVsbA==",
          "dependencies": [
            "aws_instance.blue",
            "aws_lb_target_group.blue",
            "aws_security_group.ssh-allowed",
            "aws_subnet.bg-subnet-pub-1",
            "aws_vpc.bluegreen"
          ]
        },
        {
          "index_key": 5,
          "schema_version": 0,
          "attributes": {
            "availability_zone": null,
            "id": "arn:aws:elasticloadbalancing:eu-central-1:557403669124:targetgroup/blue-tg-lb/8c46d0c9e4122bd8-20221024102202456600000018",
            "port": 80,
            "target_group_arn": "arn:aws:elasticloadbalancing:eu-central-1:557403669124:targetgroup/blue-tg-lb/8c46d0c9e4122bd8",
            "target_id": "i-0e96618290d8fe9d7"
          },
          "sensitive_attributes": [],
          "private": "bnVsbA==",
          "dependencies": [
            "aws_instance.blue",
            "aws_lb_target_group.blue",
            "aws_security_group.ssh-allowed",
            "aws_subnet.bg-subnet-pub-1",
            "aws_vpc.bluegreen"
          ]
        },
        {
          "index_key": 6,
          "schema_version": 0,
          "attributes": {
            "availability_zone": null,
            "id": "arn:aws:elasticloadbalancing:eu-central-1:557403669124:targetgroup/blue-tg-lb/8c46d0c9e4122bd8-2022102410220228840000000e",
            "port": 80,
            "target_group_arn": "arn:aws:elasticloadbalancing:eu-central-1:557403669124:targetgroup/blue-tg-lb/8c46d0c9e4122bd8",
            "target_id": "i-0e96618290d8fe9d7"
          },
          "sensitive_attributes": [],
          "private": "bnVsbA==",
          "dependencies": [
            "aws_instance.blue",
            "aws_lb_target_group.blue",
            "aws_security_group.ssh-allowed",
            "aws_subnet.bg-subnet-pub-1",
            "aws_vpc.bluegreen"
          ]
        },
        {
          "index_key": 7,
          "schema_version": 0,
          "attributes": {
            "availability_zone": null,
            "id": "arn:aws:elasticloadbalancing:eu-central-1:557403669124:targetgroup/blue-tg-lb/8c46d0c9e4122bd8-20221024102208359600000028",
            "port": 80,
            "target_group_arn": "arn:aws:elasticloadbalancing:eu-central-1:557403669124:targetgroup/blue-tg-lb/8c46d0c9e4122bd8",
            "target_id": "i-0e96618290d8fe9d7"
          },
          "sensitive_attributes": [],
          "private": "bnVsbA==",
          "dependencies": [
            "aws_instance.blue",
            "aws_lb_target_group.blue",
            "aws_security_group.ssh-allowed",
            "aws_subnet.bg-subnet-pub-1",
            "aws_vpc.bluegreen"
          ]
        },
        {
          "index_key": 8,
          "schema_version": 0,
          "attributes": {
            "availability_zone": null,
            "id": "arn:aws:elasticloadbalancing:eu-central-1:557403669124:targetgroup/blue-tg-lb/8c46d0c9e4122bd8-20221024102202452000000016",
            "port": 80,
            "target_group_arn": "arn:aws:elasticloadbalancing:eu-central-1:557403669124:targetgroup/blue-tg-lb/8c46d0c9e4122bd8",
            "target_id": "i-0e96618290d8fe9d7"
          },
          "sensitive_attributes": [],
          "private": "bnVsbA==",
          "dependencies": [
            "aws_instance.blue",
            "aws_lb_target_group.blue",
            "aws_security_group.ssh-allowed",
            "aws_subnet.bg-subnet-pub-1",
            "aws_vpc.bluegreen"
          ]
        },
        {
          "index_key": 9,
          "schema_version": 0,
          "attributes": {
            "availability_zone": null,
            "id": "arn:aws:elasticloadbalancing:eu-central-1:557403669124:targetgroup/blue-tg-lb/8c46d0c9e4122bd8-20221024102202208500000008",
            "port": 80,
            "target_group_arn": "arn:aws:elasticloadbalancing:eu-central-1:557403669124:targetgroup/blue-tg-lb/8c46d0c9e4122bd8",
            "target_id": "i-0e96618290d8fe9d7"
          },
          "sensitive_attributes": [],
          "private": "bnVsbA==",
          "dependencies": [
            "aws_instance.blue",
            "aws_lb_target_group.blue",
            "aws_security_group.ssh-allowed",
            "aws_subnet.bg-subnet-pub-1",
            "aws_vpc.bluegreen"
          ]
        },
        {
          "index_key": 10,
          "schema_version": 0,
          "attributes": {
            "availability_zone": null,
            "id": "arn:aws:elasticloadbalancing:eu-central-1:557403669124:targetgroup/blue-tg-lb/8c46d0c9e4122bd8-20221024102202698000000021",
            "port": 80,
            "target_group_arn": "arn:aws:elasticloadbalancing:eu-central-1:557403669124:targetgroup/blue-tg-lb/8c46d0c9e4122bd8",
            "target_id": "i-0e96618290d8fe9d7"
          },
          "sensitive_attributes": [],
          "private": "bnVsbA==",
          "dependencies": [
            "aws_instance.blue",
            "aws_lb_target_group.blue",
            "aws_security_group.ssh-allowed",
            "aws_subnet.bg-subnet-pub-1",
            "aws_vpc.bluegreen"
          ]
        },
        {
          "index_key": 11,
          "schema_version": 0,
          "attributes": {
            "availability_zone": null,
            "id": "arn:aws:elasticloadbalancing:eu-central-1:557403669124:targetgroup/blue-tg-lb/8c46d0c9e4122bd8-2022102410221748550000004d",
            "port": 80,
            "target_group_arn": "arn:aws:elasticloadbalancing:eu-central-1:557403669124:targetgroup/blue-tg-lb/8c46d0c9e4122bd8",
            "target_id": "i-0e96618290d8fe9d7"
          },
          "sensitive_attributes": [],
          "private": "bnVsbA==",
          "dependencies": [
            "aws_instance.blue",
            "aws_lb_target_group.blue",
            "aws_security_group.ssh-allowed",
            "aws_subnet.bg-subnet-pub-1",
            "aws_vpc.bluegreen"
          ]
        },
        {
          "index_key": 12,
          "schema_version": 0,
          "attributes": {
            "availability_zone": null,
            "id": "arn:aws:elasticloadbalancing:eu-central-1:557403669124:targetgroup/blue-tg-lb/8c46d0c9e4122bd8-2022102410220864360000002d",
            "port": 80,
            "target_group_arn": "arn:aws:elasticloadbalancing:eu-central-1:557403669124:targetgroup/blue-tg-lb/8c46d0c9e4122bd8",
            "target_id": "i-0e96618290d8fe9d7"
          },
          "sensitive_attributes": [],
          "private": "bnVsbA==",
          "dependencies": [
            "aws_instance.blue",
            "aws_lb_target_group.blue",
            "aws_security_group.ssh-allowed",
            "aws_subnet.bg-subnet-pub-1",
            "aws_vpc.bluegreen"
          ]
        },
        {
          "index_key": 13,
          "schema_version": 0,
          "attributes": {
            "availability_zone": null,
            "id": "arn:aws:elasticloadbalancing:eu-central-1:557403669124:targetgroup/blue-tg-lb/8c46d0c9e4122bd8-20221024102202447200000015",
            "port": 80,
            "target_group_arn": "arn:aws:elasticloadbalancing:eu-central-1:557403669124:targetgroup/blue-tg-lb/8c46d0c9e4122bd8",
            "target_id": "i-0e96618290d8fe9d7"
          },
          "sensitive_attributes": [],
          "private": "bnVsbA==",
          "dependencies": [
            "aws_instance.blue",
            "aws_lb_target_group.blue",
            "aws_security_group.ssh-allowed",
            "aws_subnet.bg-subnet-pub-1",
            "aws_vpc.bluegreen"
          ]
        },
        {
          "index_key": 14,
          "schema_version": 0,
          "attributes": {
            "availability_zone": null,
            "id": "arn:aws:elasticloadbalancing:eu-central-1:557403669124:targetgroup/blue-tg-lb/8c46d0c9e4122bd8-2022102410222352910000006a",
            "port": 80,
            "target_group_arn": "arn:aws:elasticloadbalancing:eu-central-1:557403669124:targetgroup/blue-tg-lb/8c46d0c9e4122bd8",
            "target_id": "i-0e96618290d8fe9d7"
          },
          "sensitive_attributes": [],
          "private": "bnVsbA==",
          "dependencies": [
            "aws_instance.blue",
            "aws_lb_target_group.blue",
            "aws_security_group.ssh-allowed",
            "aws_subnet.bg-subnet-pub-1",
            "aws_vpc.bluegreen"
          ]
        },
        {
          "index_key": 15,
          "schema_version": 0,
          "attributes": {
            "availability_zone": null,
            "id": "arn:aws:elasticloadbalancing:eu-central-1:557403669124:targetgroup/blue-tg-lb/8c46d0c9e4122bd8-2022102410220856410000002b",
            "port": 80,
            "target_group_arn": "arn:aws:elasticloadbalancing:eu-central-1:557403669124:targetgroup/blue-tg-lb/8c46d0c9e4122bd8",
            "target_id": "i-0e96618290d8fe9d7"
          },
          "sensitive_attributes": [],
          "private": "bnVsbA==",
          "dependencies": [
            "aws_instance.blue",
            "aws_lb_target_group.blue",
            "aws_security_group.ssh-allowed",
            "aws_subnet.bg-subnet-pub-1",
            "aws_vpc.bluegreen"
          ]
        },
        {
          "index_key": 16,
          "schema_version": 0,
          "attributes": {
            "availability_zone": null,
            "id": "arn:aws:elasticloadbalancing:eu-central-1:557403669124:targetgroup/blue-tg-lb/8c46d0c9e4122bd8-20221024102208838400000031",
            "port": 80,
            "target_group_arn": "arn:aws:elasticloadbalancing:eu-central-1:557403669124:targetgroup/blue-tg-lb/8c46d0c9e4122bd8",
            "target_id": "i-0e96618290d8fe9d7"
          },
          "sensitive_attributes": [],
          "private": "bnVsbA==",
          "dependencies": [
            "aws_instance.blue",
            "aws_lb_target_group.blue",
            "aws_security_group.ssh-allowed",
            "aws_subnet.bg-subnet-pub-1",
            "aws_vpc.bluegreen"
          ]
        },
        {
          "index_key": 17,
          "schema_version": 0,
          "attributes": {
            "availability_zone": null,
            "id": "arn:aws:elasticloadbalancing:eu-central-1:557403669124:targetgroup/blue-tg-lb/8c46d0c9e4122bd8-20221024102202439000000014",
            "port": 80,
            "target_group_arn": "arn:aws:elasticloadbalancing:eu-central-1:557403669124:targetgroup/blue-tg-lb/8c46d0c9e4122bd8",
            "target_id": "i-0e96618290d8fe9d7"
          },
          "sensitive_attributes": [],
          "private": "bnVsbA==",
          "dependencies": [
            "aws_instance.blue",
            "aws_lb_target_group.blue",
            "aws_security_group.ssh-allowed",
            "aws_subnet.bg-subnet-pub-1",
            "aws_vpc.bluegreen"
          ]
        },
        {
          "index_key": 18,
          "schema_version": 0,
          "attributes": {
            "availability_zone": null,
            "id": "arn:aws:elasticloadbalancing:eu-central-1:557403669124:targetgroup/blue-tg-lb/8c46d0c9e4122bd8-2022102410220224740000000c",
            "port": 80,
            "target_group_arn": "arn:aws:elasticloadbalancing:eu-central-1:557403669124:targetgroup/blue-tg-lb/8c46d0c9e4122bd8",
            "target_id": "i-0e96618290d8fe9d7"
          },
          "sensitive_attributes": [],
          "private": "bnVsbA==",
          "dependencies": [
            "aws_instance.blue",
            "aws_lb_target_group.blue",
            "aws_security_group.ssh-allowed",
            "aws_subnet.bg-subnet-pub-1",
            "aws_vpc.bluegreen"
          ]
        },
        {
          "index_key": 19,
          "schema_version": 0,
          "attributes": {
            "availability_zone": null,
            "id": "arn:aws:elasticloadbalancing:eu-central-1:557403669124:targetgroup/blue-tg-lb/8c46d0c9e4122bd8-20221024102202209800000009",
            "port": 80,
            "target_group_arn": "arn:aws:elasticloadbalancing:eu-central-1:557403669124:targetgroup/blue-tg-lb/8c46d0c9e4122bd8",
            "target_id": "i-0e96618290d8fe9d7"
          },
          "sensitive_attributes": [],
          "private": "bnVsbA==",
          "dependencies": [
            "aws_instance.blue",
            "aws_lb_target_group.blue",
            "aws_security_group.ssh-allowed",
            "aws_subnet.bg-subnet-pub-1",
            "aws_vpc.bluegreen"
          ]
        },
        {
          "index_key": 20,
          "schema_version": 0,
          "attributes": {
            "availability_zone": null,
            "id": "arn:aws:elasticloadbalancing:eu-central-1:557403669124:targetgroup/blue-tg-lb/8c46d0c9e4122bd8-20221024102208838300000030",
            "port": 80,
            "target_group_arn": "arn:aws:elasticloadbalancing:eu-central-1:557403669124:targetgroup/blue-tg-lb/8c46d0c9e4122bd8",
            "target_id": "i-0e96618290d8fe9d7"
          },
          "sensitive_attributes": [],
          "private": "bnVsbA==",
          "dependencies": [
            "aws_instance.blue",
            "aws_lb_target_group.blue",
            "aws_security_group.ssh-allowed",
            "aws_subnet.bg-subnet-pub-1",
            "aws_vpc.bluegreen"
          ]
        },
        {
          "index_key": 21,
          "schema_version": 0,
          "attributes": {
            "availability_zone": null,
            "id": "arn:aws:elasticloadbalancing:eu-central-1:557403669124:targetgroup/blue-tg-lb/8c46d0c9e4122bd8-2022102410220261790000001c",
            "port": 80,
            "target_group_arn": "arn:aws:elasticloadbalancing:eu-central-1:557403669124:targetgroup/blue-tg-lb/8c46d0c9e4122bd8",
            "target_id": "i-0e96618290d8fe9d7"
          },
          "sensitive_attributes": [],
          "private": "bnVsbA==",
          "dependencies": [
            "aws_instance.blue",
            "aws_lb_target_group.blue",
            "aws_security_group.ssh-allowed",
            "aws_subnet.bg-subnet-pub-1",
            "aws_vpc.bluegreen"
          ]
        },
        {
          "index_key": 22,
          "schema_version": 0,
          "attributes": {
            "availability_zone": null,
            "id": "arn:aws:elasticloadbalancing:eu-central-1:557403669124:targetgroup/blue-tg-lb/8c46d0c9e4122bd8-20221024102202038200000002",
            "port": 80,
            "target_group_arn": "arn:aws:elasticloadbalancing:eu-central-1:557403669124:targetgroup/blue-tg-lb/8c46d0c9e4122bd8",
            "target_id": "i-0e96618290d8fe9d7"
          },
          "sensitive_attributes": [],
          "private": "bnVsbA==",
          "dependencies": [
            "aws_instance.blue",
            "aws_lb_target_group.blue",
            "aws_security_group.ssh-allowed",
            "aws_subnet.bg-subnet-pub-1",
            "aws_vpc.bluegreen"
          ]
        },
        {
          "index_key": 23,
          "schema_version": 0,
          "attributes": {
            "availability_zone": null,
            "id": "arn:aws:elasticloadbalancing:eu-central-1:557403669124:targetgroup/blue-tg-lb/8c46d0c9e4122bd8-2022102410220223030000000b",
            "port": 80,
            "target_group_arn": "arn:aws:elasticloadbalancing:eu-central-1:557403669124:targetgroup/blue-tg-lb/8c46d0c9e4122bd8",
            "target_id": "i-0e96618290d8fe9d7"
          },
          "sensitive_attributes": [],
          "private": "bnVsbA==",
          "dependencies": [
            "aws_instance.blue",
            "aws_lb_target_group.blue",
            "aws_security_group.ssh-allowed",
            "aws_subnet.bg-subnet-pub-1",
            "aws_vpc.bluegreen"
          ]
        },
        {
          "index_key": 24,
          "schema_version": 0,
          "attributes": {
            "availability_zone": null,
            "id": "arn:aws:elasticloadbalancing:eu-central-1:557403669124:targetgroup/blue-tg-lb/8c46d0c9e4122bd8-2022102410222816440000006e",
            "port": 80,
            "target_group_arn": "arn:aws:elasticloadbalancing:eu-central-1:557403669124:targetgroup/blue-tg-lb/8c46d0c9e4122bd8",
            "target_id": "i-0e96618290d8fe9d7"
          },
          "sensitive_attributes": [],
          "private": "bnVsbA==",
          "dependencies": [
            "aws_instance.blue",
            "aws_lb_target_group.blue",
            "aws_security_group.ssh-allowed",
            "aws_subnet.bg-subnet-pub-1",
            "aws_vpc.bluegreen"
          ]
        },
        {
          "index_key": 25,
          "schema_version": 0,
          "attributes": {
            "availability_zone": null,
            "id": "arn:aws:elasticloadbalancing:eu-central-1:557403669124:targetgroup/blue-tg-lb/8c46d0c9e4122bd8-2022102410220849540000002a",
            "port": 80,
            "target_group_arn": "arn:aws:elasticloadbalancing:eu-central-1:557403669124:targetgroup/blue-tg-lb/8c46d0c9e4122bd8",
            "target_id": "i-0e96618290d8fe9d7"
          },
          "sensitive_attributes": [],
          "private": "bnVsbA==",
          "dependencies": [
            "aws_instance.blue",
            "aws_lb_target_group.blue",
            "aws_security_group.ssh-allowed",
            "aws_subnet.bg-subnet-pub-1",
            "aws_vpc.bluegreen"
          ]
        },
        {
          "index_key": 26,
          "schema_version": 0,
          "attributes": {
            "availability_zone": null,
            "id": "arn:aws:elasticloadbalancing:eu-central-1:557403669124:targetgroup/blue-tg-lb/8c46d0c9e4122bd8-20221024102202452600000017",
            "port": 80,
            "target_group_arn": "arn:aws:elasticloadbalancing:eu-central-1:557403669124:targetgroup/blue-tg-lb/8c46d0c9e4122bd8",
            "target_id": "i-0e96618290d8fe9d7"
          },
          "sensitive_attributes": [],
          "private": "bnVsbA==",
          "dependencies": [
            "aws_instance.blue",
            "aws_lb_target_group.blue",
            "aws_security_group.ssh-allowed",
            "aws_subnet.bg-subnet-pub-1",
            "aws_vpc.bluegreen"
          ]
        },
        {
          "index_key": 27,
          "schema_version": 0,
          "attributes": {
            "availability_zone": null,
            "id": "arn:aws:elasticloadbalancing:eu-central-1:557403669124:targetgroup/blue-tg-lb/8c46d0c9e4122bd8-2022102410220263810000001d",
            "port": 80,
            "target_group_arn": "arn:aws:elasticloadbalancing:eu-central-1:557403669124:targetgroup/blue-tg-lb/8c46d0c9e4122bd8",
            "target_id": "i-0e96618290d8fe9d7"
          },
          "sensitive_attributes": [],
          "private": "bnVsbA==",
          "dependencies": [
            "aws_instance.blue",
            "aws_lb_target_group.blue",
            "aws_security_group.ssh-allowed",
            "aws_subnet.bg-subnet-pub-1",
            "aws_vpc.bluegreen"
          ]
        },
        {
          "index_key": 28,
          "schema_version": 0,
          "attributes": {
            "availability_zone": null,
            "id": "arn:aws:elasticloadbalancing:eu-central-1:557403669124:targetgroup/blue-tg-lb/8c46d0c9e4122bd8-2022102410220864350000002c",
            "port": 80,
            "target_group_arn": "arn:aws:elasticloadbalancing:eu-central-1:557403669124:targetgroup/blue-tg-lb/8c46d0c9e4122bd8",
            "target_id": "i-0e96618290d8fe9d7"
          },
          "sensitive_attributes": [],
          "private": "bnVsbA==",
          "dependencies": [
            "aws_instance.blue",
            "aws_lb_target_group.blue",
            "aws_security_group.ssh-allowed",
            "aws_subnet.bg-subnet-pub-1",
            "aws_vpc.bluegreen"
          ]
        },
        {
          "index_key": 29,
          "schema_version": 0,
          "attributes": {
            "availability_zone": null,
            "id": "arn:aws:elasticloadbalancing:eu-central-1:557403669124:targetgroup/blue-tg-lb/8c46d0c9e4122bd8-20221024102202432300000013",
            "port": 80,
            "target_group_arn": "arn:aws:elasticloadbalancing:eu-central-1:557403669124:targetgroup/blue-tg-lb/8c46d0c9e4122bd8",
            "target_id": "i-0e96618290d8fe9d7"
          },
          "sensitive_attributes": [],
          "private": "bnVsbA==",
          "dependencies": [
            "aws_instance.blue",
            "aws_lb_target_group.blue",
            "aws_security_group.ssh-allowed",
            "aws_subnet.bg-subnet-pub-1",
            "aws_vpc.bluegreen"
          ]
        },
        {
          "index_key": 30,
          "schema_version": 0,
          "attributes": {
            "availability_zone": null,
            "id": "arn:aws:elasticloadbalancing:eu-central-1:557403669124:targetgroup/blue-tg-lb/8c46d0c9e4122bd8-20221024102202674200000020",
            "port": 80,
            "target_group_arn": "arn:aws:elasticloadbalancing:eu-central-1:557403669124:targetgroup/blue-tg-lb/8c46d0c9e4122bd8",
            "target_id": "i-0e96618290d8fe9d7"
          },
          "sensitive_attributes": [],
          "private": "bnVsbA==",
          "dependencies": [
            "aws_instance.blue",
            "aws_lb_target_group.blue",
            "aws_security_group.ssh-allowed",
            "aws_subnet.bg-subnet-pub-1",
            "aws_vpc.bluegreen"
          ]
        },
        {
          "index_key": 31,
          "schema_version": 0,
          "attributes": {
            "availability_zone": null,
            "id": "arn:aws:elasticloadbalancing:eu-central-1:557403669124:targetgroup/blue-tg-lb/8c46d0c9e4122bd8-2022102410220239050000000f",
            "port": 80,
            "target_group_arn": "arn:aws:elasticloadbalancing:eu-central-1:557403669124:targetgroup/blue-tg-lb/8c46d0c9e4122bd8",
            "target_id": "i-0e96618290d8fe9d7"
          },
          "sensitive_attributes": [],
          "private": "bnVsbA==",
          "dependencies": [
            "aws_instance.blue",
            "aws_lb_target_group.blue",
            "aws_security_group.ssh-allowed",
            "aws_subnet.bg-subnet-pub-1",
            "aws_vpc.bluegreen"
          ]
        },
        {
          "index_key": 32,
          "schema_version": 0,
          "attributes": {
            "availability_zone": null,
            "id": "arn:aws:elasticloadbalancing:eu-central-1:557403669124:targetgroup/blue-tg-lb/8c46d0c9e4122bd8-20221024102209033200000036",
            "port": 80,
            "target_group_arn": "arn:aws:elasticloadbalancing:eu-central-1:557403669124:targetgroup/blue-tg-lb/8c46d0c9e4122bd8",
            "target_id": "i-0e96618290d8fe9d7"
          },
          "sensitive_attributes": [],
          "private": "bnVsbA==",
          "dependencies": [
            "aws_instance.blue",
            "aws_lb_target_group.blue",
            "aws_security_group.ssh-allowed",
            "aws_subnet.bg-subnet-pub-1",
            "aws_vpc.bluegreen"
          ]
        },
        {
          "index_key": 33,
          "schema_version": 0,
          "attributes": {
            "availability_zone": null,
            "id": "arn:aws:elasticloadbalancing:eu-central-1:557403669124:targetgroup/blue-tg-lb/8c46d0c9e4122bd8-2022102410223136780000006f",
            "port": 80,
            "target_group_arn": "arn:aws:elasticloadbalancing:eu-central-1:557403669124:targetgroup/blue-tg-lb/8c46d0c9e4122bd8",
            "target_id": "i-0e96618290d8fe9d7"
          },
          "sensitive_attributes": [],
          "private": "bnVsbA==",
          "dependencies": [
            "aws_instance.blue",
            "aws_lb_target_group.blue",
            "aws_security_group.ssh-allowed",
            "aws_subnet.bg-subnet-pub-1",
            "aws_vpc.bluegreen"
          ]
        },
        {
          "index_key": 34,
          "schema_version": 0,
          "attributes": {
            "availability_zone": null,
            "id": "arn:aws:elasticloadbalancing:eu-central-1:557403669124:targetgroup/blue-tg-lb/8c46d0c9e4122bd8-2022102410220877320000002f",
            "port": 80,
            "target_group_arn": "arn:aws:elasticloadbalancing:eu-central-1:557403669124:targetgroup/blue-tg-lb/8c46d0c9e4122bd8",
            "target_id": "i-0e96618290d8fe9d7"
          },
          "sensitive_attributes": [],
          "private": "bnVsbA==",
          "dependencies": [
            "aws_instance.blue",
            "aws_lb_target_group.blue",
            "aws_security_group.ssh-allowed",
            "aws_subnet.bg-subnet-pub-1",
            "aws_vpc.bluegreen"
          ]
        },
        {
          "index_key": 35,
          "schema_version": 0,
          "attributes": {
            "availability_zone": null,
            "id": "arn:aws:elasticloadbalancing:eu-central-1:557403669124:targetgroup/blue-tg-lb/8c46d0c9e4122bd8-20221024102208885200000032",
            "port": 80,
            "target_group_arn": "arn:aws:elasticloadbalancing:eu-central-1:557403669124:targetgroup/blue-tg-lb/8c46d0c9e4122bd8",
            "target_id": "i-0e96618290d8fe9d7"
          },
          "sensitive_attributes": [],
          "private": "bnVsbA==",
          "dependencies": [
            "aws_instance.blue",
            "aws_lb_target_group.blue",
            "aws_security_group.ssh-allowed",
            "aws_subnet.bg-subnet-pub-1",
            "aws_vpc.bluegreen"
          ]
        },
        {
          "index_key": 36,
          "schema_version": 0,
          "attributes": {
            "availability_zone": null,
            "id": "arn:aws:elasticloadbalancing:eu-central-1:557403669124:targetgroup/blue-tg-lb/8c46d0c9e4122bd8-20221024102202716200000023",
            "port": 80,
            "target_group_arn": "arn:aws:elasticloadbalancing:eu-central-1:557403669124:targetgroup/blue-tg-lb/8c46d0c9e4122bd8",
            "target_id": "i-0e96618290d8fe9d7"
          },
          "sensitive_attributes": [],
          "private": "bnVsbA==",
          "dependencies": [
            "aws_instance.blue",
            "aws_lb_target_group.blue",
            "aws_security_group.ssh-allowed",
            "aws_subnet.bg-subnet-pub-1",
            "aws_vpc.bluegreen"
          ]
        },
        {
          "index_key": 37,
          "schema_version": 0,
          "attributes": {
            "availability_zone": null,
            "id": "arn:aws:elasticloadbalancing:eu-central-1:557403669124:targetgroup/blue-tg-lb/8c46d0c9e4122bd8-20221024102202182400000007",
            "port": 80,
            "target_group_arn": "arn:aws:elasticloadbalancing:eu-central-1:557403669124:targetgroup/blue-tg-lb/8c46d0c9e4122bd8",
            "target_id": "i-0e96618290d8fe9d7"
          },
          "sensitive_attributes": [],
          "private": "bnVsbA==",
          "dependencies": [
            "aws_instance.blue",
            "aws_lb_target_group.blue",
            "aws_security_group.ssh-allowed",
            "aws_subnet.bg-subnet-pub-1",
            "aws_vpc.bluegreen"
          ]
        },
        {
          "index_key": 38,
          "schema_version": 0,
          "attributes": {
            "availability_zone": null,
            "id": "arn:aws:elasticloadbalancing:eu-central-1:557403669124:targetgroup/blue-tg-lb/8c46d0c9e4122bd8-20221024102202408900000011",
            "port": 80,
            "target_group_arn": "arn:aws:elasticloadbalancing:eu-central-1:557403669124:targetgroup/blue-tg-lb/8c46d0c9e4122bd8",
            "target_id": "i-0e96618290d8fe9d7"
          },
          "sensitive_attributes": [],
          "private": "bnVsbA==",
          "dependencies": [
            "aws_instance.blue",
            "aws_lb_target_group.blue",
            "aws_security_group.ssh-allowed",
            "aws_subnet.bg-subnet-pub-1",
            "aws_vpc.bluegreen"
          ]
        },
        {
          "index_key": 39,
          "schema_version": 0,
          "attributes": {
            "availability_zone": null,
            "id": "arn:aws:elasticloadbalancing:eu-central-1:557403669124:targetgroup/blue-tg-lb/8c46d0c9e4122bd8-20221024102202837400000025",
            "port": 80,
            "target_group_arn": "arn:aws:elasticloadbalancing:eu-central-1:557403669124:targetgroup/blue-tg-lb/8c46d0c9e4122bd8",
            "target_id": "i-0e96618290d8fe9d7"
          },
          "sensitive_attributes": [],
          "private": "bnVsbA==",
          "dependencies": [
            "aws_instance.blue",
            "aws_lb_target_group.blue",
            "aws_security_group.ssh-allowed",
            "aws_subnet.bg-subnet-pub-1",
            "aws_vpc.bluegreen"
          ]
        },
        {
          "index_key": 40,
          "schema_version": 0,
          "attributes": {
            "availability_zone": null,
            "id": "arn:aws:elasticloadbalancing:eu-central-1:557403669124:targetgroup/blue-tg-lb/8c46d0c9e4122bd8-20221024102202559900000019",
            "port": 80,
            "target_group_arn": "arn:aws:elasticloadbalancing:eu-central-1:557403669124:targetgroup/blue-tg-lb/8c46d0c9e4122bd8",
            "target_id": "i-0e96618290d8fe9d7"
          },
          "sensitive_attributes": [],
          "private": "bnVsbA==",
          "dependencies": [
            "aws_instance.blue",
            "aws_lb_target_group.blue",
            "aws_security_group.ssh-allowed",
            "aws_subnet.bg-subnet-pub-1",
            "aws_vpc.bluegreen"
          ]
        },
        {
          "index_key": 41,
          "schema_version": 0,
          "attributes": {
            "availability_zone": null,
            "id": "arn:aws:elasticloadbalancing:eu-central-1:557403669124:targetgroup/blue-tg-lb/8c46d0c9e4122bd8-2022102410220224840000000d",
            "port": 80,
            "target_group_arn": "arn:aws:elasticloadbalancing:eu-central-1:557403669124:targetgroup/blue-tg-lb/8c46d0c9e4122bd8",
            "target_id": "i-0e96618290d8fe9d7"
          },
          "sensitive_attributes": [],
          "private": "bnVsbA==",
          "dependencies": [
            "aws_instance.blue",
            "aws_lb_target_group.blue",
            "aws_security_group.ssh-allowed",
            "aws_subnet.bg-subnet-pub-1",
            "aws_vpc.bluegreen"
          ]
        },
        {
          "index_key": 42,
          "schema_version": 0,
          "attributes": {
            "availability_zone": null,
            "id": "arn:aws:elasticloadbalancing:eu-central-1:557403669124:targetgroup/blue-tg-lb/8c46d0c9e4122bd8-20221024102202136700000004",
            "port": 80,
            "target_group_arn": "arn:aws:elasticloadbalancing:eu-central-1:557403669124:targetgroup/blue-tg-lb/8c46d0c9e4122bd8",
            "target_id": "i-0e96618290d8fe9d7"
          },
          "sensitive_attributes": [],
          "private": "bnVsbA==",
          "dependencies": [
            "aws_instance.blue",
            "aws_lb_target_group.blue",
            "aws_security_group.ssh-allowed",
            "aws_subnet.bg-subnet-pub-1",
            "aws_vpc.bluegreen"
          ]
        },
        {
          "index_key": 43,
          "schema_version": 0,
          "attributes": {
            "availability_zone": null,
            "id": "arn:aws:elasticloadbalancing:eu-central-1:557403669124:targetgroup/blue-tg-lb/8c46d0c9e4122bd8-2022102410220259630000001a",
            "port": 80,
            "target_group_arn": "arn:aws:elasticloadbalancing:eu-central-1:557403669124:targetgroup/blue-tg-lb/8c46d0c9e4122bd8",
            "target_id": "i-0e96618290d8fe9d7"
          },
          "sensitive_attributes": [],
          "private": "bnVsbA==",
          "dependencies": [
            "aws_instance.blue",
            "aws_lb_target_group.blue",
            "aws_security_group.ssh-allowed",
            "aws_subnet.bg-subnet-pub-1",
            "aws_vpc.bluegreen"
          ]
        },
        {
          "index_key": 44,
          "schema_version": 0,
          "attributes": {
            "availability_zone": null,
            "id": "arn:aws:elasticloadbalancing:eu-central-1:557403669124:targetgroup/blue-tg-lb/8c46d0c9e4122bd8-20221024102202417700000012",
            "port": 80,
            "target_group_arn": "arn:aws:elasticloadbalancing:eu-central-1:557403669124:targetgroup/blue-tg-lb/8c46d0c9e4122bd8",
            "target_id": "i-0e96618290d8fe9d7"
          },
          "sensitive_attributes": [],
          "private": "bnVsbA==",
          "dependencies": [
            "aws_instance.blue",
            "aws_lb_target_group.blue",
            "aws_security_group.ssh-allowed",
            "aws_subnet.bg-subnet-pub-1",
            "aws_vpc.bluegreen"
          ]
        },
        {
          "index_key": 45,
          "schema_version": 0,
          "attributes": {
            "availability_zone": null,
            "id": "arn:aws:elasticloadbalancing:eu-central-1:557403669124:targetgroup/blue-tg-lb/8c46d0c9e4122bd8-20221024102202698000000022",
            "port": 80,
            "target_group_arn": "arn:aws:elasticloadbalancing:eu-central-1:557403669124:targetgroup/blue-tg-lb/8c46d0c9e4122bd8",
            "target_id": "i-0e96618290d8fe9d7"
          },
          "sensitive_attributes": [],
          "private": "bnVsbA==",
          "dependencies": [
            "aws_instance.blue",
            "aws_lb_target_group.blue",
            "aws_security_group.ssh-allowed",
            "aws_subnet.bg-subnet-pub-1",
            "aws_vpc.bluegreen"
          ]
        },
        {
          "index_key": 46,
          "schema_version": 0,
          "attributes": {
            "availability_zone": null,
            "id": "arn:aws:elasticloadbalancing:eu-central-1:557403669124:targetgroup/blue-tg-lb/8c46d0c9e4122bd8-2022102410220265840000001e",
            "port": 80,
            "target_group_arn": "arn:aws:elasticloadbalancing:eu-central-1:557403669124:targetgroup/blue-tg-lb/8c46d0c9e4122bd8",
            "target_id": "i-0e96618290d8fe9d7"
          },
          "sensitive_attributes": [],
          "private": "bnVsbA==",
          "dependencies": [
            "aws_instance.blue",
            "aws_lb_target_group.blue",
            "aws_security_group.ssh-allowed",
            "aws_subnet.bg-subnet-pub-1",
            "aws_vpc.bluegreen"
          ]
        },
        {
          "index_key": 47,
          "schema_version": 0,
          "attributes": {
            "availability_zone": null,
            "id": "arn:aws:elasticloadbalancing:eu-central-1:557403669124:targetgroup/blue-tg-lb/8c46d0c9e4122bd8-2022102410220223010000000a",
            "port": 80,
            "target_group_arn": "arn:aws:elasticloadbalancing:eu-central-1:557403669124:targetgroup/blue-tg-lb/8c46d0c9e4122bd8",
            "target_id": "i-0e96618290d8fe9d7"
          },
          "sensitive_attributes": [],
          "private": "bnVsbA==",
          "dependencies": [
            "aws_instance.blue",
            "aws_lb_target_group.blue",
            "aws_security_group.ssh-allowed",
            "aws_subnet.bg-subnet-pub-1",
            "aws_vpc.bluegreen"
          ]
        },
        {
          "index_key": 48,
          "schema_version": 0,
          "attributes": {
            "availability_zone": null,
            "id": "arn:aws:elasticloadbalancing:eu-central-1:557403669124:targetgroup/blue-tg-lb/8c46d0c9e4122bd8-20221024102202407600000010",
            "port": 80,
            "target_group_arn": "arn:aws:elasticloadbalancing:eu-central-1:557403669124:targetgroup/blue-tg-lb/8c46d0c9e4122bd8",
            "target_id": "i-0e96618290d8fe9d7"
          },
          "sensitive_attributes": [],
          "private": "bnVsbA==",
          "dependencies": [
            "aws_instance.blue",
            "aws_lb_target_group.blue",
            "aws_security_group.ssh-allowed",
            "aws_subnet.bg-subnet-pub-1",
            "aws_vpc.bluegreen"
          ]
        },
        {
          "index_key": 49,
          "schema_version": 0,
          "attributes": {
            "availability_zone": null,
            "id": "arn:aws:elasticloadbalancing:eu-central-1:557403669124:targetgroup/blue-tg-lb/8c46d0c9e4122bd8-20221024102202176500000006",
            "port": 80,
            "target_group_arn": "arn:aws:elasticloadbalancing:eu-central-1:557403669124:targetgroup/blue-tg-lb/8c46d0c9e4122bd8",
            "target_id": "i-0e96618290d8fe9d7"
          },
          "sensitive_attributes": [],
          "private": "bnVsbA==",
          "dependencies": [
            "aws_instance.blue",
            "aws_lb_target_group.blue",
            "aws_security_group.ssh-allowed",
            "aws_subnet.bg-subnet-pub-1",
            "aws_vpc.bluegreen"
          ]
        },
        {
          "index_key": 50,
          "schema_version": 0,
          "attributes": {
            "availability_zone": null,
            "id": "arn:aws:elasticloadbalancing:eu-central-1:557403669124:targetgroup/blue-tg-lb/8c46d0c9e4122bd8-20221024102202176100000005",
            "port": 80,
            "target_group_arn": "arn:aws:elasticloadbalancing:eu-central-1:557403669124:targetgroup/blue-tg-lb/8c46d0c9e4122bd8",
            "target_id": "i-0e96618290d8fe9d7"
          },
          "sensitive_attributes": [],
          "private": "bnVsbA==",
          "dependencies": [
            "aws_instance.blue",
            "aws_lb_target_group.blue",
            "aws_security_group.ssh-allowed",
            "aws_subnet.bg-subnet-pub-1",
            "aws_vpc.bluegreen"
          ]
        },
        {
          "index_key": 51,
          "schema_version": 0,
          "attributes": {
            "availability_zone": null,
            "id": "arn:aws:elasticloadbalancing:eu-central-1:557403669124:targetgroup/blue-tg-lb/8c46d0c9e4122bd8-20221024102202085300000003",
            "port": 80,
            "target_group_arn": "arn:aws:elasticloadbalancing:eu-central-1:557403669124:targetgroup/blue-tg-lb/8c46d0c9e4122bd8",
            "target_id": "i-0e96618290d8fe9d7"
          },
          "sensitive_attributes": [],
          "private": "bnVsbA==",
          "dependencies": [
            "aws_instance.blue",
            "aws_lb_target_group.blue",
            "aws_security_group.ssh-allowed",
            "aws_subnet.bg-subnet-pub-1",
            "aws_vpc.bluegreen"
          ]
        },
        {
          "index_key": 52,
          "schema_version": 0,
          "attributes": {
            "availability_zone": null,
            "id": "arn:aws:elasticloadbalancing:eu-central-1:557403669124:targetgroup/blue-tg-lb/8c46d0c9e4122bd8-2022102410220871550000002e",
            "port": 80,
            "target_group_arn": "arn:aws:elasticloadbalancing:eu-central-1:557403669124:targetgroup/blue-tg-lb/8c46d0c9e4122bd8",
            "target_id": "i-0e96618290d8fe9d7"
          },
          "sensitive_attributes": [],
          "private": "bnVsbA==",
          "dependencies": [
            "aws_instance.blue",
            "aws_lb_target_group.blue",
            "aws_security_group.ssh-allowed",
            "aws_subnet.bg-subnet-pub-1",
            "aws_vpc.bluegreen"
          ]
        },
        {
          "index_key": 53,
          "schema_version": 0,
          "attributes": {
            "availability_zone": null,
            "id": "arn:aws:elasticloadbalancing:eu-central-1:557403669124:targetgroup/blue-tg-lb/8c46d0c9e4122bd8-2022102410220261780000001b",
            "port": 80,
            "target_group_arn": "arn:aws:elasticloadbalancing:eu-central-1:557403669124:targetgroup/blue-tg-lb/8c46d0c9e4122bd8",
            "target_id": "i-0e96618290d8fe9d7"
          },
          "sensitive_attributes": [],
          "private": "bnVsbA==",
          "dependencies": [
            "aws_instance.blue",
            "aws_lb_target_group.blue",
            "aws_security_group.ssh-allowed",
            "aws_subnet.bg-subnet-pub-1",
            "aws_vpc.bluegreen"
          ]
        },
        {
          "index_key": 54,
          "schema_version": 0,
          "attributes": {
            "availability_zone": null,
            "id": "arn:aws:elasticloadbalancing:eu-central-1:557403669124:targetgroup/blue-tg-lb/8c46d0c9e4122bd8-20221024102209102600000037",
            "port": 80,
            "target_group_arn": "arn:aws:elasticloadbalancing:eu-central-1:557403669124:targetgroup/blue-tg-lb/8c46d0c9e4122bd8",
            "target_id": "i-0e96618290d8fe9d7"
          },
          "sensitive_attributes": [],
          "private": "bnVsbA==",
          "dependencies": [
            "aws_instance.blue",
            "aws_lb_target_group.blue",
            "aws_security_group.ssh-allowed",
            "aws_subnet.bg-subnet-pub-1",
            "aws_vpc.bluegreen"
          ]
        }
      ]
    },
    {
      "mode": "managed",
      "type": "aws_lb_target_group_attachment",
      "name": "green",
      "provider": "provider[\"registry.terraform.io/hashicorp/aws\"]",
      "instances": [
        {
          "index_key": 0,
          "schema_version": 0,
          "attributes": {
            "availability_zone": null,
            "id": "arn:aws:elasticloadbalancing:eu-central-1:557403669124:targetgroup/green-tg-lb/797ba23978e3d28e-20221024102222176300000064",
            "port": 80,
            "target_group_arn": "arn:aws:elasticloadbalancing:eu-central-1:557403669124:targetgroup/green-tg-lb/797ba23978e3d28e",
            "target_id": "i-04dfc8b0cec6f2679"
          },
          "sensitive_attributes": [],
          "private": "bnVsbA==",
          "dependencies": [
            "aws_instance.green",
            "aws_lb_target_group.green",
            "aws_security_group.ssh-allowed",
            "aws_subnet.bg-subnet-pub-1",
            "aws_vpc.bluegreen"
          ]
        },
        {
          "index_key": 1,
          "schema_version": 0,
          "attributes": {
            "availability_zone": null,
            "id": "arn:aws:elasticloadbalancing:eu-central-1:557403669124:targetgroup/green-tg-lb/797ba23978e3d28e-2022102410221858350000005f",
            "port": 80,
            "target_group_arn": "arn:aws:elasticloadbalancing:eu-central-1:557403669124:targetgroup/green-tg-lb/797ba23978e3d28e",
            "target_id": "i-04dfc8b0cec6f2679"
          },
          "sensitive_attributes": [],
          "private": "bnVsbA==",
          "dependencies": [
            "aws_instance.green",
            "aws_lb_target_group.green",
            "aws_security_group.ssh-allowed",
            "aws_subnet.bg-subnet-pub-1",
            "aws_vpc.bluegreen"
          ]
        },
        {
          "index_key": 2,
          "schema_version": 0,
          "attributes": {
            "availability_zone": null,
            "id": "arn:aws:elasticloadbalancing:eu-central-1:557403669124:targetgroup/green-tg-lb/797ba23978e3d28e-2022102410221178710000003d",
            "port": 80,
            "target_group_arn": "arn:aws:elasticloadbalancing:eu-central-1:557403669124:targetgroup/green-tg-lb/797ba23978e3d28e",
            "target_id": "i-04dfc8b0cec6f2679"
          },
          "sensitive_attributes": [],
          "private": "bnVsbA==",
          "dependencies": [
            "aws_instance.green",
            "aws_lb_target_group.green",
            "aws_security_group.ssh-allowed",
            "aws_subnet.bg-subnet-pub-1",
            "aws_vpc.bluegreen"
          ]
        },
        {
          "index_key": 3,
          "schema_version": 0,
          "attributes": {
            "availability_zone": null,
            "id": "arn:aws:elasticloadbalancing:eu-central-1:557403669124:targetgroup/green-tg-lb/797ba23978e3d28e-20221024102211904500000040",
            "port": 80,
            "target_group_arn": "arn:aws:elasticloadbalancing:eu-central-1:557403669124:targetgroup/green-tg-lb/797ba23978e3d28e",
            "target_id": "i-04dfc8b0cec6f2679"
          },
          "sensitive_attributes": [],
          "private": "bnVsbA==",
          "dependencies": [
            "aws_instance.green",
            "aws_lb_target_group.green",
            "aws_security_group.ssh-allowed",
            "aws_subnet.bg-subnet-pub-1",
            "aws_vpc.bluegreen"
          ]
        },
        {
          "index_key": 4,
          "schema_version": 0,
          "attributes": {
            "availability_zone": null,
            "id": "arn:aws:elasticloadbalancing:eu-central-1:557403669124:targetgroup/green-tg-lb/797ba23978e3d28e-20221024102221313100000062",
            "port": 80,
            "target_group_arn": "arn:aws:elasticloadbalancing:eu-central-1:557403669124:targetgroup/green-tg-lb/797ba23978e3d28e",
            "target_id": "i-04dfc8b0cec6f2679"
          },
          "sensitive_attributes": [],
          "private": "bnVsbA==",
          "dependencies": [
            "aws_instance.green",
            "aws_lb_target_group.green",
            "aws_security_group.ssh-allowed",
            "aws_subnet.bg-subnet-pub-1",
            "aws_vpc.bluegreen"
          ]
        },
        {
          "index_key": 5,
          "schema_version": 0,
          "attributes": {
            "availability_zone": null,
            "id": "arn:aws:elasticloadbalancing:eu-central-1:557403669124:targetgroup/green-tg-lb/797ba23978e3d28e-20221024102218104100000056",
            "port": 80,
            "target_group_arn": "arn:aws:elasticloadbalancing:eu-central-1:557403669124:targetgroup/green-tg-lb/797ba23978e3d28e",
            "target_id": "i-04dfc8b0cec6f2679"
          },
          "sensitive_attributes": [],
          "private": "bnVsbA==",
          "dependencies": [
            "aws_instance.green",
            "aws_lb_target_group.green",
            "aws_security_group.ssh-allowed",
            "aws_subnet.bg-subnet-pub-1",
            "aws_vpc.bluegreen"
          ]
        },
        {
          "index_key": 6,
          "schema_version": 0,
          "attributes": {
            "availability_zone": null,
            "id": "arn:aws:elasticloadbalancing:eu-central-1:557403669124:targetgroup/green-tg-lb/797ba23978e3d28e-20221024102209033100000035",
            "port": 80,
            "target_group_arn": "arn:aws:elasticloadbalancing:eu-central-1:557403669124:targetgroup/green-tg-lb/797ba23978e3d28e",
            "target_id": "i-04dfc8b0cec6f2679"
          },
          "sensitive_attributes": [],
          "private": "bnVsbA==",
          "dependencies": [
            "aws_instance.green",
            "aws_lb_target_group.green",
            "aws_security_group.ssh-allowed",
            "aws_subnet.bg-subnet-pub-1",
            "aws_vpc.bluegreen"
          ]
        },
        {
          "index_key": 7,
          "schema_version": 0,
          "attributes": {
            "availability_zone": null,
            "id": "arn:aws:elasticloadbalancing:eu-central-1:557403669124:targetgroup/green-tg-lb/797ba23978e3d28e-20221024102212065900000043",
            "port": 80,
            "target_group_arn": "arn:aws:elasticloadbalancing:eu-central-1:557403669124:targetgroup/green-tg-lb/797ba23978e3d28e",
            "target_id": "i-04dfc8b0cec6f2679"
          },
          "sensitive_attributes": [],
          "private": "bnVsbA==",
          "dependencies": [
            "aws_instance.green",
            "aws_lb_target_group.green",
            "aws_security_group.ssh-allowed",
            "aws_subnet.bg-subnet-pub-1",
            "aws_vpc.bluegreen"
          ]
        },
        {
          "index_key": 8,
          "schema_version": 0,
          "attributes": {
            "availability_zone": null,
            "id": "arn:aws:elasticloadbalancing:eu-central-1:557403669124:targetgroup/green-tg-lb/797ba23978e3d28e-20221024102222322900000065",
            "port": 80,
            "target_group_arn": "arn:aws:elasticloadbalancing:eu-central-1:557403669124:targetgroup/green-tg-lb/797ba23978e3d28e",
            "target_id": "i-04dfc8b0cec6f2679"
          },
          "sensitive_attributes": [],
          "private": "bnVsbA==",
          "dependencies": [
            "aws_instance.green",
            "aws_lb_target_group.green",
            "aws_security_group.ssh-allowed",
            "aws_subnet.bg-subnet-pub-1",
            "aws_vpc.bluegreen"
          ]
        },
        {
          "index_key": 9,
          "schema_version": 0,
          "attributes": {
            "availability_zone": null,
            "id": "arn:aws:elasticloadbalancing:eu-central-1:557403669124:targetgroup/green-tg-lb/797ba23978e3d28e-2022102410221826500000005a",
            "port": 80,
            "target_group_arn": "arn:aws:elasticloadbalancing:eu-central-1:557403669124:targetgroup/green-tg-lb/797ba23978e3d28e",
            "target_id": "i-04dfc8b0cec6f2679"
          },
          "sensitive_attributes": [],
          "private": "bnVsbA==",
          "dependencies": [
            "aws_instance.green",
            "aws_lb_target_group.green",
            "aws_security_group.ssh-allowed",
            "aws_subnet.bg-subnet-pub-1",
            "aws_vpc.bluegreen"
          ]
        },
        {
          "index_key": 10,
          "schema_version": 0,
          "attributes": {
            "availability_zone": null,
            "id": "arn:aws:elasticloadbalancing:eu-central-1:557403669124:targetgroup/green-tg-lb/797ba23978e3d28e-20221024102217824700000050",
            "port": 80,
            "target_group_arn": "arn:aws:elasticloadbalancing:eu-central-1:557403669124:targetgroup/green-tg-lb/797ba23978e3d28e",
            "target_id": "i-04dfc8b0cec6f2679"
          },
          "sensitive_attributes": [],
          "private": "bnVsbA==",
          "dependencies": [
            "aws_instance.green",
            "aws_lb_target_group.green",
            "aws_security_group.ssh-allowed",
            "aws_subnet.bg-subnet-pub-1",
            "aws_vpc.bluegreen"
          ]
        },
        {
          "index_key": 11,
          "schema_version": 0,
          "attributes": {
            "availability_zone": null,
            "id": "arn:aws:elasticloadbalancing:eu-central-1:557403669124:targetgroup/green-tg-lb/797ba23978e3d28e-20221024102212244500000047",
            "port": 80,
            "target_group_arn": "arn:aws:elasticloadbalancing:eu-central-1:557403669124:targetgroup/green-tg-lb/797ba23978e3d28e",
            "target_id": "i-04dfc8b0cec6f2679"
          },
          "sensitive_attributes": [],
          "private": "bnVsbA==",
          "dependencies": [
            "aws_instance.green",
            "aws_lb_target_group.green",
            "aws_security_group.ssh-allowed",
            "aws_subnet.bg-subnet-pub-1",
            "aws_vpc.bluegreen"
          ]
        },
        {
          "index_key": 12,
          "schema_version": 0,
          "attributes": {
            "availability_zone": null,
            "id": "arn:aws:elasticloadbalancing:eu-central-1:557403669124:targetgroup/green-tg-lb/797ba23978e3d28e-2022102410221761190000004e",
            "port": 80,
            "target_group_arn": "arn:aws:elasticloadbalancing:eu-central-1:557403669124:targetgroup/green-tg-lb/797ba23978e3d28e",
            "target_id": "i-04dfc8b0cec6f2679"
          },
          "sensitive_attributes": [],
          "private": "bnVsbA==",
          "dependencies": [
            "aws_instance.green",
            "aws_lb_target_group.green",
            "aws_security_group.ssh-allowed",
            "aws_subnet.bg-subnet-pub-1",
            "aws_vpc.bluegreen"
          ]
        },
        {
          "index_key": 13,
          "schema_version": 0,
          "attributes": {
            "availability_zone": null,
            "id": "arn:aws:elasticloadbalancing:eu-central-1:557403669124:targetgroup/green-tg-lb/797ba23978e3d28e-20221024102218082200000055",
            "port": 80,
            "target_group_arn": "arn:aws:elasticloadbalancing:eu-central-1:557403669124:targetgroup/green-tg-lb/797ba23978e3d28e",
            "target_id": "i-04dfc8b0cec6f2679"
          },
          "sensitive_attributes": [],
          "private": "bnVsbA==",
          "dependencies": [
            "aws_instance.green",
            "aws_lb_target_group.green",
            "aws_security_group.ssh-allowed",
            "aws_subnet.bg-subnet-pub-1",
            "aws_vpc.bluegreen"
          ]
        },
        {
          "index_key": 14,
          "schema_version": 0,
          "attributes": {
            "availability_zone": null,
            "id": "arn:aws:elasticloadbalancing:eu-central-1:557403669124:targetgroup/green-tg-lb/797ba23978e3d28e-20221024102218024300000054",
            "port": 80,
            "target_group_arn": "arn:aws:elasticloadbalancing:eu-central-1:557403669124:targetgroup/green-tg-lb/797ba23978e3d28e",
            "target_id": "i-04dfc8b0cec6f2679"
          },
          "sensitive_attributes": [],
          "private": "bnVsbA==",
          "dependencies": [
            "aws_instance.green",
            "aws_lb_target_group.green",
            "aws_security_group.ssh-allowed",
            "aws_subnet.bg-subnet-pub-1",
            "aws_vpc.bluegreen"
          ]
        },
        {
          "index_key": 15,
          "schema_version": 0,
          "attributes": {
            "availability_zone": null,
            "id": "arn:aws:elasticloadbalancing:eu-central-1:557403669124:targetgroup/green-tg-lb/797ba23978e3d28e-20221024102217963100000052",
            "port": 80,
            "target_group_arn": "arn:aws:elasticloadbalancing:eu-central-1:557403669124:targetgroup/green-tg-lb/797ba23978e3d28e",
            "target_id": "i-04dfc8b0cec6f2679"
          },
          "sensitive_attributes": [],
          "private": "bnVsbA==",
          "dependencies": [
            "aws_instance.green",
            "aws_lb_target_group.green",
            "aws_security_group.ssh-allowed",
            "aws_subnet.bg-subnet-pub-1",
            "aws_vpc.bluegreen"
          ]
        },
        {
          "index_key": 16,
          "schema_version": 0,
          "attributes": {
            "availability_zone": null,
            "id": "arn:aws:elasticloadbalancing:eu-central-1:557403669124:targetgroup/green-tg-lb/797ba23978e3d28e-20221024102222173200000063",
            "port": 80,
            "target_group_arn": "arn:aws:elasticloadbalancing:eu-central-1:557403669124:targetgroup/green-tg-lb/797ba23978e3d28e",
            "target_id": "i-04dfc8b0cec6f2679"
          },
          "sensitive_attributes": [],
          "private": "bnVsbA==",
          "dependencies": [
            "aws_instance.green",
            "aws_lb_target_group.green",
            "aws_security_group.ssh-allowed",
            "aws_subnet.bg-subnet-pub-1",
            "aws_vpc.bluegreen"
          ]
        },
        {
          "index_key": 17,
          "schema_version": 0,
          "attributes": {
            "availability_zone": null,
            "id": "arn:aws:elasticloadbalancing:eu-central-1:557403669124:targetgroup/green-tg-lb/797ba23978e3d28e-20221024102211578900000038",
            "port": 80,
            "target_group_arn": "arn:aws:elasticloadbalancing:eu-central-1:557403669124:targetgroup/green-tg-lb/797ba23978e3d28e",
            "target_id": "i-04dfc8b0cec6f2679"
          },
          "sensitive_attributes": [],
          "private": "bnVsbA==",
          "dependencies": [
            "aws_instance.green",
            "aws_lb_target_group.green",
            "aws_security_group.ssh-allowed",
            "aws_subnet.bg-subnet-pub-1",
            "aws_vpc.bluegreen"
          ]
        },
        {
          "index_key": 18,
          "schema_version": 0,
          "attributes": {
            "availability_zone": null,
            "id": "arn:aws:elasticloadbalancing:eu-central-1:557403669124:targetgroup/green-tg-lb/797ba23978e3d28e-20221024102218223200000059",
            "port": 80,
            "target_group_arn": "arn:aws:elasticloadbalancing:eu-central-1:557403669124:targetgroup/green-tg-lb/797ba23978e3d28e",
            "target_id": "i-04dfc8b0cec6f2679"
          },
          "sensitive_attributes": [],
          "private": "bnVsbA==",
          "dependencies": [
            "aws_instance.green",
            "aws_lb_target_group.green",
            "aws_security_group.ssh-allowed",
            "aws_subnet.bg-subnet-pub-1",
            "aws_vpc.bluegreen"
          ]
        },
        {
          "index_key": 19,
          "schema_version": 0,
          "attributes": {
            "availability_zone": null,
            "id": "arn:aws:elasticloadbalancing:eu-central-1:557403669124:targetgroup/green-tg-lb/797ba23978e3d28e-2022102410222706450000006d",
            "port": 80,
            "target_group_arn": "arn:aws:elasticloadbalancing:eu-central-1:557403669124:targetgroup/green-tg-lb/797ba23978e3d28e",
            "target_id": "i-04dfc8b0cec6f2679"
          },
          "sensitive_attributes": [],
          "private": "bnVsbA==",
          "dependencies": [
            "aws_instance.green",
            "aws_lb_target_group.green",
            "aws_security_group.ssh-allowed",
            "aws_subnet.bg-subnet-pub-1",
            "aws_vpc.bluegreen"
          ]
        },
        {
          "index_key": 20,
          "schema_version": 0,
          "attributes": {
            "availability_zone": null,
            "id": "arn:aws:elasticloadbalancing:eu-central-1:557403669124:targetgroup/green-tg-lb/797ba23978e3d28e-2022102410221173120000003b",
            "port": 80,
            "target_group_arn": "arn:aws:elasticloadbalancing:eu-central-1:557403669124:targetgroup/green-tg-lb/797ba23978e3d28e",
            "target_id": "i-04dfc8b0cec6f2679"
          },
          "sensitive_attributes": [],
          "private": "bnVsbA==",
          "dependencies": [
            "aws_instance.green",
            "aws_lb_target_group.green",
            "aws_security_group.ssh-allowed",
            "aws_subnet.bg-subnet-pub-1",
            "aws_vpc.bluegreen"
          ]
        },
        {
          "index_key": 21,
          "schema_version": 0,
          "attributes": {
            "availability_zone": null,
            "id": "arn:aws:elasticloadbalancing:eu-central-1:557403669124:targetgroup/green-tg-lb/797ba23978e3d28e-20221024102217885100000051",
            "port": 80,
            "target_group_arn": "arn:aws:elasticloadbalancing:eu-central-1:557403669124:targetgroup/green-tg-lb/797ba23978e3d28e",
            "target_id": "i-04dfc8b0cec6f2679"
          },
          "sensitive_attributes": [],
          "private": "bnVsbA==",
          "dependencies": [
            "aws_instance.green",
            "aws_lb_target_group.green",
            "aws_security_group.ssh-allowed",
            "aws_subnet.bg-subnet-pub-1",
            "aws_vpc.bluegreen"
          ]
        },
        {
          "index_key": 22,
          "schema_version": 0,
          "attributes": {
            "availability_zone": null,
            "id": "arn:aws:elasticloadbalancing:eu-central-1:557403669124:targetgroup/green-tg-lb/797ba23978e3d28e-20221024102217965800000053",
            "port": 80,
            "target_group_arn": "arn:aws:elasticloadbalancing:eu-central-1:557403669124:targetgroup/green-tg-lb/797ba23978e3d28e",
            "target_id": "i-04dfc8b0cec6f2679"
          },
          "sensitive_attributes": [],
          "private": "bnVsbA==",
          "dependencies": [
            "aws_instance.green",
            "aws_lb_target_group.green",
            "aws_security_group.ssh-allowed",
            "aws_subnet.bg-subnet-pub-1",
            "aws_vpc.bluegreen"
          ]
        },
        {
          "index_key": 23,
          "schema_version": 0,
          "attributes": {
            "availability_zone": null,
            "id": "arn:aws:elasticloadbalancing:eu-central-1:557403669124:targetgroup/green-tg-lb/797ba23978e3d28e-20221024102212248500000048",
            "port": 80,
            "target_group_arn": "arn:aws:elasticloadbalancing:eu-central-1:557403669124:targetgroup/green-tg-lb/797ba23978e3d28e",
            "target_id": "i-04dfc8b0cec6f2679"
          },
          "sensitive_attributes": [],
          "private": "bnVsbA==",
          "dependencies": [
            "aws_instance.green",
            "aws_lb_target_group.green",
            "aws_security_group.ssh-allowed",
            "aws_subnet.bg-subnet-pub-1",
            "aws_vpc.bluegreen"
          ]
        },
        {
          "index_key": 24,
          "schema_version": 0,
          "attributes": {
            "availability_zone": null,
            "id": "arn:aws:elasticloadbalancing:eu-central-1:557403669124:targetgroup/green-tg-lb/797ba23978e3d28e-2022102410222477610000006b",
            "port": 80,
            "target_group_arn": "arn:aws:elasticloadbalancing:eu-central-1:557403669124:targetgroup/green-tg-lb/797ba23978e3d28e",
            "target_id": "i-04dfc8b0cec6f2679"
          },
          "sensitive_attributes": [],
          "private": "bnVsbA==",
          "dependencies": [
            "aws_instance.green",
            "aws_lb_target_group.green",
            "aws_security_group.ssh-allowed",
            "aws_subnet.bg-subnet-pub-1",
            "aws_vpc.bluegreen"
          ]
        },
        {
          "index_key": 25,
          "schema_version": 0,
          "attributes": {
            "availability_zone": null,
            "id": "arn:aws:elasticloadbalancing:eu-central-1:557403669124:targetgroup/green-tg-lb/797ba23978e3d28e-20221024102223001100000068",
            "port": 80,
            "target_group_arn": "arn:aws:elasticloadbalancing:eu-central-1:557403669124:targetgroup/green-tg-lb/797ba23978e3d28e",
            "target_id": "i-04dfc8b0cec6f2679"
          },
          "sensitive_attributes": [],
          "private": "bnVsbA==",
          "dependencies": [
            "aws_instance.green",
            "aws_lb_target_group.green",
            "aws_security_group.ssh-allowed",
            "aws_subnet.bg-subnet-pub-1",
            "aws_vpc.bluegreen"
          ]
        },
        {
          "index_key": 26,
          "schema_version": 0,
          "attributes": {
            "availability_zone": null,
            "id": "arn:aws:elasticloadbalancing:eu-central-1:557403669124:targetgroup/green-tg-lb/797ba23978e3d28e-2022102410221168790000003a",
            "port": 80,
            "target_group_arn": "arn:aws:elasticloadbalancing:eu-central-1:557403669124:targetgroup/green-tg-lb/797ba23978e3d28e",
            "target_id": "i-04dfc8b0cec6f2679"
          },
          "sensitive_attributes": [],
          "private": "bnVsbA==",
          "dependencies": [
            "aws_instance.green",
            "aws_lb_target_group.green",
            "aws_security_group.ssh-allowed",
            "aws_subnet.bg-subnet-pub-1",
            "aws_vpc.bluegreen"
          ]
        },
        {
          "index_key": 27,
          "schema_version": 0,
          "attributes": {
            "availability_zone": null,
            "id": "arn:aws:elasticloadbalancing:eu-central-1:557403669124:targetgroup/green-tg-lb/797ba23978e3d28e-20221024102208973800000033",
            "port": 80,
            "target_group_arn": "arn:aws:elasticloadbalancing:eu-central-1:557403669124:targetgroup/green-tg-lb/797ba23978e3d28e",
            "target_id": "i-04dfc8b0cec6f2679"
          },
          "sensitive_attributes": [],
          "private": "bnVsbA==",
          "dependencies": [
            "aws_instance.green",
            "aws_lb_target_group.green",
            "aws_security_group.ssh-allowed",
            "aws_subnet.bg-subnet-pub-1",
            "aws_vpc.bluegreen"
          ]
        },
        {
          "index_key": 28,
          "schema_version": 0,
          "attributes": {
            "availability_zone": null,
            "id": "arn:aws:elasticloadbalancing:eu-central-1:557403669124:targetgroup/green-tg-lb/797ba23978e3d28e-2022102410221845690000005d",
            "port": 80,
            "target_group_arn": "arn:aws:elasticloadbalancing:eu-central-1:557403669124:targetgroup/green-tg-lb/797ba23978e3d28e",
            "target_id": "i-04dfc8b0cec6f2679"
          },
          "sensitive_attributes": [],
          "private": "bnVsbA==",
          "dependencies": [
            "aws_instance.green",
            "aws_lb_target_group.green",
            "aws_security_group.ssh-allowed",
            "aws_subnet.bg-subnet-pub-1",
            "aws_vpc.bluegreen"
          ]
        },
        {
          "index_key": 29,
          "schema_version": 0,
          "attributes": {
            "availability_zone": null,
            "id": "arn:aws:elasticloadbalancing:eu-central-1:557403669124:targetgroup/green-tg-lb/797ba23978e3d28e-20221024102222341400000066",
            "port": 80,
            "target_group_arn": "arn:aws:elasticloadbalancing:eu-central-1:557403669124:targetgroup/green-tg-lb/797ba23978e3d28e",
            "target_id": "i-04dfc8b0cec6f2679"
          },
          "sensitive_attributes": [],
          "private": "bnVsbA==",
          "dependencies": [
            "aws_instance.green",
            "aws_lb_target_group.green",
            "aws_security_group.ssh-allowed",
            "aws_subnet.bg-subnet-pub-1",
            "aws_vpc.bluegreen"
          ]
        },
        {
          "index_key": 30,
          "schema_version": 0,
          "attributes": {
            "availability_zone": null,
            "id": "arn:aws:elasticloadbalancing:eu-central-1:557403669124:targetgroup/green-tg-lb/797ba23978e3d28e-20221024102221254100000061",
            "port": 80,
            "target_group_arn": "arn:aws:elasticloadbalancing:eu-central-1:557403669124:targetgroup/green-tg-lb/797ba23978e3d28e",
            "target_id": "i-04dfc8b0cec6f2679"
          },
          "sensitive_attributes": [],
          "private": "bnVsbA==",
          "dependencies": [
            "aws_instance.green",
            "aws_lb_target_group.green",
            "aws_security_group.ssh-allowed",
            "aws_subnet.bg-subnet-pub-1",
            "aws_vpc.bluegreen"
          ]
        },
        {
          "index_key": 31,
          "schema_version": 0,
          "attributes": {
            "availability_zone": null,
            "id": "arn:aws:elasticloadbalancing:eu-central-1:557403669124:targetgroup/green-tg-lb/797ba23978e3d28e-20221024102218648000000060",
            "port": 80,
            "target_group_arn": "arn:aws:elasticloadbalancing:eu-central-1:557403669124:targetgroup/green-tg-lb/797ba23978e3d28e",
            "target_id": "i-04dfc8b0cec6f2679"
          },
          "sensitive_attributes": [],
          "private": "bnVsbA==",
          "dependencies": [
            "aws_instance.green",
            "aws_lb_target_group.green",
            "aws_security_group.ssh-allowed",
            "aws_subnet.bg-subnet-pub-1",
            "aws_vpc.bluegreen"
          ]
        },
        {
          "index_key": 32,
          "schema_version": 0,
          "attributes": {
            "availability_zone": null,
            "id": "arn:aws:elasticloadbalancing:eu-central-1:557403669124:targetgroup/green-tg-lb/797ba23978e3d28e-20221024102211646000000039",
            "port": 80,
            "target_group_arn": "arn:aws:elasticloadbalancing:eu-central-1:557403669124:targetgroup/green-tg-lb/797ba23978e3d28e",
            "target_id": "i-04dfc8b0cec6f2679"
          },
          "sensitive_attributes": [],
          "private": "bnVsbA==",
          "dependencies": [
            "aws_instance.green",
            "aws_lb_target_group.green",
            "aws_security_group.ssh-allowed",
            "aws_subnet.bg-subnet-pub-1",
            "aws_vpc.bluegreen"
          ]
        },
        {
          "index_key": 33,
          "schema_version": 0,
          "attributes": {
            "availability_zone": null,
            "id": "arn:aws:elasticloadbalancing:eu-central-1:557403669124:targetgroup/green-tg-lb/797ba23978e3d28e-20221024102208989800000034",
            "port": 80,
            "target_group_arn": "arn:aws:elasticloadbalancing:eu-central-1:557403669124:targetgroup/green-tg-lb/797ba23978e3d28e",
            "target_id": "i-04dfc8b0cec6f2679"
          },
          "sensitive_attributes": [],
          "private": "bnVsbA==",
          "dependencies": [
            "aws_instance.green",
            "aws_lb_target_group.green",
            "aws_security_group.ssh-allowed",
            "aws_subnet.bg-subnet-pub-1",
            "aws_vpc.bluegreen"
          ]
        },
        {
          "index_key": 34,
          "schema_version": 0,
          "attributes": {
            "availability_zone": null,
            "id": "arn:aws:elasticloadbalancing:eu-central-1:557403669124:targetgroup/green-tg-lb/797ba23978e3d28e-2022102410221227150000004a",
            "port": 80,
            "target_group_arn": "arn:aws:elasticloadbalancing:eu-central-1:557403669124:targetgroup/green-tg-lb/797ba23978e3d28e",
            "target_id": "i-04dfc8b0cec6f2679"
          },
          "sensitive_attributes": [],
          "private": "bnVsbA==",
          "dependencies": [
            "aws_instance.green",
            "aws_lb_target_group.green",
            "aws_security_group.ssh-allowed",
            "aws_subnet.bg-subnet-pub-1",
            "aws_vpc.bluegreen"
          ]
        },
        {
          "index_key": 35,
          "schema_version": 0,
          "attributes": {
            "availability_zone": null,
            "id": "arn:aws:elasticloadbalancing:eu-central-1:557403669124:targetgroup/green-tg-lb/797ba23978e3d28e-20221024102218189400000058",
            "port": 80,
            "target_group_arn": "arn:aws:elasticloadbalancing:eu-central-1:557403669124:targetgroup/green-tg-lb/797ba23978e3d28e",
            "target_id": "i-04dfc8b0cec6f2679"
          },
          "sensitive_attributes": [],
          "private": "bnVsbA==",
          "dependencies": [
            "aws_instance.green",
            "aws_lb_target_group.green",
            "aws_security_group.ssh-allowed",
            "aws_subnet.bg-subnet-pub-1",
            "aws_vpc.bluegreen"
          ]
        },
        {
          "index_key": 36,
          "schema_version": 0,
          "attributes": {
            "availability_zone": null,
            "id": "arn:aws:elasticloadbalancing:eu-central-1:557403669124:targetgroup/green-tg-lb/797ba23978e3d28e-2022102410221174460000003c",
            "port": 80,
            "target_group_arn": "arn:aws:elasticloadbalancing:eu-central-1:557403669124:targetgroup/green-tg-lb/797ba23978e3d28e",
            "target_id": "i-04dfc8b0cec6f2679"
          },
          "sensitive_attributes": [],
          "private": "bnVsbA==",
          "dependencies": [
            "aws_instance.green",
            "aws_lb_target_group.green",
            "aws_security_group.ssh-allowed",
            "aws_subnet.bg-subnet-pub-1",
            "aws_vpc.bluegreen"
          ]
        },
        {
          "index_key": 37,
          "schema_version": 0,
          "attributes": {
            "availability_zone": null,
            "id": "arn:aws:elasticloadbalancing:eu-central-1:557403669124:targetgroup/green-tg-lb/797ba23978e3d28e-2022102410222621750000006c",
            "port": 80,
            "target_group_arn": "arn:aws:elasticloadbalancing:eu-central-1:557403669124:targetgroup/green-tg-lb/797ba23978e3d28e",
            "target_id": "i-04dfc8b0cec6f2679"
          },
          "sensitive_attributes": [],
          "private": "bnVsbA==",
          "dependencies": [
            "aws_instance.green",
            "aws_lb_target_group.green",
            "aws_security_group.ssh-allowed",
            "aws_subnet.bg-subnet-pub-1",
            "aws_vpc.bluegreen"
          ]
        },
        {
          "index_key": 38,
          "schema_version": 0,
          "attributes": {
            "availability_zone": null,
            "id": "arn:aws:elasticloadbalancing:eu-central-1:557403669124:targetgroup/green-tg-lb/797ba23978e3d28e-20221024102212263000000049",
            "port": 80,
            "target_group_arn": "arn:aws:elasticloadbalancing:eu-central-1:557403669124:targetgroup/green-tg-lb/797ba23978e3d28e",
            "target_id": "i-04dfc8b0cec6f2679"
          },
          "sensitive_attributes": [],
          "private": "bnVsbA==",
          "dependencies": [
            "aws_instance.green",
            "aws_lb_target_group.green",
            "aws_security_group.ssh-allowed",
            "aws_subnet.bg-subnet-pub-1",
            "aws_vpc.bluegreen"
          ]
        },
        {
          "index_key": 39,
          "schema_version": 0,
          "attributes": {
            "availability_zone": null,
            "id": "arn:aws:elasticloadbalancing:eu-central-1:557403669124:targetgroup/green-tg-lb/797ba23978e3d28e-2022102410221838440000005c",
            "port": 80,
            "target_group_arn": "arn:aws:elasticloadbalancing:eu-central-1:557403669124:targetgroup/green-tg-lb/797ba23978e3d28e",
            "target_id": "i-04dfc8b0cec6f2679"
          },
          "sensitive_attributes": [],
          "private": "bnVsbA==",
          "dependencies": [
            "aws_instance.green",
            "aws_lb_target_group.green",
            "aws_security_group.ssh-allowed",
            "aws_subnet.bg-subnet-pub-1",
            "aws_vpc.bluegreen"
          ]
        },
        {
          "index_key": 40,
          "schema_version": 0,
          "attributes": {
            "availability_zone": null,
            "id": "arn:aws:elasticloadbalancing:eu-central-1:557403669124:targetgroup/green-tg-lb/797ba23978e3d28e-20221024102211954200000041",
            "port": 80,
            "target_group_arn": "arn:aws:elasticloadbalancing:eu-central-1:557403669124:targetgroup/green-tg-lb/797ba23978e3d28e",
            "target_id": "i-04dfc8b0cec6f2679"
          },
          "sensitive_attributes": [],
          "private": "bnVsbA==",
          "dependencies": [
            "aws_instance.green",
            "aws_lb_target_group.green",
            "aws_security_group.ssh-allowed",
            "aws_subnet.bg-subnet-pub-1",
            "aws_vpc.bluegreen"
          ]
        },
        {
          "index_key": 41,
          "schema_version": 0,
          "attributes": {
            "availability_zone": null,
            "id": "arn:aws:elasticloadbalancing:eu-central-1:557403669124:targetgroup/green-tg-lb/797ba23978e3d28e-20221024102212087200000045",
            "port": 80,
            "target_group_arn": "arn:aws:elasticloadbalancing:eu-central-1:557403669124:targetgroup/green-tg-lb/797ba23978e3d28e",
            "target_id": "i-04dfc8b0cec6f2679"
          },
          "sensitive_attributes": [],
          "private": "bnVsbA==",
          "dependencies": [
            "aws_instance.green",
            "aws_lb_target_group.green",
            "aws_security_group.ssh-allowed",
            "aws_subnet.bg-subnet-pub-1",
            "aws_vpc.bluegreen"
          ]
        },
        {
          "index_key": 42,
          "schema_version": 0,
          "attributes": {
            "availability_zone": null,
            "id": "arn:aws:elasticloadbalancing:eu-central-1:557403669124:targetgroup/green-tg-lb/797ba23978e3d28e-20221024102223353300000069",
            "port": 80,
            "target_group_arn": "arn:aws:elasticloadbalancing:eu-central-1:557403669124:targetgroup/green-tg-lb/797ba23978e3d28e",
            "target_id": "i-04dfc8b0cec6f2679"
          },
          "sensitive_attributes": [],
          "private": "bnVsbA==",
          "dependencies": [
            "aws_instance.green",
            "aws_lb_target_group.green",
            "aws_security_group.ssh-allowed",
            "aws_subnet.bg-subnet-pub-1",
            "aws_vpc.bluegreen"
          ]
        },
        {
          "index_key": 43,
          "schema_version": 0,
          "attributes": {
            "availability_zone": null,
            "id": "arn:aws:elasticloadbalancing:eu-central-1:557403669124:targetgroup/green-tg-lb/797ba23978e3d28e-2022102410221774240000004f",
            "port": 80,
            "target_group_arn": "arn:aws:elasticloadbalancing:eu-central-1:557403669124:targetgroup/green-tg-lb/797ba23978e3d28e",
            "target_id": "i-04dfc8b0cec6f2679"
          },
          "sensitive_attributes": [],
          "private": "bnVsbA==",
          "dependencies": [
            "aws_instance.green",
            "aws_lb_target_group.green",
            "aws_security_group.ssh-allowed",
            "aws_subnet.bg-subnet-pub-1",
            "aws_vpc.bluegreen"
          ]
        },
        {
          "index_key": 44,
          "schema_version": 0,
          "attributes": {
            "availability_zone": null,
            "id": "arn:aws:elasticloadbalancing:eu-central-1:557403669124:targetgroup/green-tg-lb/797ba23978e3d28e-2022102410221850430000005e",
            "port": 80,
            "target_group_arn": "arn:aws:elasticloadbalancing:eu-central-1:557403669124:targetgroup/green-tg-lb/797ba23978e3d28e",
            "target_id": "i-04dfc8b0cec6f2679"
          },
          "sensitive_attributes": [],
          "private": "bnVsbA==",
          "dependencies": [
            "aws_instance.green",
            "aws_lb_target_group.green",
            "aws_security_group.ssh-allowed",
            "aws_subnet.bg-subnet-pub-1",
            "aws_vpc.bluegreen"
          ]
        },
        {
          "index_key": 45,
          "schema_version": 0,
          "attributes": {
            "availability_zone": null,
            "id": "arn:aws:elasticloadbalancing:eu-central-1:557403669124:targetgroup/green-tg-lb/797ba23978e3d28e-20221024102218145900000057",
            "port": 80,
            "target_group_arn": "arn:aws:elasticloadbalancing:eu-central-1:557403669124:targetgroup/green-tg-lb/797ba23978e3d28e",
            "target_id": "i-04dfc8b0cec6f2679"
          },
          "sensitive_attributes": [],
          "private": "bnVsbA==",
          "dependencies": [
            "aws_instance.green",
            "aws_lb_target_group.green",
            "aws_security_group.ssh-allowed",
            "aws_subnet.bg-subnet-pub-1",
            "aws_vpc.bluegreen"
          ]
        },
        {
          "index_key": 46,
          "schema_version": 0,
          "attributes": {
            "availability_zone": null,
            "id": "arn:aws:elasticloadbalancing:eu-central-1:557403669124:targetgroup/green-tg-lb/797ba23978e3d28e-20221024102222565300000067",
            "port": 80,
            "target_group_arn": "arn:aws:elasticloadbalancing:eu-central-1:557403669124:targetgroup/green-tg-lb/797ba23978e3d28e",
            "target_id": "i-04dfc8b0cec6f2679"
          },
          "sensitive_attributes": [],
          "private": "bnVsbA==",
          "dependencies": [
            "aws_instance.green",
            "aws_lb_target_group.green",
            "aws_security_group.ssh-allowed",
            "aws_subnet.bg-subnet-pub-1",
            "aws_vpc.bluegreen"
          ]
        },
        {
          "index_key": 47,
          "schema_version": 0,
          "attributes": {
            "availability_zone": null,
            "id": "arn:aws:elasticloadbalancing:eu-central-1:557403669124:targetgroup/green-tg-lb/797ba23978e3d28e-20221024102212184900000046",
            "port": 80,
            "target_group_arn": "arn:aws:elasticloadbalancing:eu-central-1:557403669124:targetgroup/green-tg-lb/797ba23978e3d28e",
            "target_id": "i-04dfc8b0cec6f2679"
          },
          "sensitive_attributes": [],
          "private": "bnVsbA==",
          "dependencies": [
            "aws_instance.green",
            "aws_lb_target_group.green",
            "aws_security_group.ssh-allowed",
            "aws_subnet.bg-subnet-pub-1",
            "aws_vpc.bluegreen"
          ]
        },
        {
          "index_key": 48,
          "schema_version": 0,
          "attributes": {
            "availability_zone": null,
            "id": "arn:aws:elasticloadbalancing:eu-central-1:557403669124:targetgroup/green-tg-lb/797ba23978e3d28e-2022102410221188370000003e",
            "port": 80,
            "target_group_arn": "arn:aws:elasticloadbalancing:eu-central-1:557403669124:targetgroup/green-tg-lb/797ba23978e3d28e",
            "target_id": "i-04dfc8b0cec6f2679"
          },
          "sensitive_attributes": [],
          "private": "bnVsbA==",
          "dependencies": [
            "aws_instance.green",
            "aws_lb_target_group.green",
            "aws_security_group.ssh-allowed",
            "aws_subnet.bg-subnet-pub-1",
            "aws_vpc.bluegreen"
          ]
        },
        {
          "index_key": 49,
          "schema_version": 0,
          "attributes": {
            "availability_zone": null,
            "id": "arn:aws:elasticloadbalancing:eu-central-1:557403669124:targetgroup/green-tg-lb/797ba23978e3d28e-2022102410221252320000004c",
            "port": 80,
            "target_group_arn": "arn:aws:elasticloadbalancing:eu-central-1:557403669124:targetgroup/green-tg-lb/797ba23978e3d28e",
            "target_id": "i-04dfc8b0cec6f2679"
          },
          "sensitive_attributes": [],
          "private": "bnVsbA==",
          "dependencies": [
            "aws_instance.green",
            "aws_lb_target_group.green",
            "aws_security_group.ssh-allowed",
            "aws_subnet.bg-subnet-pub-1",
            "aws_vpc.bluegreen"
          ]
        },
        {
          "index_key": 50,
          "schema_version": 0,
          "attributes": {
            "availability_zone": null,
            "id": "arn:aws:elasticloadbalancing:eu-central-1:557403669124:targetgroup/green-tg-lb/797ba23978e3d28e-2022102410221242240000004b",
            "port": 80,
            "target_group_arn": "arn:aws:elasticloadbalancing:eu-central-1:557403669124:targetgroup/green-tg-lb/797ba23978e3d28e",
            "target_id": "i-04dfc8b0cec6f2679"
          },
          "sensitive_attributes": [],
          "private": "bnVsbA==",
          "dependencies": [
            "aws_instance.green",
            "aws_lb_target_group.green",
            "aws_security_group.ssh-allowed",
            "aws_subnet.bg-subnet-pub-1",
            "aws_vpc.bluegreen"
          ]
        },
        {
          "index_key": 51,
          "schema_version": 0,
          "attributes": {
            "availability_zone": null,
            "id": "arn:aws:elasticloadbalancing:eu-central-1:557403669124:targetgroup/green-tg-lb/797ba23978e3d28e-2022102410221188650000003f",
            "port": 80,
            "target_group_arn": "arn:aws:elasticloadbalancing:eu-central-1:557403669124:targetgroup/green-tg-lb/797ba23978e3d28e",
            "target_id": "i-04dfc8b0cec6f2679"
          },
          "sensitive_attributes": [],
          "private": "bnVsbA==",
          "dependencies": [
            "aws_instance.green",
            "aws_lb_target_group.green",
            "aws_security_group.ssh-allowed",
            "aws_subnet.bg-subnet-pub-1",
            "aws_vpc.bluegreen"
          ]
        },
        {
          "index_key": 52,
          "schema_version": 0,
          "attributes": {
            "availability_zone": null,
            "id": "arn:aws:elasticloadbalancing:eu-central-1:557403669124:targetgroup/green-tg-lb/797ba23978e3d28e-20221024102212077600000044",
            "port": 80,
            "target_group_arn": "arn:aws:elasticloadbalancing:eu-central-1:557403669124:targetgroup/green-tg-lb/797ba23978e3d28e",
            "target_id": "i-04dfc8b0cec6f2679"
          },
          "sensitive_attributes": [],
          "private": "bnVsbA==",
          "dependencies": [
            "aws_instance.green",
            "aws_lb_target_group.green",
            "aws_security_group.ssh-allowed",
            "aws_subnet.bg-subnet-pub-1",
            "aws_vpc.bluegreen"
          ]
        },
        {
          "index_key": 53,
          "schema_version": 0,
          "attributes": {
            "availability_zone": null,
            "id": "arn:aws:elasticloadbalancing:eu-central-1:557403669124:targetgroup/green-tg-lb/797ba23978e3d28e-20221024102212044900000042",
            "port": 80,
            "target_group_arn": "arn:aws:elasticloadbalancing:eu-central-1:557403669124:targetgroup/green-tg-lb/797ba23978e3d28e",
            "target_id": "i-04dfc8b0cec6f2679"
          },
          "sensitive_attributes": [],
          "private": "bnVsbA==",
          "dependencies": [
            "aws_instance.green",
            "aws_lb_target_group.green",
            "aws_security_group.ssh-allowed",
            "aws_subnet.bg-subnet-pub-1",
            "aws_vpc.bluegreen"
          ]
        },
        {
          "index_key": 54,
          "schema_version": 0,
          "attributes": {
            "availability_zone": null,
            "id": "arn:aws:elasticloadbalancing:eu-central-1:557403669124:targetgroup/green-tg-lb/797ba23978e3d28e-2022102410221832530000005b",
            "port": 80,
            "target_group_arn": "arn:aws:elasticloadbalancing:eu-central-1:557403669124:targetgroup/green-tg-lb/797ba23978e3d28e",
            "target_id": "i-04dfc8b0cec6f2679"
          },
          "sensitive_attributes": [],
          "private": "bnVsbA==",
          "dependencies": [
            "aws_instance.green",
            "aws_lb_target_group.green",
            "aws_security_group.ssh-allowed",
            "aws_subnet.bg-subnet-pub-1",
            "aws_vpc.bluegreen"
          ]
        }
      ]
    },
    {
      "mode": "managed",
      "type": "aws_route_table",
      "name": "bg-pub-crt",
      "provider": "provider[\"registry.terraform.io/hashicorp/aws\"]",
      "instances": [
        {
          "schema_version": 0,
          "attributes": {
            "arn": "arn:aws:ec2:eu-central-1:557403669124:route-table/rtb-072d470b4a0ab49d5",
            "id": "rtb-072d470b4a0ab49d5",
            "owner_id": "557403669124",
            "propagating_vgws": [],
            "route": [
              {
                "carrier_gateway_id": "",
                "cidr_block": "0.0.0.0/0",
                "core_network_arn": "",
                "destination_prefix_list_id": "",
                "egress_only_gateway_id": "",
                "gateway_id": "igw-0490d3490c21151a2",
                "instance_id": "",
                "ipv6_cidr_block": "",
                "local_gateway_id": "",
                "nat_gateway_id": "",
                "network_interface_id": "",
                "transit_gateway_id": "",
                "vpc_endpoint_id": "",
                "vpc_peering_connection_id": ""
              }
            ],
            "tags": {
              "Name": "bg-pub-crt"
            },
            "tags_all": {
              "Name": "bg-pub-crt"
            },
            "timeouts": null,
            "vpc_id": "vpc-06c88ac5138f2c445"
          },
          "sensitive_attributes": [],
          "private": "eyJlMmJmYjczMC1lY2FhLTExZTYtOGY4OC0zNDM2M2JjN2M0YzAiOnsiY3JlYXRlIjozMDAwMDAwMDAwMDAsImRlbGV0ZSI6MzAwMDAwMDAwMDAwLCJ1cGRhdGUiOjEyMDAwMDAwMDAwMH19",
          "dependencies": [
            "aws_internet_gateway.bg-igw",
            "aws_vpc.bluegreen"
          ]
        }
      ]
    },
    {
      "mode": "managed",
      "type": "aws_route_table_association",
      "name": "bg-crta-pub-subnet-1",
      "provider": "provider[\"registry.terraform.io/hashicorp/aws\"]",
      "instances": [
        {
          "schema_version": 0,
          "attributes": {
            "gateway_id": "",
            "id": "rtbassoc-08f9eed102db639ab",
            "route_table_id": "rtb-072d470b4a0ab49d5",
            "subnet_id": "subnet-0f8336def05e3fc11"
          },
          "sensitive_attributes": [],
          "private": "bnVsbA==",
          "dependencies": [
            "aws_internet_gateway.bg-igw",
            "aws_route_table.bg-pub-crt",
            "aws_subnet.bg-subnet-pub-1",
            "aws_vpc.bluegreen"
          ]
        }
      ]
    },
    {
      "mode": "managed",
      "type": "aws_security_group",
      "name": "ssh-allowed",
      "provider": "provider[\"registry.terraform.io/hashicorp/aws\"]",
      "instances": [
        {
          "schema_version": 1,
          "attributes": {
            "arn": "arn:aws:ec2:eu-central-1:557403669124:security-group/sg-04d26a71029cb687d",
            "description": "Managed by Terraform",
            "egress": [
              {
                "cidr_blocks": [
                  "0.0.0.0/0"
                ],
                "description": "",
                "from_port": 0,
                "ipv6_cidr_blocks": [],
                "prefix_list_ids": [],
                "protocol": "-1",
                "security_groups": [],
                "self": false,
                "to_port": 0
              }
            ],
            "id": "sg-04d26a71029cb687d",
            "ingress": [
              {
                "cidr_blocks": [
                  "0.0.0.0/0"
                ],
                "description": "",
                "from_port": 22,
                "ipv6_cidr_blocks": [],
                "prefix_list_ids": [],
                "protocol": "tcp",
                "security_groups": [],
                "self": false,
                "to_port": 22
              },
              {
                "cidr_blocks": [
                  "0.0.0.0/0"
                ],
                "description": "",
                "from_port": 80,
                "ipv6_cidr_blocks": [],
                "prefix_list_ids": [],
                "protocol": "tcp",
                "security_groups": [],
                "self": false,
                "to_port": 80
              }
            ],
            "name": "terraform-20221024102119043000000001",
            "name_prefix": "terraform-",
            "owner_id": "557403669124",
            "revoke_rules_on_delete": false,
            "tags": {
              "Name": "ssh-allowed"
            },
            "tags_all": {
              "Name": "ssh-allowed"
            },
            "timeouts": null,
            "vpc_id": "vpc-06c88ac5138f2c445"
          },
          "sensitive_attributes": [],
          "private": "eyJlMmJmYjczMC1lY2FhLTExZTYtOGY4OC0zNDM2M2JjN2M0YzAiOnsiY3JlYXRlIjo2MDAwMDAwMDAwMDAsImRlbGV0ZSI6OTAwMDAwMDAwMDAwfSwic2NoZW1hX3ZlcnNpb24iOiIxIn0=",
          "dependencies": [
            "aws_vpc.bluegreen"
          ]
        }
      ]
    },
    {
      "mode": "managed",
      "type": "aws_subnet",
      "name": "bg-subnet-pub-1",
      "provider": "provider[\"registry.terraform.io/hashicorp/aws\"]",
      "instances": [
        {
          "schema_version": 1,
          "attributes": {
            "arn": "arn:aws:ec2:eu-central-1:557403669124:subnet/subnet-0f8336def05e3fc11",
            "assign_ipv6_address_on_creation": false,
            "availability_zone": "eu-central-1a",
            "availability_zone_id": "euc1-az2",
            "cidr_block": "10.0.1.0/24",
            "customer_owned_ipv4_pool": "",
            "enable_dns64": false,
            "enable_resource_name_dns_a_record_on_launch": false,
            "enable_resource_name_dns_aaaa_record_on_launch": false,
            "id": "subnet-0f8336def05e3fc11",
            "ipv6_cidr_block": "",
            "ipv6_cidr_block_association_id": "",
            "ipv6_native": false,
            "map_customer_owned_ip_on_launch": false,
            "map_public_ip_on_launch": true,
            "outpost_arn": "",
            "owner_id": "557403669124",
            "private_dns_hostname_type_on_launch": "ip-name",
            "tags": {
              "Name": "bg-subnet-pub-1"
            },
            "tags_all": {
              "Name": "bg-subnet-pub-1"
            },
            "timeouts": null,
            "vpc_id": "vpc-06c88ac5138f2c445"
          },
          "sensitive_attributes": [],
          "private": "eyJlMmJmYjczMC1lY2FhLTExZTYtOGY4OC0zNDM2M2JjN2M0YzAiOnsiY3JlYXRlIjo2MDAwMDAwMDAwMDAsImRlbGV0ZSI6MTIwMDAwMDAwMDAwMH0sInNjaGVtYV92ZXJzaW9uIjoiMSJ9",
          "dependencies": [
            "aws_vpc.bluegreen"
          ]
        }
      ]
    },
    {
      "mode": "managed",
      "type": "aws_subnet",
      "name": "bg-subnet-pub-2",
      "provider": "provider[\"registry.terraform.io/hashicorp/aws\"]",
      "instances": [
        {
          "schema_version": 1,
          "attributes": {
            "arn": "arn:aws:ec2:eu-central-1:557403669124:subnet/subnet-026771b28643a2f09",
            "assign_ipv6_address_on_creation": false,
            "availability_zone": "eu-central-1b",
            "availability_zone_id": "euc1-az3",
            "cidr_block": "10.0.2.0/24",
            "customer_owned_ipv4_pool": "",
            "enable_dns64": false,
            "enable_resource_name_dns_a_record_on_launch": false,
            "enable_resource_name_dns_aaaa_record_on_launch": false,
            "id": "subnet-026771b28643a2f09",
            "ipv6_cidr_block": "",
            "ipv6_cidr_block_association_id": "",
            "ipv6_native": false,
            "map_customer_owned_ip_on_launch": false,
            "map_public_ip_on_launch": true,
            "outpost_arn": "",
            "owner_id": "557403669124",
            "private_dns_hostname_type_on_launch": "ip-name",
            "tags": {
              "Name": "bg-subnet-pub-2"
            },
            "tags_all": {
              "Name": "bg-subnet-pub-2"
            },
            "timeouts": null,
            "vpc_id": "vpc-06c88ac5138f2c445"
          },
          "sensitive_attributes": [],
          "private": "eyJlMmJmYjczMC1lY2FhLTExZTYtOGY4OC0zNDM2M2JjN2M0YzAiOnsiY3JlYXRlIjo2MDAwMDAwMDAwMDAsImRlbGV0ZSI6MTIwMDAwMDAwMDAwMH0sInNjaGVtYV92ZXJzaW9uIjoiMSJ9",
          "dependencies": [
            "aws_vpc.bluegreen"
          ]
        }
      ]
    },
    {
      "mode": "managed",
      "type": "aws_vpc",
      "name": "bluegreen",
      "provider": "provider[\"registry.terraform.io/hashicorp/aws\"]",
      "instances": [
        {
          "schema_version": 1,
          "attributes": {
            "arn": "arn:aws:ec2:eu-central-1:557403669124:vpc/vpc-06c88ac5138f2c445",
            "assign_generated_ipv6_cidr_block": false,
            "cidr_block": "10.0.0.0/16",
            "default_network_acl_id": "acl-0ce7c5eb3a7cfa306",
            "default_route_table_id": "rtb-0d9930d0db84ce147",
            "default_security_group_id": "sg-0960b4ef89020ff3a",
            "dhcp_options_id": "dopt-09bb01f24c9d55e3d",
            "enable_classiclink": false,
            "enable_classiclink_dns_support": false,
            "enable_dns_hostnames": true,
            "enable_dns_support": true,
            "enable_network_address_usage_metrics": false,
            "id": "vpc-06c88ac5138f2c445",
            "instance_tenancy": "default",
            "ipv4_ipam_pool_id": null,
            "ipv4_netmask_length": null,
            "ipv6_association_id": "",
            "ipv6_cidr_block": "",
            "ipv6_cidr_block_network_border_group": "",
            "ipv6_ipam_pool_id": "",
            "ipv6_netmask_length": 0,
            "main_route_table_id": "rtb-0d9930d0db84ce147",
            "owner_id": "557403669124",
            "tags": {
              "Name": "bluegreen"
            },
            "tags_all": {
              "Name": "bluegreen"
            }
          },
          "sensitive_attributes": [],
          "private": "eyJzY2hlbWFfdmVyc2lvbiI6IjEifQ=="
        }
      ]
    }
  ],
  "check_results": []
}
