{
  "version": 4,
  "terraform_version": "1.3.3",
  "serial": 2880,
  "lineage": "53b0d672-5184-ce58-6700-5ab48be0fd8a",
  "outputs": {
    "elb_dns": {
      "value": "bluegreenlb-1721311882.eu-central-1.elb.amazonaws.com",
      "type": "string"
    }
  },
  "resources": [
    {
      "mode": "managed",
      "type": "aws_instance",
      "name": "blue",
      "provider": "provider[\"registry.terraform.io/hashicorp/aws\"]",
      "instances": [
        {
          "schema_version": 1,
          "attributes": {
            "ami": "ami-072b7a2ffac6318c1",
            "arn": "arn:aws:ec2:eu-central-1:557403669124:instance/i-07e66aab51310f444",
            "associate_public_ip_address": true,
            "availability_zone": "eu-central-1a",
            "capacity_reservation_specification": [
              {
                "capacity_reservation_preference": "open",
                "capacity_reservation_target": []
              }
            ],
            "cpu_core_count": 1,
            "cpu_threads_per_core": 1,
            "credit_specification": [
              {
                "cpu_credits": "standard"
              }
            ],
            "disable_api_stop": false,
            "disable_api_termination": false,
            "ebs_block_device": [],
            "ebs_optimized": false,
            "enclave_options": [
              {
                "enabled": false
              }
            ],
            "ephemeral_block_device": [],
            "get_password_data": false,
            "hibernation": false,
            "host_id": null,
            "host_resource_group_arn": null,
            "iam_instance_profile": "",
            "id": "i-07e66aab51310f444",
            "instance_initiated_shutdown_behavior": "stop",
            "instance_state": "running",
            "instance_type": "t2.micro",
            "ipv6_address_count": 0,
            "ipv6_addresses": [],
            "key_name": "",
            "launch_template": [],
            "maintenance_options": [
              {
                "auto_recovery": "default"
              }
            ],
            "metadata_options": [
              {
                "http_endpoint": "enabled",
                "http_put_response_hop_limit": 1,
                "http_tokens": "optional",
                "instance_metadata_tags": "disabled"
              }
            ],
            "monitoring": false,
            "network_interface": [],
            "outpost_arn": "",
            "password_data": "",
            "placement_group": "",
            "placement_partition_number": null,
            "primary_network_interface_id": "eni-0986bb610874018bb",
            "private_dns": "ip-10-0-1-22.eu-central-1.compute.internal",
            "private_dns_name_options": [
              {
                "enable_resource_name_dns_a_record": false,
                "enable_resource_name_dns_aaaa_record": false,
                "hostname_type": "ip-name"
              }
            ],
            "private_ip": "10.0.1.22",
            "public_dns": "ec2-3-71-203-250.eu-central-1.compute.amazonaws.com",
            "public_ip": "3.71.203.250",
            "root_block_device": [
              {
                "delete_on_termination": true,
                "device_name": "/dev/sda1",
                "encrypted": false,
                "iops": 600,
                "kms_key_id": "",
                "tags": {},
                "throughput": 0,
                "volume_id": "vol-0cb65f0370bfa8c47",
                "volume_size": 200,
                "volume_type": "gp2"
              }
            ],
            "secondary_private_ips": [],
            "security_groups": [],
            "source_dest_check": true,
            "subnet_id": "subnet-0e204447021570a81",
            "tags": {},
            "tags_all": {},
            "tenancy": "default",
            "timeouts": null,
            "user_data": "1a687d2158d0ef33d637ab0fa7b8d1d9f5ebe1ef",
            "user_data_base64": null,
            "user_data_replace_on_change": false,
            "volume_tags": null,
            "vpc_security_group_ids": [
              "sg-00ee80a2122dc68db"
            ]
          },
          "sensitive_attributes": [],
          "private": "eyJlMmJmYjczMC1lY2FhLTExZTYtOGY4OC0zNDM2M2JjN2M0YzAiOnsiY3JlYXRlIjo2MDAwMDAwMDAwMDAsImRlbGV0ZSI6MTIwMDAwMDAwMDAwMCwidXBkYXRlIjo2MDAwMDAwMDAwMDB9LCJzY2hlbWFfdmVyc2lvbiI6IjEifQ==",
          "dependencies": [
            "aws_security_group.ssh-allowed",
            "aws_subnet.bg-subnet-pub-1",
            "aws_vpc.bluegreen"
          ]
        }
      ]
    },
    {
      "mode": "managed",
      "type": "aws_instance",
      "name": "green",
      "provider": "provider[\"registry.terraform.io/hashicorp/aws\"]",
      "instances": [
        {
          "schema_version": 1,
          "attributes": {
            "ami": "ami-072b7a2ffac6318c1",
            "arn": "arn:aws:ec2:eu-central-1:557403669124:instance/i-045ce0d592321961b",
            "associate_public_ip_address": true,
            "availability_zone": "eu-central-1a",
            "capacity_reservation_specification": [
              {
                "capacity_reservation_preference": "open",
                "capacity_reservation_target": []
              }
            ],
            "cpu_core_count": 1,
            "cpu_threads_per_core": 1,
            "credit_specification": [
              {
                "cpu_credits": "standard"
              }
            ],
            "disable_api_stop": false,
            "disable_api_termination": false,
            "ebs_block_device": [],
            "ebs_optimized": false,
            "enclave_options": [
              {
                "enabled": false
              }
            ],
            "ephemeral_block_device": [],
            "get_password_data": false,
            "hibernation": false,
            "host_id": null,
            "host_resource_group_arn": null,
            "iam_instance_profile": "",
            "id": "i-045ce0d592321961b",
            "instance_initiated_shutdown_behavior": "stop",
            "instance_state": "running",
            "instance_type": "t2.micro",
            "ipv6_address_count": 0,
            "ipv6_addresses": [],
            "key_name": "",
            "launch_template": [],
            "maintenance_options": [
              {
                "auto_recovery": "default"
              }
            ],
            "metadata_options": [
              {
                "http_endpoint": "enabled",
                "http_put_response_hop_limit": 1,
                "http_tokens": "optional",
                "instance_metadata_tags": "disabled"
              }
            ],
            "monitoring": false,
            "network_interface": [],
            "outpost_arn": "",
            "password_data": "",
            "placement_group": "",
            "placement_partition_number": null,
            "primary_network_interface_id": "eni-0d03af1eb2e571a8f",
            "private_dns": "ip-10-0-1-115.eu-central-1.compute.internal",
            "private_dns_name_options": [
              {
                "enable_resource_name_dns_a_record": false,
                "enable_resource_name_dns_aaaa_record": false,
                "hostname_type": "ip-name"
              }
            ],
            "private_ip": "10.0.1.115",
            "public_dns": "ec2-3-72-1-208.eu-central-1.compute.amazonaws.com",
            "public_ip": "3.72.1.208",
            "root_block_device": [
              {
                "delete_on_termination": true,
                "device_name": "/dev/sda1",
                "encrypted": false,
                "iops": 600,
                "kms_key_id": "",
                "tags": {},
                "throughput": 0,
                "volume_id": "vol-0d291cbcf0a21face",
                "volume_size": 200,
                "volume_type": "gp2"
              }
            ],
            "secondary_private_ips": [],
            "security_groups": [],
            "source_dest_check": true,
            "subnet_id": "subnet-0e204447021570a81",
            "tags": {},
            "tags_all": {},
            "tenancy": "default",
            "timeouts": null,
            "user_data": "9b00efbd17832e15619529a205865b90ef68412a",
            "user_data_base64": null,
            "user_data_replace_on_change": false,
            "volume_tags": null,
            "vpc_security_group_ids": [
              "sg-00ee80a2122dc68db"
            ]
          },
          "sensitive_attributes": [],
          "private": "eyJlMmJmYjczMC1lY2FhLTExZTYtOGY4OC0zNDM2M2JjN2M0YzAiOnsiY3JlYXRlIjo2MDAwMDAwMDAwMDAsImRlbGV0ZSI6MTIwMDAwMDAwMDAwMCwidXBkYXRlIjo2MDAwMDAwMDAwMDB9LCJzY2hlbWFfdmVyc2lvbiI6IjEifQ==",
          "dependencies": [
            "aws_security_group.ssh-allowed",
            "aws_subnet.bg-subnet-pub-1",
            "aws_vpc.bluegreen"
          ]
        }
      ]
    },
    {
      "mode": "managed",
      "type": "aws_internet_gateway",
      "name": "bg-igw",
      "provider": "provider[\"registry.terraform.io/hashicorp/aws\"]",
      "instances": [
        {
          "schema_version": 0,
          "attributes": {
            "arn": "arn:aws:ec2:eu-central-1:557403669124:internet-gateway/igw-063ffc00c8c4f5b31",
            "id": "igw-063ffc00c8c4f5b31",
            "owner_id": "557403669124",
            "tags": {
              "Name": "bg-igw"
            },
            "tags_all": {
              "Name": "bg-igw"
            },
            "timeouts": null,
            "vpc_id": "vpc-057aa80c6eaac1c06"
          },
          "sensitive_attributes": [],
          "private": "eyJlMmJmYjczMC1lY2FhLTExZTYtOGY4OC0zNDM2M2JjN2M0YzAiOnsiY3JlYXRlIjoxMjAwMDAwMDAwMDAwLCJkZWxldGUiOjEyMDAwMDAwMDAwMDAsInVwZGF0ZSI6MTIwMDAwMDAwMDAwMH19",
          "dependencies": [
            "aws_vpc.bluegreen"
          ]
        }
      ]
    },
    {
      "mode": "managed",
      "type": "aws_lb",
      "name": "bluegreenlb",
      "provider": "provider[\"registry.terraform.io/hashicorp/aws\"]",
      "instances": [
        {
          "schema_version": 0,
          "attributes": {
            "access_logs": [
              {
                "bucket": "",
                "enabled": false,
                "prefix": ""
              }
            ],
            "arn": "arn:aws:elasticloadbalancing:eu-central-1:557403669124:loadbalancer/app/bluegreenlb/90a3515ffa365522",
            "arn_suffix": "app/bluegreenlb/90a3515ffa365522",
            "customer_owned_ipv4_pool": "",
            "desync_mitigation_mode": "defensive",
            "dns_name": "bluegreenlb-1721311882.eu-central-1.elb.amazonaws.com",
            "drop_invalid_header_fields": false,
            "enable_cross_zone_load_balancing": null,
            "enable_deletion_protection": false,
            "enable_http2": true,
            "enable_waf_fail_open": false,
            "id": "arn:aws:elasticloadbalancing:eu-central-1:557403669124:loadbalancer/app/bluegreenlb/90a3515ffa365522",
            "idle_timeout": 60,
            "internal": false,
            "ip_address_type": "ipv4",
            "load_balancer_type": "application",
            "name": "bluegreenlb",
            "name_prefix": null,
            "preserve_host_header": false,
            "security_groups": [
              "sg-00ee80a2122dc68db"
            ],
            "subnet_mapping": [
              {
                "allocation_id": "",
                "ipv6_address": "",
                "outpost_id": "",
                "private_ipv4_address": "",
                "subnet_id": "subnet-05499c07c9f069b75"
              },
              {
                "allocation_id": "",
                "ipv6_address": "",
                "outpost_id": "",
                "private_ipv4_address": "",
                "subnet_id": "subnet-0e204447021570a81"
              }
            ],
            "subnets": [
              "subnet-05499c07c9f069b75",
              "subnet-0e204447021570a81"
            ],
            "tags": {},
            "tags_all": {},
            "timeouts": null,
            "vpc_id": "vpc-057aa80c6eaac1c06",
            "zone_id": "Z215JYRZR1TBD5"
          },
          "sensitive_attributes": [],
          "private": "eyJlMmJmYjczMC1lY2FhLTExZTYtOGY4OC0zNDM2M2JjN2M0YzAiOnsiY3JlYXRlIjo2MDAwMDAwMDAwMDAsImRlbGV0ZSI6NjAwMDAwMDAwMDAwLCJ1cGRhdGUiOjYwMDAwMDAwMDAwMH19",
          "dependencies": [
            "aws_instance.blue",
            "aws_instance.green",
            "aws_security_group.ssh-allowed",
            "aws_subnet.bg-subnet-pub-1",
            "aws_subnet.bg-subnet-pub-2",
            "aws_vpc.bluegreen"
          ]
        }
      ]
    },
    {
      "mode": "managed",
      "type": "aws_lb_listener",
      "name": "app",
      "provider": "provider[\"registry.terraform.io/hashicorp/aws\"]",
      "instances": [
        {
          "schema_version": 0,
          "attributes": {
            "alpn_policy": null,
            "arn": "arn:aws:elasticloadbalancing:eu-central-1:557403669124:listener/app/bluegreenlb/90a3515ffa365522/b9744c5125a66cf4",
            "certificate_arn": null,
            "default_action": [
              {
                "authenticate_cognito": [],
                "authenticate_oidc": [],
                "fixed_response": [],
                "forward": [
                  {
                    "stickiness": [
                      {
                        "duration": 1,
                        "enabled": false
                      }
                    ],
                    "target_group": [
                      {
                        "arn": "arn:aws:elasticloadbalancing:eu-central-1:557403669124:targetgroup/blue-tg-lb/8667e6e4bd5c04ab",
                        "weight": 0
                      },
                      {
                        "arn": "arn:aws:elasticloadbalancing:eu-central-1:557403669124:targetgroup/green-tg-lb/f14383e423c13553",
                        "weight": 100
                      }
                    ]
                  }
                ],
                "order": 1,
                "redirect": [],
                "target_group_arn": "",
                "type": "forward"
              }
            ],
            "id": "arn:aws:elasticloadbalancing:eu-central-1:557403669124:listener/app/bluegreenlb/90a3515ffa365522/b9744c5125a66cf4",
            "load_balancer_arn": "arn:aws:elasticloadbalancing:eu-central-1:557403669124:loadbalancer/app/bluegreenlb/90a3515ffa365522",
            "port": 80,
            "protocol": "HTTP",
            "ssl_policy": "",
            "tags": {},
            "tags_all": {},
            "timeouts": null
          },
          "sensitive_attributes": [],
          "private": "eyJlMmJmYjczMC1lY2FhLTExZTYtOGY4OC0zNDM2M2JjN2M0YzAiOnsicmVhZCI6NjAwMDAwMDAwMDAwfX0=",
          "dependencies": [
            "aws_instance.blue",
            "aws_instance.green",
            "aws_lb.bluegreenlb",
            "aws_lb_target_group.blue",
            "aws_lb_target_group.green",
            "aws_security_group.ssh-allowed",
            "aws_subnet.bg-subnet-pub-1",
            "aws_subnet.bg-subnet-pub-2",
            "aws_vpc.bluegreen"
          ]
        }
      ]
    },
    {
      "mode": "managed",
      "type": "aws_lb_target_group",
      "name": "blue",
      "provider": "provider[\"registry.terraform.io/hashicorp/aws\"]",
      "instances": [
        {
          "schema_version": 0,
          "attributes": {
            "arn": "arn:aws:elasticloadbalancing:eu-central-1:557403669124:targetgroup/blue-tg-lb/8667e6e4bd5c04ab",
            "arn_suffix": "targetgroup/blue-tg-lb/8667e6e4bd5c04ab",
            "connection_termination": false,
            "deregistration_delay": "300",
            "health_check": [
              {
                "enabled": true,
                "healthy_threshold": 3,
                "interval": 10,
                "matcher": "200",
                "path": "/",
                "port": "80",
                "protocol": "HTTP",
                "timeout": 5,
                "unhealthy_threshold": 3
              }
            ],
            "id": "arn:aws:elasticloadbalancing:eu-central-1:557403669124:targetgroup/blue-tg-lb/8667e6e4bd5c04ab",
            "ip_address_type": null,
            "lambda_multi_value_headers_enabled": false,
            "load_balancing_algorithm_type": "round_robin",
            "name": "blue-tg-lb",
            "name_prefix": null,
            "port": 80,
            "preserve_client_ip": null,
            "protocol": "HTTP",
            "protocol_version": "HTTP1",
            "proxy_protocol_v2": false,
            "slow_start": 0,
            "stickiness": [
              {
                "cookie_duration": 86400,
                "cookie_name": "",
                "enabled": false,
                "type": "lb_cookie"
              }
            ],
            "tags": {},
            "tags_all": {},
            "target_type": "instance",
            "vpc_id": "vpc-057aa80c6eaac1c06"
          },
          "sensitive_attributes": [],
          "private": "bnVsbA==",
          "dependencies": [
            "aws_vpc.bluegreen"
          ]
        }
      ]
    },
    {
      "mode": "managed",
      "type": "aws_lb_target_group",
      "name": "green",
      "provider": "provider[\"registry.terraform.io/hashicorp/aws\"]",
      "instances": [
        {
          "schema_version": 0,
          "attributes": {
            "arn": "arn:aws:elasticloadbalancing:eu-central-1:557403669124:targetgroup/green-tg-lb/f14383e423c13553",
            "arn_suffix": "targetgroup/green-tg-lb/f14383e423c13553",
            "connection_termination": false,
            "deregistration_delay": "300",
            "health_check": [
              {
                "enabled": true,
                "healthy_threshold": 3,
                "interval": 10,
                "matcher": "200",
                "path": "/",
                "port": "80",
                "protocol": "HTTP",
                "timeout": 5,
                "unhealthy_threshold": 3
              }
            ],
            "id": "arn:aws:elasticloadbalancing:eu-central-1:557403669124:targetgroup/green-tg-lb/f14383e423c13553",
            "ip_address_type": null,
            "lambda_multi_value_headers_enabled": false,
            "load_balancing_algorithm_type": "round_robin",
            "name": "green-tg-lb",
            "name_prefix": null,
            "port": 80,
            "preserve_client_ip": null,
            "protocol": "HTTP",
            "protocol_version": "HTTP1",
            "proxy_protocol_v2": false,
            "slow_start": 0,
            "stickiness": [
              {
                "cookie_duration": 86400,
                "cookie_name": "",
                "enabled": false,
                "type": "lb_cookie"
              }
            ],
            "tags": {},
            "tags_all": {},
            "target_type": "instance",
            "vpc_id": "vpc-057aa80c6eaac1c06"
          },
          "sensitive_attributes": [],
          "private": "bnVsbA==",
          "dependencies": [
            "aws_vpc.bluegreen"
          ]
        }
      ]
    },
    {
      "mode": "managed",
      "type": "aws_lb_target_group_attachment",
      "name": "blue",
      "provider": "provider[\"registry.terraform.io/hashicorp/aws\"]",
      "instances": [
        {
          "index_key": 0,
          "schema_version": 0,
          "attributes": {
            "availability_zone": null,
            "id": "arn:aws:elasticloadbalancing:eu-central-1:557403669124:targetgroup/blue-tg-lb/8667e6e4bd5c04ab-20221024122436394500000013",
            "port": 80,
            "target_group_arn": "arn:aws:elasticloadbalancing:eu-central-1:557403669124:targetgroup/blue-tg-lb/8667e6e4bd5c04ab",
            "target_id": "i-07e66aab51310f444"
          },
          "sensitive_attributes": [],
          "private": "bnVsbA==",
          "dependencies": [
            "aws_instance.blue",
            "aws_lb_target_group.blue",
            "aws_security_group.ssh-allowed",
            "aws_subnet.bg-subnet-pub-1",
            "aws_vpc.bluegreen"
          ]
        },
        {
          "index_key": 1,
          "schema_version": 0,
          "attributes": {
            "availability_zone": null,
            "id": "arn:aws:elasticloadbalancing:eu-central-1:557403669124:targetgroup/blue-tg-lb/8667e6e4bd5c04ab-20221024122436094300000007",
            "port": 80,
            "target_group_arn": "arn:aws:elasticloadbalancing:eu-central-1:557403669124:targetgroup/blue-tg-lb/8667e6e4bd5c04ab",
            "target_id": "i-07e66aab51310f444"
          },
          "sensitive_attributes": [],
          "private": "bnVsbA==",
          "dependencies": [
            "aws_instance.blue",
            "aws_lb_target_group.blue",
            "aws_security_group.ssh-allowed",
            "aws_subnet.bg-subnet-pub-1",
            "aws_vpc.bluegreen"
          ]
        },
        {
          "index_key": 2,
          "schema_version": 0,
          "attributes": {
            "availability_zone": null,
            "id": "arn:aws:elasticloadbalancing:eu-central-1:557403669124:targetgroup/blue-tg-lb/8667e6e4bd5c04ab-20221024122436749400000023",
            "port": 80,
            "target_group_arn": "arn:aws:elasticloadbalancing:eu-central-1:557403669124:targetgroup/blue-tg-lb/8667e6e4bd5c04ab",
            "target_id": "i-07e66aab51310f444"
          },
          "sensitive_attributes": [],
          "private": "bnVsbA==",
          "dependencies": [
            "aws_instance.blue",
            "aws_lb_target_group.blue",
            "aws_security_group.ssh-allowed",
            "aws_subnet.bg-subnet-pub-1",
            "aws_vpc.bluegreen"
          ]
        },
        {
          "index_key": 3,
          "schema_version": 0,
          "attributes": {
            "availability_zone": null,
            "id": "arn:aws:elasticloadbalancing:eu-central-1:557403669124:targetgroup/blue-tg-lb/8667e6e4bd5c04ab-2022102412243656980000001a",
            "port": 80,
            "target_group_arn": "arn:aws:elasticloadbalancing:eu-central-1:557403669124:targetgroup/blue-tg-lb/8667e6e4bd5c04ab",
            "target_id": "i-07e66aab51310f444"
          },
          "sensitive_attributes": [],
          "private": "bnVsbA==",
          "dependencies": [
            "aws_instance.blue",
            "aws_lb_target_group.blue",
            "aws_security_group.ssh-allowed",
            "aws_subnet.bg-subnet-pub-1",
            "aws_vpc.bluegreen"
          ]
        },
        {
          "index_key": 4,
          "schema_version": 0,
          "attributes": {
            "availability_zone": null,
            "id": "arn:aws:elasticloadbalancing:eu-central-1:557403669124:targetgroup/blue-tg-lb/8667e6e4bd5c04ab-2022102412250206250000006d",
            "port": 80,
            "target_group_arn": "arn:aws:elasticloadbalancing:eu-central-1:557403669124:targetgroup/blue-tg-lb/8667e6e4bd5c04ab",
            "target_id": "i-07e66aab51310f444"
          },
          "sensitive_attributes": [],
          "private": "bnVsbA==",
          "dependencies": [
            "aws_instance.blue",
            "aws_lb_target_group.blue",
            "aws_security_group.ssh-allowed",
            "aws_subnet.bg-subnet-pub-1",
            "aws_vpc.bluegreen"
          ]
        },
        {
          "index_key": 5,
          "schema_version": 0,
          "attributes": {
            "availability_zone": null,
            "id": "arn:aws:elasticloadbalancing:eu-central-1:557403669124:targetgroup/blue-tg-lb/8667e6e4bd5c04ab-2022102412243661800000001d",
            "port": 80,
            "target_group_arn": "arn:aws:elasticloadbalancing:eu-central-1:557403669124:targetgroup/blue-tg-lb/8667e6e4bd5c04ab",
            "target_id": "i-07e66aab51310f444"
          },
          "sensitive_attributes": [],
          "private": "bnVsbA==",
          "dependencies": [
            "aws_instance.blue",
            "aws_lb_target_group.blue",
            "aws_security_group.ssh-allowed",
            "aws_subnet.bg-subnet-pub-1",
            "aws_vpc.bluegreen"
          ]
        },
        {
          "index_key": 6,
          "schema_version": 0,
          "attributes": {
            "availability_zone": null,
            "id": "arn:aws:elasticloadbalancing:eu-central-1:557403669124:targetgroup/blue-tg-lb/8667e6e4bd5c04ab-20221024122436398200000015",
            "port": 80,
            "target_group_arn": "arn:aws:elasticloadbalancing:eu-central-1:557403669124:targetgroup/blue-tg-lb/8667e6e4bd5c04ab",
            "target_id": "i-07e66aab51310f444"
          },
          "sensitive_attributes": [],
          "private": "bnVsbA==",
          "dependencies": [
            "aws_instance.blue",
            "aws_lb_target_group.blue",
            "aws_security_group.ssh-allowed",
            "aws_subnet.bg-subnet-pub-1",
            "aws_vpc.bluegreen"
          ]
        },
        {
          "index_key": 7,
          "schema_version": 0,
          "attributes": {
            "availability_zone": null,
            "id": "arn:aws:elasticloadbalancing:eu-central-1:557403669124:targetgroup/blue-tg-lb/8667e6e4bd5c04ab-20221024122435973100000002",
            "port": 80,
            "target_group_arn": "arn:aws:elasticloadbalancing:eu-central-1:557403669124:targetgroup/blue-tg-lb/8667e6e4bd5c04ab",
            "target_id": "i-07e66aab51310f444"
          },
          "sensitive_attributes": [],
          "private": "bnVsbA==",
          "dependencies": [
            "aws_instance.blue",
            "aws_lb_target_group.blue",
            "aws_security_group.ssh-allowed",
            "aws_subnet.bg-subnet-pub-1",
            "aws_vpc.bluegreen"
          ]
        },
        {
          "index_key": 8,
          "schema_version": 0,
          "attributes": {
            "availability_zone": null,
            "id": "arn:aws:elasticloadbalancing:eu-central-1:557403669124:targetgroup/blue-tg-lb/8667e6e4bd5c04ab-2022102412244255260000002f",
            "port": 80,
            "target_group_arn": "arn:aws:elasticloadbalancing:eu-central-1:557403669124:targetgroup/blue-tg-lb/8667e6e4bd5c04ab",
            "target_id": "i-07e66aab51310f444"
          },
          "sensitive_attributes": [],
          "private": "bnVsbA==",
          "dependencies": [
            "aws_instance.blue",
            "aws_lb_target_group.blue",
            "aws_security_group.ssh-allowed",
            "aws_subnet.bg-subnet-pub-1",
            "aws_vpc.bluegreen"
          ]
        },
        {
          "index_key": 9,
          "schema_version": 0,
          "attributes": {
            "availability_zone": null,
            "id": "arn:aws:elasticloadbalancing:eu-central-1:557403669124:targetgroup/blue-tg-lb/8667e6e4bd5c04ab-20221024122436092000000005",
            "port": 80,
            "target_group_arn": "arn:aws:elasticloadbalancing:eu-central-1:557403669124:targetgroup/blue-tg-lb/8667e6e4bd5c04ab",
            "target_id": "i-07e66aab51310f444"
          },
          "sensitive_attributes": [],
          "private": "bnVsbA==",
          "dependencies": [
            "aws_instance.blue",
            "aws_lb_target_group.blue",
            "aws_security_group.ssh-allowed",
            "aws_subnet.bg-subnet-pub-1",
            "aws_vpc.bluegreen"
          ]
        },
        {
          "index_key": 10,
          "schema_version": 0,
          "attributes": {
            "availability_zone": null,
            "id": "arn:aws:elasticloadbalancing:eu-central-1:557403669124:targetgroup/blue-tg-lb/8667e6e4bd5c04ab-20221024122436829500000024",
            "port": 80,
            "target_group_arn": "arn:aws:elasticloadbalancing:eu-central-1:557403669124:targetgroup/blue-tg-lb/8667e6e4bd5c04ab",
            "target_id": "i-07e66aab51310f444"
          },
          "sensitive_attributes": [],
          "private": "bnVsbA==",
          "dependencies": [
            "aws_instance.blue",
            "aws_lb_target_group.blue",
            "aws_security_group.ssh-allowed",
            "aws_subnet.bg-subnet-pub-1",
            "aws_vpc.bluegreen"
          ]
        },
        {
          "index_key": 11,
          "schema_version": 0,
          "attributes": {
            "availability_zone": null,
            "id": "arn:aws:elasticloadbalancing:eu-central-1:557403669124:targetgroup/blue-tg-lb/8667e6e4bd5c04ab-2022102412243613180000000a",
            "port": 80,
            "target_group_arn": "arn:aws:elasticloadbalancing:eu-central-1:557403669124:targetgroup/blue-tg-lb/8667e6e4bd5c04ab",
            "target_id": "i-07e66aab51310f444"
          },
          "sensitive_attributes": [],
          "private": "bnVsbA==",
          "dependencies": [
            "aws_instance.blue",
            "aws_lb_target_group.blue",
            "aws_security_group.ssh-allowed",
            "aws_subnet.bg-subnet-pub-1",
            "aws_vpc.bluegreen"
          ]
        },
        {
          "index_key": 12,
          "schema_version": 0,
          "attributes": {
            "availability_zone": null,
            "id": "arn:aws:elasticloadbalancing:eu-central-1:557403669124:targetgroup/blue-tg-lb/8667e6e4bd5c04ab-20221024122436123400000009",
            "port": 80,
            "target_group_arn": "arn:aws:elasticloadbalancing:eu-central-1:557403669124:targetgroup/blue-tg-lb/8667e6e4bd5c04ab",
            "target_id": "i-07e66aab51310f444"
          },
          "sensitive_attributes": [],
          "private": "bnVsbA==",
          "dependencies": [
            "aws_instance.blue",
            "aws_lb_target_group.blue",
            "aws_security_group.ssh-allowed",
            "aws_subnet.bg-subnet-pub-1",
            "aws_vpc.bluegreen"
          ]
        },
        {
          "index_key": 13,
          "schema_version": 0,
          "attributes": {
            "availability_zone": null,
            "id": "arn:aws:elasticloadbalancing:eu-central-1:557403669124:targetgroup/blue-tg-lb/8667e6e4bd5c04ab-2022102412243664410000001f",
            "port": 80,
            "target_group_arn": "arn:aws:elasticloadbalancing:eu-central-1:557403669124:targetgroup/blue-tg-lb/8667e6e4bd5c04ab",
            "target_id": "i-07e66aab51310f444"
          },
          "sensitive_attributes": [],
          "private": "bnVsbA==",
          "dependencies": [
            "aws_instance.blue",
            "aws_lb_target_group.blue",
            "aws_security_group.ssh-allowed",
            "aws_subnet.bg-subnet-pub-1",
            "aws_vpc.bluegreen"
          ]
        },
        {
          "index_key": 14,
          "schema_version": 0,
          "attributes": {
            "availability_zone": null,
            "id": "arn:aws:elasticloadbalancing:eu-central-1:557403669124:targetgroup/blue-tg-lb/8667e6e4bd5c04ab-2022102412243629230000000d",
            "port": 80,
            "target_group_arn": "arn:aws:elasticloadbalancing:eu-central-1:557403669124:targetgroup/blue-tg-lb/8667e6e4bd5c04ab",
            "target_id": "i-07e66aab51310f444"
          },
          "sensitive_attributes": [],
          "private": "bnVsbA==",
          "dependencies": [
            "aws_instance.blue",
            "aws_lb_target_group.blue",
            "aws_security_group.ssh-allowed",
            "aws_subnet.bg-subnet-pub-1",
            "aws_vpc.bluegreen"
          ]
        },
        {
          "index_key": 15,
          "schema_version": 0,
          "attributes": {
            "availability_zone": null,
            "id": "arn:aws:elasticloadbalancing:eu-central-1:557403669124:targetgroup/blue-tg-lb/8667e6e4bd5c04ab-20221024122436391100000012",
            "port": 80,
            "target_group_arn": "arn:aws:elasticloadbalancing:eu-central-1:557403669124:targetgroup/blue-tg-lb/8667e6e4bd5c04ab",
            "target_id": "i-07e66aab51310f444"
          },
          "sensitive_attributes": [],
          "private": "bnVsbA==",
          "dependencies": [
            "aws_instance.blue",
            "aws_lb_target_group.blue",
            "aws_security_group.ssh-allowed",
            "aws_subnet.bg-subnet-pub-1",
            "aws_vpc.bluegreen"
          ]
        },
        {
          "index_key": 16,
          "schema_version": 0,
          "attributes": {
            "availability_zone": null,
            "id": "arn:aws:elasticloadbalancing:eu-central-1:557403669124:targetgroup/blue-tg-lb/8667e6e4bd5c04ab-2022102412243614730000000b",
            "port": 80,
            "target_group_arn": "arn:aws:elasticloadbalancing:eu-central-1:557403669124:targetgroup/blue-tg-lb/8667e6e4bd5c04ab",
            "target_id": "i-07e66aab51310f444"
          },
          "sensitive_attributes": [],
          "private": "bnVsbA==",
          "dependencies": [
            "aws_instance.blue",
            "aws_lb_target_group.blue",
            "aws_security_group.ssh-allowed",
            "aws_subnet.bg-subnet-pub-1",
            "aws_vpc.bluegreen"
          ]
        },
        {
          "index_key": 17,
          "schema_version": 0,
          "attributes": {
            "availability_zone": null,
            "id": "arn:aws:elasticloadbalancing:eu-central-1:557403669124:targetgroup/blue-tg-lb/8667e6e4bd5c04ab-20221024122436727400000021",
            "port": 80,
            "target_group_arn": "arn:aws:elasticloadbalancing:eu-central-1:557403669124:targetgroup/blue-tg-lb/8667e6e4bd5c04ab",
            "target_id": "i-07e66aab51310f444"
          },
          "sensitive_attributes": [],
          "private": "bnVsbA==",
          "dependencies": [
            "aws_instance.blue",
            "aws_lb_target_group.blue",
            "aws_security_group.ssh-allowed",
            "aws_subnet.bg-subnet-pub-1",
            "aws_vpc.bluegreen"
          ]
        },
        {
          "index_key": 18,
          "schema_version": 0,
          "attributes": {
            "availability_zone": null,
            "id": "arn:aws:elasticloadbalancing:eu-central-1:557403669124:targetgroup/blue-tg-lb/8667e6e4bd5c04ab-20221024122436890300000029",
            "port": 80,
            "target_group_arn": "arn:aws:elasticloadbalancing:eu-central-1:557403669124:targetgroup/blue-tg-lb/8667e6e4bd5c04ab",
            "target_id": "i-07e66aab51310f444"
          },
          "sensitive_attributes": [],
          "private": "bnVsbA==",
          "dependencies": [
            "aws_instance.blue",
            "aws_lb_target_group.blue",
            "aws_security_group.ssh-allowed",
            "aws_subnet.bg-subnet-pub-1",
            "aws_vpc.bluegreen"
          ]
        },
        {
          "index_key": 19,
          "schema_version": 0,
          "attributes": {
            "availability_zone": null,
            "id": "arn:aws:elasticloadbalancing:eu-central-1:557403669124:targetgroup/blue-tg-lb/8667e6e4bd5c04ab-20221024122436852300000025",
            "port": 80,
            "target_group_arn": "arn:aws:elasticloadbalancing:eu-central-1:557403669124:targetgroup/blue-tg-lb/8667e6e4bd5c04ab",
            "target_id": "i-07e66aab51310f444"
          },
          "sensitive_attributes": [],
          "private": "bnVsbA==",
          "dependencies": [
            "aws_instance.blue",
            "aws_lb_target_group.blue",
            "aws_security_group.ssh-allowed",
            "aws_subnet.bg-subnet-pub-1",
            "aws_vpc.bluegreen"
          ]
        },
        {
          "index_key": 20,
          "schema_version": 0,
          "attributes": {
            "availability_zone": null,
            "id": "arn:aws:elasticloadbalancing:eu-central-1:557403669124:targetgroup/blue-tg-lb/8667e6e4bd5c04ab-2022102412250316110000006f",
            "port": 80,
            "target_group_arn": "arn:aws:elasticloadbalancing:eu-central-1:557403669124:targetgroup/blue-tg-lb/8667e6e4bd5c04ab",
            "target_id": "i-07e66aab51310f444"
          },
          "sensitive_attributes": [],
          "private": "bnVsbA==",
          "dependencies": [
            "aws_instance.blue",
            "aws_lb_target_group.blue",
            "aws_security_group.ssh-allowed",
            "aws_subnet.bg-subnet-pub-1",
            "aws_vpc.bluegreen"
          ]
        },
        {
          "index_key": 21,
          "schema_version": 0,
          "attributes": {
            "availability_zone": null,
            "id": "arn:aws:elasticloadbalancing:eu-central-1:557403669124:targetgroup/blue-tg-lb/8667e6e4bd5c04ab-2022102412243661700000001b",
            "port": 80,
            "target_group_arn": "arn:aws:elasticloadbalancing:eu-central-1:557403669124:targetgroup/blue-tg-lb/8667e6e4bd5c04ab",
            "target_id": "i-07e66aab51310f444"
          },
          "sensitive_attributes": [],
          "private": "bnVsbA==",
          "dependencies": [
            "aws_instance.blue",
            "aws_lb_target_group.blue",
            "aws_security_group.ssh-allowed",
            "aws_subnet.bg-subnet-pub-1",
            "aws_vpc.bluegreen"
          ]
        },
        {
          "index_key": 22,
          "schema_version": 0,
          "attributes": {
            "availability_zone": null,
            "id": "arn:aws:elasticloadbalancing:eu-central-1:557403669124:targetgroup/blue-tg-lb/8667e6e4bd5c04ab-20221024122442782900000031",
            "port": 80,
            "target_group_arn": "arn:aws:elasticloadbalancing:eu-central-1:557403669124:targetgroup/blue-tg-lb/8667e6e4bd5c04ab",
            "target_id": "i-07e66aab51310f444"
          },
          "sensitive_attributes": [],
          "private": "bnVsbA==",
          "dependencies": [
            "aws_instance.blue",
            "aws_lb_target_group.blue",
            "aws_security_group.ssh-allowed",
            "aws_subnet.bg-subnet-pub-1",
            "aws_vpc.bluegreen"
          ]
        },
        {
          "index_key": 23,
          "schema_version": 0,
          "attributes": {
            "availability_zone": null,
            "id": "arn:aws:elasticloadbalancing:eu-central-1:557403669124:targetgroup/blue-tg-lb/8667e6e4bd5c04ab-20221024122436666900000020",
            "port": 80,
            "target_group_arn": "arn:aws:elasticloadbalancing:eu-central-1:557403669124:targetgroup/blue-tg-lb/8667e6e4bd5c04ab",
            "target_id": "i-07e66aab51310f444"
          },
          "sensitive_attributes": [],
          "private": "bnVsbA==",
          "dependencies": [
            "aws_instance.blue",
            "aws_lb_target_group.blue",
            "aws_security_group.ssh-allowed",
            "aws_subnet.bg-subnet-pub-1",
            "aws_vpc.bluegreen"
          ]
        },
        {
          "index_key": 24,
          "schema_version": 0,
          "attributes": {
            "availability_zone": null,
            "id": "arn:aws:elasticloadbalancing:eu-central-1:557403669124:targetgroup/blue-tg-lb/8667e6e4bd5c04ab-2022102412243689370000002a",
            "port": 80,
            "target_group_arn": "arn:aws:elasticloadbalancing:eu-central-1:557403669124:targetgroup/blue-tg-lb/8667e6e4bd5c04ab",
            "target_id": "i-07e66aab51310f444"
          },
          "sensitive_attributes": [],
          "private": "bnVsbA==",
          "dependencies": [
            "aws_instance.blue",
            "aws_lb_target_group.blue",
            "aws_security_group.ssh-allowed",
            "aws_subnet.bg-subnet-pub-1",
            "aws_vpc.bluegreen"
          ]
        },
        {
          "index_key": 25,
          "schema_version": 0,
          "attributes": {
            "availability_zone": null,
            "id": "arn:aws:elasticloadbalancing:eu-central-1:557403669124:targetgroup/blue-tg-lb/8667e6e4bd5c04ab-2022102412243635180000000f",
            "port": 80,
            "target_group_arn": "arn:aws:elasticloadbalancing:eu-central-1:557403669124:targetgroup/blue-tg-lb/8667e6e4bd5c04ab",
            "target_id": "i-07e66aab51310f444"
          },
          "sensitive_attributes": [],
          "private": "bnVsbA==",
          "dependencies": [
            "aws_instance.blue",
            "aws_lb_target_group.blue",
            "aws_security_group.ssh-allowed",
            "aws_subnet.bg-subnet-pub-1",
            "aws_vpc.bluegreen"
          ]
        },
        {
          "index_key": 26,
          "schema_version": 0,
          "attributes": {
            "availability_zone": null,
            "id": "arn:aws:elasticloadbalancing:eu-central-1:557403669124:targetgroup/blue-tg-lb/8667e6e4bd5c04ab-20221024122436368300000011",
            "port": 80,
            "target_group_arn": "arn:aws:elasticloadbalancing:eu-central-1:557403669124:targetgroup/blue-tg-lb/8667e6e4bd5c04ab",
            "target_id": "i-07e66aab51310f444"
          },
          "sensitive_attributes": [],
          "private": "bnVsbA==",
          "dependencies": [
            "aws_instance.blue",
            "aws_lb_target_group.blue",
            "aws_security_group.ssh-allowed",
            "aws_subnet.bg-subnet-pub-1",
            "aws_vpc.bluegreen"
          ]
        },
        {
          "index_key": 27,
          "schema_version": 0,
          "attributes": {
            "availability_zone": null,
            "id": "arn:aws:elasticloadbalancing:eu-central-1:557403669124:targetgroup/blue-tg-lb/8667e6e4bd5c04ab-20221024122436067500000004",
            "port": 80,
            "target_group_arn": "arn:aws:elasticloadbalancing:eu-central-1:557403669124:targetgroup/blue-tg-lb/8667e6e4bd5c04ab",
            "target_id": "i-07e66aab51310f444"
          },
          "sensitive_attributes": [],
          "private": "bnVsbA==",
          "dependencies": [
            "aws_instance.blue",
            "aws_lb_target_group.blue",
            "aws_security_group.ssh-allowed",
            "aws_subnet.bg-subnet-pub-1",
            "aws_vpc.bluegreen"
          ]
        },
        {
          "index_key": 28,
          "schema_version": 0,
          "attributes": {
            "availability_zone": null,
            "id": "arn:aws:elasticloadbalancing:eu-central-1:557403669124:targetgroup/blue-tg-lb/8667e6e4bd5c04ab-20221024122436447200000016",
            "port": 80,
            "target_group_arn": "arn:aws:elasticloadbalancing:eu-central-1:557403669124:targetgroup/blue-tg-lb/8667e6e4bd5c04ab",
            "target_id": "i-07e66aab51310f444"
          },
          "sensitive_attributes": [],
          "private": "bnVsbA==",
          "dependencies": [
            "aws_instance.blue",
            "aws_lb_target_group.blue",
            "aws_security_group.ssh-allowed",
            "aws_subnet.bg-subnet-pub-1",
            "aws_vpc.bluegreen"
          ]
        },
        {
          "index_key": 29,
          "schema_version": 0,
          "attributes": {
            "availability_zone": null,
            "id": "arn:aws:elasticloadbalancing:eu-central-1:557403669124:targetgroup/blue-tg-lb/8667e6e4bd5c04ab-20221024122436890200000027",
            "port": 80,
            "target_group_arn": "arn:aws:elasticloadbalancing:eu-central-1:557403669124:targetgroup/blue-tg-lb/8667e6e4bd5c04ab",
            "target_id": "i-07e66aab51310f444"
          },
          "sensitive_attributes": [],
          "private": "bnVsbA==",
          "dependencies": [
            "aws_instance.blue",
            "aws_lb_target_group.blue",
            "aws_security_group.ssh-allowed",
            "aws_subnet.bg-subnet-pub-1",
            "aws_vpc.bluegreen"
          ]
        },
        {
          "index_key": 30,
          "schema_version": 0,
          "attributes": {
            "availability_zone": null,
            "id": "arn:aws:elasticloadbalancing:eu-central-1:557403669124:targetgroup/blue-tg-lb/8667e6e4bd5c04ab-20221024122436354300000010",
            "port": 80,
            "target_group_arn": "arn:aws:elasticloadbalancing:eu-central-1:557403669124:targetgroup/blue-tg-lb/8667e6e4bd5c04ab",
            "target_id": "i-07e66aab51310f444"
          },
          "sensitive_attributes": [],
          "private": "bnVsbA==",
          "dependencies": [
            "aws_instance.blue",
            "aws_lb_target_group.blue",
            "aws_security_group.ssh-allowed",
            "aws_subnet.bg-subnet-pub-1",
            "aws_vpc.bluegreen"
          ]
        },
        {
          "index_key": 31,
          "schema_version": 0,
          "attributes": {
            "availability_zone": null,
            "id": "arn:aws:elasticloadbalancing:eu-central-1:557403669124:targetgroup/blue-tg-lb/8667e6e4bd5c04ab-20221024122436092100000006",
            "port": 80,
            "target_group_arn": "arn:aws:elasticloadbalancing:eu-central-1:557403669124:targetgroup/blue-tg-lb/8667e6e4bd5c04ab",
            "target_id": "i-07e66aab51310f444"
          },
          "sensitive_attributes": [],
          "private": "bnVsbA==",
          "dependencies": [
            "aws_instance.blue",
            "aws_lb_target_group.blue",
            "aws_security_group.ssh-allowed",
            "aws_subnet.bg-subnet-pub-1",
            "aws_vpc.bluegreen"
          ]
        },
        {
          "index_key": 32,
          "schema_version": 0,
          "attributes": {
            "availability_zone": null,
            "id": "arn:aws:elasticloadbalancing:eu-central-1:557403669124:targetgroup/blue-tg-lb/8667e6e4bd5c04ab-2022102412243632760000000e",
            "port": 80,
            "target_group_arn": "arn:aws:elasticloadbalancing:eu-central-1:557403669124:targetgroup/blue-tg-lb/8667e6e4bd5c04ab",
            "target_id": "i-07e66aab51310f444"
          },
          "sensitive_attributes": [],
          "private": "bnVsbA==",
          "dependencies": [
            "aws_instance.blue",
            "aws_lb_target_group.blue",
            "aws_security_group.ssh-allowed",
            "aws_subnet.bg-subnet-pub-1",
            "aws_vpc.bluegreen"
          ]
        },
        {
          "index_key": 33,
          "schema_version": 0,
          "attributes": {
            "availability_zone": null,
            "id": "arn:aws:elasticloadbalancing:eu-central-1:557403669124:targetgroup/blue-tg-lb/8667e6e4bd5c04ab-2022102412250237390000006e",
            "port": 80,
            "target_group_arn": "arn:aws:elasticloadbalancing:eu-central-1:557403669124:targetgroup/blue-tg-lb/8667e6e4bd5c04ab",
            "target_id": "i-07e66aab51310f444"
          },
          "sensitive_attributes": [],
          "private": "bnVsbA==",
          "dependencies": [
            "aws_instance.blue",
            "aws_lb_target_group.blue",
            "aws_security_group.ssh-allowed",
            "aws_subnet.bg-subnet-pub-1",
            "aws_vpc.bluegreen"
          ]
        },
        {
          "index_key": 34,
          "schema_version": 0,
          "attributes": {
            "availability_zone": null,
            "id": "arn:aws:elasticloadbalancing:eu-central-1:557403669124:targetgroup/blue-tg-lb/8667e6e4bd5c04ab-2022102412243615040000000c",
            "port": 80,
            "target_group_arn": "arn:aws:elasticloadbalancing:eu-central-1:557403669124:targetgroup/blue-tg-lb/8667e6e4bd5c04ab",
            "target_id": "i-07e66aab51310f444"
          },
          "sensitive_attributes": [],
          "private": "bnVsbA==",
          "dependencies": [
            "aws_instance.blue",
            "aws_lb_target_group.blue",
            "aws_security_group.ssh-allowed",
            "aws_subnet.bg-subnet-pub-1",
            "aws_vpc.bluegreen"
          ]
        },
        {
          "index_key": 35,
          "schema_version": 0,
          "attributes": {
            "availability_zone": null,
            "id": "arn:aws:elasticloadbalancing:eu-central-1:557403669124:targetgroup/blue-tg-lb/8667e6e4bd5c04ab-20221024122436098100000008",
            "port": 80,
            "target_group_arn": "arn:aws:elasticloadbalancing:eu-central-1:557403669124:targetgroup/blue-tg-lb/8667e6e4bd5c04ab",
            "target_id": "i-07e66aab51310f444"
          },
          "sensitive_attributes": [],
          "private": "bnVsbA==",
          "dependencies": [
            "aws_instance.blue",
            "aws_lb_target_group.blue",
            "aws_security_group.ssh-allowed",
            "aws_subnet.bg-subnet-pub-1",
            "aws_vpc.bluegreen"
          ]
        },
        {
          "index_key": 36,
          "schema_version": 0,
          "attributes": {
            "availability_zone": null,
            "id": "arn:aws:elasticloadbalancing:eu-central-1:557403669124:targetgroup/blue-tg-lb/8667e6e4bd5c04ab-20221024122436550400000019",
            "port": 80,
            "target_group_arn": "arn:aws:elasticloadbalancing:eu-central-1:557403669124:targetgroup/blue-tg-lb/8667e6e4bd5c04ab",
            "target_id": "i-07e66aab51310f444"
          },
          "sensitive_attributes": [],
          "private": "bnVsbA==",
          "dependencies": [
            "aws_instance.blue",
            "aws_lb_target_group.blue",
            "aws_security_group.ssh-allowed",
            "aws_subnet.bg-subnet-pub-1",
            "aws_vpc.bluegreen"
          ]
        },
        {
          "index_key": 37,
          "schema_version": 0,
          "attributes": {
            "availability_zone": null,
            "id": "arn:aws:elasticloadbalancing:eu-central-1:557403669124:targetgroup/blue-tg-lb/8667e6e4bd5c04ab-2022102412243661800000001e",
            "port": 80,
            "target_group_arn": "arn:aws:elasticloadbalancing:eu-central-1:557403669124:targetgroup/blue-tg-lb/8667e6e4bd5c04ab",
            "target_id": "i-07e66aab51310f444"
          },
          "sensitive_attributes": [],
          "private": "bnVsbA==",
          "dependencies": [
            "aws_instance.blue",
            "aws_lb_target_group.blue",
            "aws_security_group.ssh-allowed",
            "aws_subnet.bg-subnet-pub-1",
            "aws_vpc.bluegreen"
          ]
        },
        {
          "index_key": 38,
          "schema_version": 0,
          "attributes": {
            "availability_zone": null,
            "id": "arn:aws:elasticloadbalancing:eu-central-1:557403669124:targetgroup/blue-tg-lb/8667e6e4bd5c04ab-20221024122435993100000003",
            "port": 80,
            "target_group_arn": "arn:aws:elasticloadbalancing:eu-central-1:557403669124:targetgroup/blue-tg-lb/8667e6e4bd5c04ab",
            "target_id": "i-07e66aab51310f444"
          },
          "sensitive_attributes": [],
          "private": "bnVsbA==",
          "dependencies": [
            "aws_instance.blue",
            "aws_lb_target_group.blue",
            "aws_security_group.ssh-allowed",
            "aws_subnet.bg-subnet-pub-1",
            "aws_vpc.bluegreen"
          ]
        },
        {
          "index_key": 39,
          "schema_version": 0,
          "attributes": {
            "availability_zone": null,
            "id": "arn:aws:elasticloadbalancing:eu-central-1:557403669124:targetgroup/blue-tg-lb/8667e6e4bd5c04ab-20221024122443779000000034",
            "port": 80,
            "target_group_arn": "arn:aws:elasticloadbalancing:eu-central-1:557403669124:targetgroup/blue-tg-lb/8667e6e4bd5c04ab",
            "target_id": "i-07e66aab51310f444"
          },
          "sensitive_attributes": [],
          "private": "bnVsbA==",
          "dependencies": [
            "aws_instance.blue",
            "aws_lb_target_group.blue",
            "aws_security_group.ssh-allowed",
            "aws_subnet.bg-subnet-pub-1",
            "aws_vpc.bluegreen"
          ]
        },
        {
          "index_key": 40,
          "schema_version": 0,
          "attributes": {
            "availability_zone": null,
            "id": "arn:aws:elasticloadbalancing:eu-central-1:557403669124:targetgroup/blue-tg-lb/8667e6e4bd5c04ab-20221024122436549700000018",
            "port": 80,
            "target_group_arn": "arn:aws:elasticloadbalancing:eu-central-1:557403669124:targetgroup/blue-tg-lb/8667e6e4bd5c04ab",
            "target_id": "i-07e66aab51310f444"
          },
          "sensitive_attributes": [],
          "private": "bnVsbA==",
          "dependencies": [
            "aws_instance.blue",
            "aws_lb_target_group.blue",
            "aws_security_group.ssh-allowed",
            "aws_subnet.bg-subnet-pub-1",
            "aws_vpc.bluegreen"
          ]
        },
        {
          "index_key": 41,
          "schema_version": 0,
          "attributes": {
            "availability_zone": null,
            "id": "arn:aws:elasticloadbalancing:eu-central-1:557403669124:targetgroup/blue-tg-lb/8667e6e4bd5c04ab-20221024122436470100000017",
            "port": 80,
            "target_group_arn": "arn:aws:elasticloadbalancing:eu-central-1:557403669124:targetgroup/blue-tg-lb/8667e6e4bd5c04ab",
            "target_id": "i-07e66aab51310f444"
          },
          "sensitive_attributes": [],
          "private": "bnVsbA==",
          "dependencies": [
            "aws_instance.blue",
            "aws_lb_target_group.blue",
            "aws_security_group.ssh-allowed",
            "aws_subnet.bg-subnet-pub-1",
            "aws_vpc.bluegreen"
          ]
        },
        {
          "index_key": 42,
          "schema_version": 0,
          "attributes": {
            "availability_zone": null,
            "id": "arn:aws:elasticloadbalancing:eu-central-1:557403669124:targetgroup/blue-tg-lb/8667e6e4bd5c04ab-20221024122436873600000026",
            "port": 80,
            "target_group_arn": "arn:aws:elasticloadbalancing:eu-central-1:557403669124:targetgroup/blue-tg-lb/8667e6e4bd5c04ab",
            "target_id": "i-07e66aab51310f444"
          },
          "sensitive_attributes": [],
          "private": "bnVsbA==",
          "dependencies": [
            "aws_instance.blue",
            "aws_lb_target_group.blue",
            "aws_security_group.ssh-allowed",
            "aws_subnet.bg-subnet-pub-1",
            "aws_vpc.bluegreen"
          ]
        },
        {
          "index_key": 43,
          "schema_version": 0,
          "attributes": {
            "availability_zone": null,
            "id": "arn:aws:elasticloadbalancing:eu-central-1:557403669124:targetgroup/blue-tg-lb/8667e6e4bd5c04ab-2022102412244246140000002e",
            "port": 80,
            "target_group_arn": "arn:aws:elasticloadbalancing:eu-central-1:557403669124:targetgroup/blue-tg-lb/8667e6e4bd5c04ab",
            "target_id": "i-07e66aab51310f444"
          },
          "sensitive_attributes": [],
          "private": "bnVsbA==",
          "dependencies": [
            "aws_instance.blue",
            "aws_lb_target_group.blue",
            "aws_security_group.ssh-allowed",
            "aws_subnet.bg-subnet-pub-1",
            "aws_vpc.bluegreen"
          ]
        },
        {
          "index_key": 44,
          "schema_version": 0,
          "attributes": {
            "availability_zone": null,
            "id": "arn:aws:elasticloadbalancing:eu-central-1:557403669124:targetgroup/blue-tg-lb/8667e6e4bd5c04ab-20221024122443160100000032",
            "port": 80,
            "target_group_arn": "arn:aws:elasticloadbalancing:eu-central-1:557403669124:targetgroup/blue-tg-lb/8667e6e4bd5c04ab",
            "target_id": "i-07e66aab51310f444"
          },
          "sensitive_attributes": [],
          "private": "bnVsbA==",
          "dependencies": [
            "aws_instance.blue",
            "aws_lb_target_group.blue",
            "aws_security_group.ssh-allowed",
            "aws_subnet.bg-subnet-pub-1",
            "aws_vpc.bluegreen"
          ]
        },
        {
          "index_key": 45,
          "schema_version": 0,
          "attributes": {
            "availability_zone": null,
            "id": "arn:aws:elasticloadbalancing:eu-central-1:557403669124:targetgroup/blue-tg-lb/8667e6e4bd5c04ab-20221024122436890200000028",
            "port": 80,
            "target_group_arn": "arn:aws:elasticloadbalancing:eu-central-1:557403669124:targetgroup/blue-tg-lb/8667e6e4bd5c04ab",
            "target_id": "i-07e66aab51310f444"
          },
          "sensitive_attributes": [],
          "private": "bnVsbA==",
          "dependencies": [
            "aws_instance.blue",
            "aws_lb_target_group.blue",
            "aws_security_group.ssh-allowed",
            "aws_subnet.bg-subnet-pub-1",
            "aws_vpc.bluegreen"
          ]
        },
        {
          "index_key": 46,
          "schema_version": 0,
          "attributes": {
            "availability_zone": null,
            "id": "arn:aws:elasticloadbalancing:eu-central-1:557403669124:targetgroup/blue-tg-lb/8667e6e4bd5c04ab-20221024122442777400000030",
            "port": 80,
            "target_group_arn": "arn:aws:elasticloadbalancing:eu-central-1:557403669124:targetgroup/blue-tg-lb/8667e6e4bd5c04ab",
            "target_id": "i-07e66aab51310f444"
          },
          "sensitive_attributes": [],
          "private": "bnVsbA==",
          "dependencies": [
            "aws_instance.blue",
            "aws_lb_target_group.blue",
            "aws_security_group.ssh-allowed",
            "aws_subnet.bg-subnet-pub-1",
            "aws_vpc.bluegreen"
          ]
        },
        {
          "index_key": 47,
          "schema_version": 0,
          "attributes": {
            "availability_zone": null,
            "id": "arn:aws:elasticloadbalancing:eu-central-1:557403669124:targetgroup/blue-tg-lb/8667e6e4bd5c04ab-20221024122436734400000022",
            "port": 80,
            "target_group_arn": "arn:aws:elasticloadbalancing:eu-central-1:557403669124:targetgroup/blue-tg-lb/8667e6e4bd5c04ab",
            "target_id": "i-07e66aab51310f444"
          },
          "sensitive_attributes": [],
          "private": "bnVsbA==",
          "dependencies": [
            "aws_instance.blue",
            "aws_lb_target_group.blue",
            "aws_security_group.ssh-allowed",
            "aws_subnet.bg-subnet-pub-1",
            "aws_vpc.bluegreen"
          ]
        },
        {
          "index_key": 48,
          "schema_version": 0,
          "attributes": {
            "availability_zone": null,
            "id": "arn:aws:elasticloadbalancing:eu-central-1:557403669124:targetgroup/blue-tg-lb/8667e6e4bd5c04ab-20221024122443301100000033",
            "port": 80,
            "target_group_arn": "arn:aws:elasticloadbalancing:eu-central-1:557403669124:targetgroup/blue-tg-lb/8667e6e4bd5c04ab",
            "target_id": "i-07e66aab51310f444"
          },
          "sensitive_attributes": [],
          "private": "bnVsbA==",
          "dependencies": [
            "aws_instance.blue",
            "aws_lb_target_group.blue",
            "aws_security_group.ssh-allowed",
            "aws_subnet.bg-subnet-pub-1",
            "aws_vpc.bluegreen"
          ]
        },
        {
          "index_key": 49,
          "schema_version": 0,
          "attributes": {
            "availability_zone": null,
            "id": "arn:aws:elasticloadbalancing:eu-central-1:557403669124:targetgroup/blue-tg-lb/8667e6e4bd5c04ab-20221024122436394500000014",
            "port": 80,
            "target_group_arn": "arn:aws:elasticloadbalancing:eu-central-1:557403669124:targetgroup/blue-tg-lb/8667e6e4bd5c04ab",
            "target_id": "i-07e66aab51310f444"
          },
          "sensitive_attributes": [],
          "private": "bnVsbA==",
          "dependencies": [
            "aws_instance.blue",
            "aws_lb_target_group.blue",
            "aws_security_group.ssh-allowed",
            "aws_subnet.bg-subnet-pub-1",
            "aws_vpc.bluegreen"
          ]
        },
        {
          "index_key": 50,
          "schema_version": 0,
          "attributes": {
            "availability_zone": null,
            "id": "arn:aws:elasticloadbalancing:eu-central-1:557403669124:targetgroup/blue-tg-lb/8667e6e4bd5c04ab-2022102412244228890000002d",
            "port": 80,
            "target_group_arn": "arn:aws:elasticloadbalancing:eu-central-1:557403669124:targetgroup/blue-tg-lb/8667e6e4bd5c04ab",
            "target_id": "i-07e66aab51310f444"
          },
          "sensitive_attributes": [],
          "private": "bnVsbA==",
          "dependencies": [
            "aws_instance.blue",
            "aws_lb_target_group.blue",
            "aws_security_group.ssh-allowed",
            "aws_subnet.bg-subnet-pub-1",
            "aws_vpc.bluegreen"
          ]
        },
        {
          "index_key": 51,
          "schema_version": 0,
          "attributes": {
            "availability_zone": null,
            "id": "arn:aws:elasticloadbalancing:eu-central-1:557403669124:targetgroup/blue-tg-lb/8667e6e4bd5c04ab-20221024122443779100000035",
            "port": 80,
            "target_group_arn": "arn:aws:elasticloadbalancing:eu-central-1:557403669124:targetgroup/blue-tg-lb/8667e6e4bd5c04ab",
            "target_id": "i-07e66aab51310f444"
          },
          "sensitive_attributes": [],
          "private": "bnVsbA==",
          "dependencies": [
            "aws_instance.blue",
            "aws_lb_target_group.blue",
            "aws_security_group.ssh-allowed",
            "aws_subnet.bg-subnet-pub-1",
            "aws_vpc.bluegreen"
          ]
        },
        {
          "index_key": 52,
          "schema_version": 0,
          "attributes": {
            "availability_zone": null,
            "id": "arn:aws:elasticloadbalancing:eu-central-1:557403669124:targetgroup/blue-tg-lb/8667e6e4bd5c04ab-2022102412243690620000002c",
            "port": 80,
            "target_group_arn": "arn:aws:elasticloadbalancing:eu-central-1:557403669124:targetgroup/blue-tg-lb/8667e6e4bd5c04ab",
            "target_id": "i-07e66aab51310f444"
          },
          "sensitive_attributes": [],
          "private": "bnVsbA==",
          "dependencies": [
            "aws_instance.blue",
            "aws_lb_target_group.blue",
            "aws_security_group.ssh-allowed",
            "aws_subnet.bg-subnet-pub-1",
            "aws_vpc.bluegreen"
          ]
        },
        {
          "index_key": 53,
          "schema_version": 0,
          "attributes": {
            "availability_zone": null,
            "id": "arn:aws:elasticloadbalancing:eu-central-1:557403669124:targetgroup/blue-tg-lb/8667e6e4bd5c04ab-2022102412243690590000002b",
            "port": 80,
            "target_group_arn": "arn:aws:elasticloadbalancing:eu-central-1:557403669124:targetgroup/blue-tg-lb/8667e6e4bd5c04ab",
            "target_id": "i-07e66aab51310f444"
          },
          "sensitive_attributes": [],
          "private": "bnVsbA==",
          "dependencies": [
            "aws_instance.blue",
            "aws_lb_target_group.blue",
            "aws_security_group.ssh-allowed",
            "aws_subnet.bg-subnet-pub-1",
            "aws_vpc.bluegreen"
          ]
        },
        {
          "index_key": 54,
          "schema_version": 0,
          "attributes": {
            "availability_zone": null,
            "id": "arn:aws:elasticloadbalancing:eu-central-1:557403669124:targetgroup/blue-tg-lb/8667e6e4bd5c04ab-2022102412243661800000001c",
            "port": 80,
            "target_group_arn": "arn:aws:elasticloadbalancing:eu-central-1:557403669124:targetgroup/blue-tg-lb/8667e6e4bd5c04ab",
            "target_id": "i-07e66aab51310f444"
          },
          "sensitive_attributes": [],
          "private": "bnVsbA==",
          "dependencies": [
            "aws_instance.blue",
            "aws_lb_target_group.blue",
            "aws_security_group.ssh-allowed",
            "aws_subnet.bg-subnet-pub-1",
            "aws_vpc.bluegreen"
          ]
        }
      ]
    },
    {
      "mode": "managed",
      "type": "aws_lb_target_group_attachment",
      "name": "green",
      "provider": "provider[\"registry.terraform.io/hashicorp/aws\"]",
      "instances": [
        {
          "index_key": 0,
          "schema_version": 0,
          "attributes": {
            "availability_zone": null,
            "id": "arn:aws:elasticloadbalancing:eu-central-1:557403669124:targetgroup/green-tg-lb/f14383e423c13553-20221024122451837500000052",
            "port": 80,
            "target_group_arn": "arn:aws:elasticloadbalancing:eu-central-1:557403669124:targetgroup/green-tg-lb/f14383e423c13553",
            "target_id": "i-045ce0d592321961b"
          },
          "sensitive_attributes": [],
          "private": "bnVsbA==",
          "dependencies": [
            "aws_instance.green",
            "aws_lb_target_group.green",
            "aws_security_group.ssh-allowed",
            "aws_subnet.bg-subnet-pub-1",
            "aws_vpc.bluegreen"
          ]
        },
        {
          "index_key": 1,
          "schema_version": 0,
          "attributes": {
            "availability_zone": null,
            "id": "arn:aws:elasticloadbalancing:eu-central-1:557403669124:targetgroup/green-tg-lb/f14383e423c13553-20221024122446210400000040",
            "port": 80,
            "target_group_arn": "arn:aws:elasticloadbalancing:eu-central-1:557403669124:targetgroup/green-tg-lb/f14383e423c13553",
            "target_id": "i-045ce0d592321961b"
          },
          "sensitive_attributes": [],
          "private": "bnVsbA==",
          "dependencies": [
            "aws_instance.green",
            "aws_lb_target_group.green",
            "aws_security_group.ssh-allowed",
            "aws_subnet.bg-subnet-pub-1",
            "aws_vpc.bluegreen"
          ]
        },
        {
          "index_key": 2,
          "schema_version": 0,
          "attributes": {
            "availability_zone": null,
            "id": "arn:aws:elasticloadbalancing:eu-central-1:557403669124:targetgroup/green-tg-lb/f14383e423c13553-2022102412244619390000003e",
            "port": 80,
            "target_group_arn": "arn:aws:elasticloadbalancing:eu-central-1:557403669124:targetgroup/green-tg-lb/f14383e423c13553",
            "target_id": "i-045ce0d592321961b"
          },
          "sensitive_attributes": [],
          "private": "bnVsbA==",
          "dependencies": [
            "aws_instance.green",
            "aws_lb_target_group.green",
            "aws_security_group.ssh-allowed",
            "aws_subnet.bg-subnet-pub-1",
            "aws_vpc.bluegreen"
          ]
        },
        {
          "index_key": 3,
          "schema_version": 0,
          "attributes": {
            "availability_zone": null,
            "id": "arn:aws:elasticloadbalancing:eu-central-1:557403669124:targetgroup/green-tg-lb/f14383e423c13553-2022102412250091590000005f",
            "port": 80,
            "target_group_arn": "arn:aws:elasticloadbalancing:eu-central-1:557403669124:targetgroup/green-tg-lb/f14383e423c13553",
            "target_id": "i-045ce0d592321961b"
          },
          "sensitive_attributes": [],
          "private": "bnVsbA==",
          "dependencies": [
            "aws_instance.green",
            "aws_lb_target_group.green",
            "aws_security_group.ssh-allowed",
            "aws_subnet.bg-subnet-pub-1",
            "aws_vpc.bluegreen"
          ]
        },
        {
          "index_key": 4,
          "schema_version": 0,
          "attributes": {
            "availability_zone": null,
            "id": "arn:aws:elasticloadbalancing:eu-central-1:557403669124:targetgroup/green-tg-lb/f14383e423c13553-20221024122451745400000051",
            "port": 80,
            "target_group_arn": "arn:aws:elasticloadbalancing:eu-central-1:557403669124:targetgroup/green-tg-lb/f14383e423c13553",
            "target_id": "i-045ce0d592321961b"
          },
          "sensitive_attributes": [],
          "private": "bnVsbA==",
          "dependencies": [
            "aws_instance.green",
            "aws_lb_target_group.green",
            "aws_security_group.ssh-allowed",
            "aws_subnet.bg-subnet-pub-1",
            "aws_vpc.bluegreen"
          ]
        },
        {
          "index_key": 5,
          "schema_version": 0,
          "attributes": {
            "availability_zone": null,
            "id": "arn:aws:elasticloadbalancing:eu-central-1:557403669124:targetgroup/green-tg-lb/f14383e423c13553-20221024122500939700000063",
            "port": 80,
            "target_group_arn": "arn:aws:elasticloadbalancing:eu-central-1:557403669124:targetgroup/green-tg-lb/f14383e423c13553",
            "target_id": "i-045ce0d592321961b"
          },
          "sensitive_attributes": [],
          "private": "bnVsbA==",
          "dependencies": [
            "aws_instance.green",
            "aws_lb_target_group.green",
            "aws_security_group.ssh-allowed",
            "aws_subnet.bg-subnet-pub-1",
            "aws_vpc.bluegreen"
          ]
        },
        {
          "index_key": 6,
          "schema_version": 0,
          "attributes": {
            "availability_zone": null,
            "id": "arn:aws:elasticloadbalancing:eu-central-1:557403669124:targetgroup/green-tg-lb/f14383e423c13553-20221024122446014700000038",
            "port": 80,
            "target_group_arn": "arn:aws:elasticloadbalancing:eu-central-1:557403669124:targetgroup/green-tg-lb/f14383e423c13553",
            "target_id": "i-045ce0d592321961b"
          },
          "sensitive_attributes": [],
          "private": "bnVsbA==",
          "dependencies": [
            "aws_instance.green",
            "aws_lb_target_group.green",
            "aws_security_group.ssh-allowed",
            "aws_subnet.bg-subnet-pub-1",
            "aws_vpc.bluegreen"
          ]
        },
        {
          "index_key": 7,
          "schema_version": 0,
          "attributes": {
            "availability_zone": null,
            "id": "arn:aws:elasticloadbalancing:eu-central-1:557403669124:targetgroup/green-tg-lb/f14383e423c13553-20221024122500939600000062",
            "port": 80,
            "target_group_arn": "arn:aws:elasticloadbalancing:eu-central-1:557403669124:targetgroup/green-tg-lb/f14383e423c13553",
            "target_id": "i-045ce0d592321961b"
          },
          "sensitive_attributes": [],
          "private": "bnVsbA==",
          "dependencies": [
            "aws_instance.green",
            "aws_lb_target_group.green",
            "aws_security_group.ssh-allowed",
            "aws_subnet.bg-subnet-pub-1",
            "aws_vpc.bluegreen"
          ]
        },
        {
          "index_key": 8,
          "schema_version": 0,
          "attributes": {
            "availability_zone": null,
            "id": "arn:aws:elasticloadbalancing:eu-central-1:557403669124:targetgroup/green-tg-lb/f14383e423c13553-2022102412244649510000004c",
            "port": 80,
            "target_group_arn": "arn:aws:elasticloadbalancing:eu-central-1:557403669124:targetgroup/green-tg-lb/f14383e423c13553",
            "target_id": "i-045ce0d592321961b"
          },
          "sensitive_attributes": [],
          "private": "bnVsbA==",
          "dependencies": [
            "aws_instance.green",
            "aws_lb_target_group.green",
            "aws_security_group.ssh-allowed",
            "aws_subnet.bg-subnet-pub-1",
            "aws_vpc.bluegreen"
          ]
        },
        {
          "index_key": 9,
          "schema_version": 0,
          "attributes": {
            "availability_zone": null,
            "id": "arn:aws:elasticloadbalancing:eu-central-1:557403669124:targetgroup/green-tg-lb/f14383e423c13553-2022102412244649200000004b",
            "port": 80,
            "target_group_arn": "arn:aws:elasticloadbalancing:eu-central-1:557403669124:targetgroup/green-tg-lb/f14383e423c13553",
            "target_id": "i-045ce0d592321961b"
          },
          "sensitive_attributes": [],
          "private": "bnVsbA==",
          "dependencies": [
            "aws_instance.green",
            "aws_lb_target_group.green",
            "aws_security_group.ssh-allowed",
            "aws_subnet.bg-subnet-pub-1",
            "aws_vpc.bluegreen"
          ]
        },
        {
          "index_key": 10,
          "schema_version": 0,
          "attributes": {
            "availability_zone": null,
            "id": "arn:aws:elasticloadbalancing:eu-central-1:557403669124:targetgroup/green-tg-lb/f14383e423c13553-2022102412245334170000005c",
            "port": 80,
            "target_group_arn": "arn:aws:elasticloadbalancing:eu-central-1:557403669124:targetgroup/green-tg-lb/f14383e423c13553",
            "target_id": "i-045ce0d592321961b"
          },
          "sensitive_attributes": [],
          "private": "bnVsbA==",
          "dependencies": [
            "aws_instance.green",
            "aws_lb_target_group.green",
            "aws_security_group.ssh-allowed",
            "aws_subnet.bg-subnet-pub-1",
            "aws_vpc.bluegreen"
          ]
        },
        {
          "index_key": 11,
          "schema_version": 0,
          "attributes": {
            "availability_zone": null,
            "id": "arn:aws:elasticloadbalancing:eu-central-1:557403669124:targetgroup/green-tg-lb/f14383e423c13553-2022102412244619780000003f",
            "port": 80,
            "target_group_arn": "arn:aws:elasticloadbalancing:eu-central-1:557403669124:targetgroup/green-tg-lb/f14383e423c13553",
            "target_id": "i-045ce0d592321961b"
          },
          "sensitive_attributes": [],
          "private": "bnVsbA==",
          "dependencies": [
            "aws_instance.green",
            "aws_lb_target_group.green",
            "aws_security_group.ssh-allowed",
            "aws_subnet.bg-subnet-pub-1",
            "aws_vpc.bluegreen"
          ]
        },
        {
          "index_key": 12,
          "schema_version": 0,
          "attributes": {
            "availability_zone": null,
            "id": "arn:aws:elasticloadbalancing:eu-central-1:557403669124:targetgroup/green-tg-lb/f14383e423c13553-20221024122446348200000045",
            "port": 80,
            "target_group_arn": "arn:aws:elasticloadbalancing:eu-central-1:557403669124:targetgroup/green-tg-lb/f14383e423c13553",
            "target_id": "i-045ce0d592321961b"
          },
          "sensitive_attributes": [],
          "private": "bnVsbA==",
          "dependencies": [
            "aws_instance.green",
            "aws_lb_target_group.green",
            "aws_security_group.ssh-allowed",
            "aws_subnet.bg-subnet-pub-1",
            "aws_vpc.bluegreen"
          ]
        },
        {
          "index_key": 13,
          "schema_version": 0,
          "attributes": {
            "availability_zone": null,
            "id": "arn:aws:elasticloadbalancing:eu-central-1:557403669124:targetgroup/green-tg-lb/f14383e423c13553-20221024122501125600000069",
            "port": 80,
            "target_group_arn": "arn:aws:elasticloadbalancing:eu-central-1:557403669124:targetgroup/green-tg-lb/f14383e423c13553",
            "target_id": "i-045ce0d592321961b"
          },
          "sensitive_attributes": [],
          "private": "bnVsbA==",
          "dependencies": [
            "aws_instance.green",
            "aws_lb_target_group.green",
            "aws_security_group.ssh-allowed",
            "aws_subnet.bg-subnet-pub-1",
            "aws_vpc.bluegreen"
          ]
        },
        {
          "index_key": 14,
          "schema_version": 0,
          "attributes": {
            "availability_zone": null,
            "id": "arn:aws:elasticloadbalancing:eu-central-1:557403669124:targetgroup/green-tg-lb/f14383e423c13553-20221024122446390800000047",
            "port": 80,
            "target_group_arn": "arn:aws:elasticloadbalancing:eu-central-1:557403669124:targetgroup/green-tg-lb/f14383e423c13553",
            "target_id": "i-045ce0d592321961b"
          },
          "sensitive_attributes": [],
          "private": "bnVsbA==",
          "dependencies": [
            "aws_instance.green",
            "aws_lb_target_group.green",
            "aws_security_group.ssh-allowed",
            "aws_subnet.bg-subnet-pub-1",
            "aws_vpc.bluegreen"
          ]
        },
        {
          "index_key": 15,
          "schema_version": 0,
          "attributes": {
            "availability_zone": null,
            "id": "arn:aws:elasticloadbalancing:eu-central-1:557403669124:targetgroup/green-tg-lb/f14383e423c13553-2022102412244647180000004a",
            "port": 80,
            "target_group_arn": "arn:aws:elasticloadbalancing:eu-central-1:557403669124:targetgroup/green-tg-lb/f14383e423c13553",
            "target_id": "i-045ce0d592321961b"
          },
          "sensitive_attributes": [],
          "private": "bnVsbA==",
          "dependencies": [
            "aws_instance.green",
            "aws_lb_target_group.green",
            "aws_security_group.ssh-allowed",
            "aws_subnet.bg-subnet-pub-1",
            "aws_vpc.bluegreen"
          ]
        },
        {
          "index_key": 16,
          "schema_version": 0,
          "attributes": {
            "availability_zone": null,
            "id": "arn:aws:elasticloadbalancing:eu-central-1:557403669124:targetgroup/green-tg-lb/f14383e423c13553-20221024122501120400000067",
            "port": 80,
            "target_group_arn": "arn:aws:elasticloadbalancing:eu-central-1:557403669124:targetgroup/green-tg-lb/f14383e423c13553",
            "target_id": "i-045ce0d592321961b"
          },
          "sensitive_attributes": [],
          "private": "bnVsbA==",
          "dependencies": [
            "aws_instance.green",
            "aws_lb_target_group.green",
            "aws_security_group.ssh-allowed",
            "aws_subnet.bg-subnet-pub-1",
            "aws_vpc.bluegreen"
          ]
        },
        {
          "index_key": 17,
          "schema_version": 0,
          "attributes": {
            "availability_zone": null,
            "id": "arn:aws:elasticloadbalancing:eu-central-1:557403669124:targetgroup/green-tg-lb/f14383e423c13553-20221024122446351100000046",
            "port": 80,
            "target_group_arn": "arn:aws:elasticloadbalancing:eu-central-1:557403669124:targetgroup/green-tg-lb/f14383e423c13553",
            "target_id": "i-045ce0d592321961b"
          },
          "sensitive_attributes": [],
          "private": "bnVsbA==",
          "dependencies": [
            "aws_instance.green",
            "aws_lb_target_group.green",
            "aws_security_group.ssh-allowed",
            "aws_subnet.bg-subnet-pub-1",
            "aws_vpc.bluegreen"
          ]
        },
        {
          "index_key": 18,
          "schema_version": 0,
          "attributes": {
            "availability_zone": null,
            "id": "arn:aws:elasticloadbalancing:eu-central-1:557403669124:targetgroup/green-tg-lb/f14383e423c13553-2022102412245313840000005a",
            "port": 80,
            "target_group_arn": "arn:aws:elasticloadbalancing:eu-central-1:557403669124:targetgroup/green-tg-lb/f14383e423c13553",
            "target_id": "i-045ce0d592321961b"
          },
          "sensitive_attributes": [],
          "private": "bnVsbA==",
          "dependencies": [
            "aws_instance.green",
            "aws_lb_target_group.green",
            "aws_security_group.ssh-allowed",
            "aws_subnet.bg-subnet-pub-1",
            "aws_vpc.bluegreen"
          ]
        },
        {
          "index_key": 19,
          "schema_version": 0,
          "attributes": {
            "availability_zone": null,
            "id": "arn:aws:elasticloadbalancing:eu-central-1:557403669124:targetgroup/green-tg-lb/f14383e423c13553-20221024122452141200000055",
            "port": 80,
            "target_group_arn": "arn:aws:elasticloadbalancing:eu-central-1:557403669124:targetgroup/green-tg-lb/f14383e423c13553",
            "target_id": "i-045ce0d592321961b"
          },
          "sensitive_attributes": [],
          "private": "bnVsbA==",
          "dependencies": [
            "aws_instance.green",
            "aws_lb_target_group.green",
            "aws_security_group.ssh-allowed",
            "aws_subnet.bg-subnet-pub-1",
            "aws_vpc.bluegreen"
          ]
        },
        {
          "index_key": 20,
          "schema_version": 0,
          "attributes": {
            "availability_zone": null,
            "id": "arn:aws:elasticloadbalancing:eu-central-1:557403669124:targetgroup/green-tg-lb/f14383e423c13553-2022102412250123850000006b",
            "port": 80,
            "target_group_arn": "arn:aws:elasticloadbalancing:eu-central-1:557403669124:targetgroup/green-tg-lb/f14383e423c13553",
            "target_id": "i-045ce0d592321961b"
          },
          "sensitive_attributes": [],
          "private": "bnVsbA==",
          "dependencies": [
            "aws_instance.green",
            "aws_lb_target_group.green",
            "aws_security_group.ssh-allowed",
            "aws_subnet.bg-subnet-pub-1",
            "aws_vpc.bluegreen"
          ]
        },
        {
          "index_key": 21,
          "schema_version": 0,
          "attributes": {
            "availability_zone": null,
            "id": "arn:aws:elasticloadbalancing:eu-central-1:557403669124:targetgroup/green-tg-lb/f14383e423c13553-2022102412245335970000005d",
            "port": 80,
            "target_group_arn": "arn:aws:elasticloadbalancing:eu-central-1:557403669124:targetgroup/green-tg-lb/f14383e423c13553",
            "target_id": "i-045ce0d592321961b"
          },
          "sensitive_attributes": [],
          "private": "bnVsbA==",
          "dependencies": [
            "aws_instance.green",
            "aws_lb_target_group.green",
            "aws_security_group.ssh-allowed",
            "aws_subnet.bg-subnet-pub-1",
            "aws_vpc.bluegreen"
          ]
        },
        {
          "index_key": 22,
          "schema_version": 0,
          "attributes": {
            "availability_zone": null,
            "id": "arn:aws:elasticloadbalancing:eu-central-1:557403669124:targetgroup/green-tg-lb/f14383e423c13553-2022102412244601640000003a",
            "port": 80,
            "target_group_arn": "arn:aws:elasticloadbalancing:eu-central-1:557403669124:targetgroup/green-tg-lb/f14383e423c13553",
            "target_id": "i-045ce0d592321961b"
          },
          "sensitive_attributes": [],
          "private": "bnVsbA==",
          "dependencies": [
            "aws_instance.green",
            "aws_lb_target_group.green",
            "aws_security_group.ssh-allowed",
            "aws_subnet.bg-subnet-pub-1",
            "aws_vpc.bluegreen"
          ]
        },
        {
          "index_key": 23,
          "schema_version": 0,
          "attributes": {
            "availability_zone": null,
            "id": "arn:aws:elasticloadbalancing:eu-central-1:557403669124:targetgroup/green-tg-lb/f14383e423c13553-20221024122445964200000037",
            "port": 80,
            "target_group_arn": "arn:aws:elasticloadbalancing:eu-central-1:557403669124:targetgroup/green-tg-lb/f14383e423c13553",
            "target_id": "i-045ce0d592321961b"
          },
          "sensitive_attributes": [],
          "private": "bnVsbA==",
          "dependencies": [
            "aws_instance.green",
            "aws_lb_target_group.green",
            "aws_security_group.ssh-allowed",
            "aws_subnet.bg-subnet-pub-1",
            "aws_vpc.bluegreen"
          ]
        },
        {
          "index_key": 24,
          "schema_version": 0,
          "attributes": {
            "availability_zone": null,
            "id": "arn:aws:elasticloadbalancing:eu-central-1:557403669124:targetgroup/green-tg-lb/f14383e423c13553-2022102412244661150000004f",
            "port": 80,
            "target_group_arn": "arn:aws:elasticloadbalancing:eu-central-1:557403669124:targetgroup/green-tg-lb/f14383e423c13553",
            "target_id": "i-045ce0d592321961b"
          },
          "sensitive_attributes": [],
          "private": "bnVsbA==",
          "dependencies": [
            "aws_instance.green",
            "aws_lb_target_group.green",
            "aws_security_group.ssh-allowed",
            "aws_subnet.bg-subnet-pub-1",
            "aws_vpc.bluegreen"
          ]
        },
        {
          "index_key": 25,
          "schema_version": 0,
          "attributes": {
            "availability_zone": null,
            "id": "arn:aws:elasticloadbalancing:eu-central-1:557403669124:targetgroup/green-tg-lb/f14383e423c13553-2022102412244656790000004d",
            "port": 80,
            "target_group_arn": "arn:aws:elasticloadbalancing:eu-central-1:557403669124:targetgroup/green-tg-lb/f14383e423c13553",
            "target_id": "i-045ce0d592321961b"
          },
          "sensitive_attributes": [],
          "private": "bnVsbA==",
          "dependencies": [
            "aws_instance.green",
            "aws_lb_target_group.green",
            "aws_security_group.ssh-allowed",
            "aws_subnet.bg-subnet-pub-1",
            "aws_vpc.bluegreen"
          ]
        },
        {
          "index_key": 26,
          "schema_version": 0,
          "attributes": {
            "availability_zone": null,
            "id": "arn:aws:elasticloadbalancing:eu-central-1:557403669124:targetgroup/green-tg-lb/f14383e423c13553-20221024122451629700000050",
            "port": 80,
            "target_group_arn": "arn:aws:elasticloadbalancing:eu-central-1:557403669124:targetgroup/green-tg-lb/f14383e423c13553",
            "target_id": "i-045ce0d592321961b"
          },
          "sensitive_attributes": [],
          "private": "bnVsbA==",
          "dependencies": [
            "aws_instance.green",
            "aws_lb_target_group.green",
            "aws_security_group.ssh-allowed",
            "aws_subnet.bg-subnet-pub-1",
            "aws_vpc.bluegreen"
          ]
        },
        {
          "index_key": 27,
          "schema_version": 0,
          "attributes": {
            "availability_zone": null,
            "id": "arn:aws:elasticloadbalancing:eu-central-1:557403669124:targetgroup/green-tg-lb/f14383e423c13553-20221024122446327400000044",
            "port": 80,
            "target_group_arn": "arn:aws:elasticloadbalancing:eu-central-1:557403669124:targetgroup/green-tg-lb/f14383e423c13553",
            "target_id": "i-045ce0d592321961b"
          },
          "sensitive_attributes": [],
          "private": "bnVsbA==",
          "dependencies": [
            "aws_instance.green",
            "aws_lb_target_group.green",
            "aws_security_group.ssh-allowed",
            "aws_subnet.bg-subnet-pub-1",
            "aws_vpc.bluegreen"
          ]
        },
        {
          "index_key": 28,
          "schema_version": 0,
          "attributes": {
            "availability_zone": null,
            "id": "arn:aws:elasticloadbalancing:eu-central-1:557403669124:targetgroup/green-tg-lb/f14383e423c13553-20221024122501120500000068",
            "port": 80,
            "target_group_arn": "arn:aws:elasticloadbalancing:eu-central-1:557403669124:targetgroup/green-tg-lb/f14383e423c13553",
            "target_id": "i-045ce0d592321961b"
          },
          "sensitive_attributes": [],
          "private": "bnVsbA==",
          "dependencies": [
            "aws_instance.green",
            "aws_lb_target_group.green",
            "aws_security_group.ssh-allowed",
            "aws_subnet.bg-subnet-pub-1",
            "aws_vpc.bluegreen"
          ]
        },
        {
          "index_key": 29,
          "schema_version": 0,
          "attributes": {
            "availability_zone": null,
            "id": "arn:aws:elasticloadbalancing:eu-central-1:557403669124:targetgroup/green-tg-lb/f14383e423c13553-2022102412245348220000005e",
            "port": 80,
            "target_group_arn": "arn:aws:elasticloadbalancing:eu-central-1:557403669124:targetgroup/green-tg-lb/f14383e423c13553",
            "target_id": "i-045ce0d592321961b"
          },
          "sensitive_attributes": [],
          "private": "bnVsbA==",
          "dependencies": [
            "aws_instance.green",
            "aws_lb_target_group.green",
            "aws_security_group.ssh-allowed",
            "aws_subnet.bg-subnet-pub-1",
            "aws_vpc.bluegreen"
          ]
        },
        {
          "index_key": 30,
          "schema_version": 0,
          "attributes": {
            "availability_zone": null,
            "id": "arn:aws:elasticloadbalancing:eu-central-1:557403669124:targetgroup/green-tg-lb/f14383e423c13553-2022102412250124240000006c",
            "port": 80,
            "target_group_arn": "arn:aws:elasticloadbalancing:eu-central-1:557403669124:targetgroup/green-tg-lb/f14383e423c13553",
            "target_id": "i-045ce0d592321961b"
          },
          "sensitive_attributes": [],
          "private": "bnVsbA==",
          "dependencies": [
            "aws_instance.green",
            "aws_lb_target_group.green",
            "aws_security_group.ssh-allowed",
            "aws_subnet.bg-subnet-pub-1",
            "aws_vpc.bluegreen"
          ]
        },
        {
          "index_key": 31,
          "schema_version": 0,
          "attributes": {
            "availability_zone": null,
            "id": "arn:aws:elasticloadbalancing:eu-central-1:557403669124:targetgroup/green-tg-lb/f14383e423c13553-20221024122452900400000056",
            "port": 80,
            "target_group_arn": "arn:aws:elasticloadbalancing:eu-central-1:557403669124:targetgroup/green-tg-lb/f14383e423c13553",
            "target_id": "i-045ce0d592321961b"
          },
          "sensitive_attributes": [],
          "private": "bnVsbA==",
          "dependencies": [
            "aws_instance.green",
            "aws_lb_target_group.green",
            "aws_security_group.ssh-allowed",
            "aws_subnet.bg-subnet-pub-1",
            "aws_vpc.bluegreen"
          ]
        },
        {
          "index_key": 32,
          "schema_version": 0,
          "attributes": {
            "availability_zone": null,
            "id": "arn:aws:elasticloadbalancing:eu-central-1:557403669124:targetgroup/green-tg-lb/f14383e423c13553-20221024122445842000000036",
            "port": 80,
            "target_group_arn": "arn:aws:elasticloadbalancing:eu-central-1:557403669124:targetgroup/green-tg-lb/f14383e423c13553",
            "target_id": "i-045ce0d592321961b"
          },
          "sensitive_attributes": [],
          "private": "bnVsbA==",
          "dependencies": [
            "aws_instance.green",
            "aws_lb_target_group.green",
            "aws_security_group.ssh-allowed",
            "aws_subnet.bg-subnet-pub-1",
            "aws_vpc.bluegreen"
          ]
        },
        {
          "index_key": 33,
          "schema_version": 0,
          "attributes": {
            "availability_zone": null,
            "id": "arn:aws:elasticloadbalancing:eu-central-1:557403669124:targetgroup/green-tg-lb/f14383e423c13553-20221024122453052800000059",
            "port": 80,
            "target_group_arn": "arn:aws:elasticloadbalancing:eu-central-1:557403669124:targetgroup/green-tg-lb/f14383e423c13553",
            "target_id": "i-045ce0d592321961b"
          },
          "sensitive_attributes": [],
          "private": "bnVsbA==",
          "dependencies": [
            "aws_instance.green",
            "aws_lb_target_group.green",
            "aws_security_group.ssh-allowed",
            "aws_subnet.bg-subnet-pub-1",
            "aws_vpc.bluegreen"
          ]
        },
        {
          "index_key": 34,
          "schema_version": 0,
          "attributes": {
            "availability_zone": null,
            "id": "arn:aws:elasticloadbalancing:eu-central-1:557403669124:targetgroup/green-tg-lb/f14383e423c13553-20221024122500932200000061",
            "port": 80,
            "target_group_arn": "arn:aws:elasticloadbalancing:eu-central-1:557403669124:targetgroup/green-tg-lb/f14383e423c13553",
            "target_id": "i-045ce0d592321961b"
          },
          "sensitive_attributes": [],
          "private": "bnVsbA==",
          "dependencies": [
            "aws_instance.green",
            "aws_lb_target_group.green",
            "aws_security_group.ssh-allowed",
            "aws_subnet.bg-subnet-pub-1",
            "aws_vpc.bluegreen"
          ]
        },
        {
          "index_key": 35,
          "schema_version": 0,
          "attributes": {
            "availability_zone": null,
            "id": "arn:aws:elasticloadbalancing:eu-central-1:557403669124:targetgroup/green-tg-lb/f14383e423c13553-20221024122501076000000065",
            "port": 80,
            "target_group_arn": "arn:aws:elasticloadbalancing:eu-central-1:557403669124:targetgroup/green-tg-lb/f14383e423c13553",
            "target_id": "i-045ce0d592321961b"
          },
          "sensitive_attributes": [],
          "private": "bnVsbA==",
          "dependencies": [
            "aws_instance.green",
            "aws_lb_target_group.green",
            "aws_security_group.ssh-allowed",
            "aws_subnet.bg-subnet-pub-1",
            "aws_vpc.bluegreen"
          ]
        },
        {
          "index_key": 36,
          "schema_version": 0,
          "attributes": {
            "availability_zone": null,
            "id": "arn:aws:elasticloadbalancing:eu-central-1:557403669124:targetgroup/green-tg-lb/f14383e423c13553-2022102412244606270000003c",
            "port": 80,
            "target_group_arn": "arn:aws:elasticloadbalancing:eu-central-1:557403669124:targetgroup/green-tg-lb/f14383e423c13553",
            "target_id": "i-045ce0d592321961b"
          },
          "sensitive_attributes": [],
          "private": "bnVsbA==",
          "dependencies": [
            "aws_instance.green",
            "aws_lb_target_group.green",
            "aws_security_group.ssh-allowed",
            "aws_subnet.bg-subnet-pub-1",
            "aws_vpc.bluegreen"
          ]
        },
        {
          "index_key": 37,
          "schema_version": 0,
          "attributes": {
            "availability_zone": null,
            "id": "arn:aws:elasticloadbalancing:eu-central-1:557403669124:targetgroup/green-tg-lb/f14383e423c13553-20221024122453011000000058",
            "port": 80,
            "target_group_arn": "arn:aws:elasticloadbalancing:eu-central-1:557403669124:targetgroup/green-tg-lb/f14383e423c13553",
            "target_id": "i-045ce0d592321961b"
          },
          "sensitive_attributes": [],
          "private": "bnVsbA==",
          "dependencies": [
            "aws_instance.green",
            "aws_lb_target_group.green",
            "aws_security_group.ssh-allowed",
            "aws_subnet.bg-subnet-pub-1",
            "aws_vpc.bluegreen"
          ]
        },
        {
          "index_key": 38,
          "schema_version": 0,
          "attributes": {
            "availability_zone": null,
            "id": "arn:aws:elasticloadbalancing:eu-central-1:557403669124:targetgroup/green-tg-lb/f14383e423c13553-20221024122446249600000043",
            "port": 80,
            "target_group_arn": "arn:aws:elasticloadbalancing:eu-central-1:557403669124:targetgroup/green-tg-lb/f14383e423c13553",
            "target_id": "i-045ce0d592321961b"
          },
          "sensitive_attributes": [],
          "private": "bnVsbA==",
          "dependencies": [
            "aws_instance.green",
            "aws_lb_target_group.green",
            "aws_security_group.ssh-allowed",
            "aws_subnet.bg-subnet-pub-1",
            "aws_vpc.bluegreen"
          ]
        },
        {
          "index_key": 39,
          "schema_version": 0,
          "attributes": {
            "availability_zone": null,
            "id": "arn:aws:elasticloadbalancing:eu-central-1:557403669124:targetgroup/green-tg-lb/f14383e423c13553-2022102412245322110000005b",
            "port": 80,
            "target_group_arn": "arn:aws:elasticloadbalancing:eu-central-1:557403669124:targetgroup/green-tg-lb/f14383e423c13553",
            "target_id": "i-045ce0d592321961b"
          },
          "sensitive_attributes": [],
          "private": "bnVsbA==",
          "dependencies": [
            "aws_instance.green",
            "aws_lb_target_group.green",
            "aws_security_group.ssh-allowed",
            "aws_subnet.bg-subnet-pub-1",
            "aws_vpc.bluegreen"
          ]
        },
        {
          "index_key": 40,
          "schema_version": 0,
          "attributes": {
            "availability_zone": null,
            "id": "arn:aws:elasticloadbalancing:eu-central-1:557403669124:targetgroup/green-tg-lb/f14383e423c13553-20221024122452900400000057",
            "port": 80,
            "target_group_arn": "arn:aws:elasticloadbalancing:eu-central-1:557403669124:targetgroup/green-tg-lb/f14383e423c13553",
            "target_id": "i-045ce0d592321961b"
          },
          "sensitive_attributes": [],
          "private": "bnVsbA==",
          "dependencies": [
            "aws_instance.green",
            "aws_lb_target_group.green",
            "aws_security_group.ssh-allowed",
            "aws_subnet.bg-subnet-pub-1",
            "aws_vpc.bluegreen"
          ]
        },
        {
          "index_key": 41,
          "schema_version": 0,
          "attributes": {
            "availability_zone": null,
            "id": "arn:aws:elasticloadbalancing:eu-central-1:557403669124:targetgroup/green-tg-lb/f14383e423c13553-20221024122446390800000048",
            "port": 80,
            "target_group_arn": "arn:aws:elasticloadbalancing:eu-central-1:557403669124:targetgroup/green-tg-lb/f14383e423c13553",
            "target_id": "i-045ce0d592321961b"
          },
          "sensitive_attributes": [],
          "private": "bnVsbA==",
          "dependencies": [
            "aws_instance.green",
            "aws_lb_target_group.green",
            "aws_security_group.ssh-allowed",
            "aws_subnet.bg-subnet-pub-1",
            "aws_vpc.bluegreen"
          ]
        },
        {
          "index_key": 42,
          "schema_version": 0,
          "attributes": {
            "availability_zone": null,
            "id": "arn:aws:elasticloadbalancing:eu-central-1:557403669124:targetgroup/green-tg-lb/f14383e423c13553-20221024122500940800000064",
            "port": 80,
            "target_group_arn": "arn:aws:elasticloadbalancing:eu-central-1:557403669124:targetgroup/green-tg-lb/f14383e423c13553",
            "target_id": "i-045ce0d592321961b"
          },
          "sensitive_attributes": [],
          "private": "bnVsbA==",
          "dependencies": [
            "aws_instance.green",
            "aws_lb_target_group.green",
            "aws_security_group.ssh-allowed",
            "aws_subnet.bg-subnet-pub-1",
            "aws_vpc.bluegreen"
          ]
        },
        {
          "index_key": 43,
          "schema_version": 0,
          "attributes": {
            "availability_zone": null,
            "id": "arn:aws:elasticloadbalancing:eu-central-1:557403669124:targetgroup/green-tg-lb/f14383e423c13553-20221024122446233000000042",
            "port": 80,
            "target_group_arn": "arn:aws:elasticloadbalancing:eu-central-1:557403669124:targetgroup/green-tg-lb/f14383e423c13553",
            "target_id": "i-045ce0d592321961b"
          },
          "sensitive_attributes": [],
          "private": "bnVsbA==",
          "dependencies": [
            "aws_instance.green",
            "aws_lb_target_group.green",
            "aws_security_group.ssh-allowed",
            "aws_subnet.bg-subnet-pub-1",
            "aws_vpc.bluegreen"
          ]
        },
        {
          "index_key": 44,
          "schema_version": 0,
          "attributes": {
            "availability_zone": null,
            "id": "arn:aws:elasticloadbalancing:eu-central-1:557403669124:targetgroup/green-tg-lb/f14383e423c13553-20221024122500932100000060",
            "port": 80,
            "target_group_arn": "arn:aws:elasticloadbalancing:eu-central-1:557403669124:targetgroup/green-tg-lb/f14383e423c13553",
            "target_id": "i-045ce0d592321961b"
          },
          "sensitive_attributes": [],
          "private": "bnVsbA==",
          "dependencies": [
            "aws_instance.green",
            "aws_lb_target_group.green",
            "aws_security_group.ssh-allowed",
            "aws_subnet.bg-subnet-pub-1",
            "aws_vpc.bluegreen"
          ]
        },
        {
          "index_key": 45,
          "schema_version": 0,
          "attributes": {
            "availability_zone": null,
            "id": "arn:aws:elasticloadbalancing:eu-central-1:557403669124:targetgroup/green-tg-lb/f14383e423c13553-2022102412244657430000004e",
            "port": 80,
            "target_group_arn": "arn:aws:elasticloadbalancing:eu-central-1:557403669124:targetgroup/green-tg-lb/f14383e423c13553",
            "target_id": "i-045ce0d592321961b"
          },
          "sensitive_attributes": [],
          "private": "bnVsbA==",
          "dependencies": [
            "aws_instance.green",
            "aws_lb_target_group.green",
            "aws_security_group.ssh-allowed",
            "aws_subnet.bg-subnet-pub-1",
            "aws_vpc.bluegreen"
          ]
        },
        {
          "index_key": 46,
          "schema_version": 0,
          "attributes": {
            "availability_zone": null,
            "id": "arn:aws:elasticloadbalancing:eu-central-1:557403669124:targetgroup/green-tg-lb/f14383e423c13553-20221024122446391400000049",
            "port": 80,
            "target_group_arn": "arn:aws:elasticloadbalancing:eu-central-1:557403669124:targetgroup/green-tg-lb/f14383e423c13553",
            "target_id": "i-045ce0d592321961b"
          },
          "sensitive_attributes": [],
          "private": "bnVsbA==",
          "dependencies": [
            "aws_instance.green",
            "aws_lb_target_group.green",
            "aws_security_group.ssh-allowed",
            "aws_subnet.bg-subnet-pub-1",
            "aws_vpc.bluegreen"
          ]
        },
        {
          "index_key": 47,
          "schema_version": 0,
          "attributes": {
            "availability_zone": null,
            "id": "arn:aws:elasticloadbalancing:eu-central-1:557403669124:targetgroup/green-tg-lb/f14383e423c13553-2022102412250112850000006a",
            "port": 80,
            "target_group_arn": "arn:aws:elasticloadbalancing:eu-central-1:557403669124:targetgroup/green-tg-lb/f14383e423c13553",
            "target_id": "i-045ce0d592321961b"
          },
          "sensitive_attributes": [],
          "private": "bnVsbA==",
          "dependencies": [
            "aws_instance.green",
            "aws_lb_target_group.green",
            "aws_security_group.ssh-allowed",
            "aws_subnet.bg-subnet-pub-1",
            "aws_vpc.bluegreen"
          ]
        },
        {
          "index_key": 48,
          "schema_version": 0,
          "attributes": {
            "availability_zone": null,
            "id": "arn:aws:elasticloadbalancing:eu-central-1:557403669124:targetgroup/green-tg-lb/f14383e423c13553-2022102412244601980000003b",
            "port": 80,
            "target_group_arn": "arn:aws:elasticloadbalancing:eu-central-1:557403669124:targetgroup/green-tg-lb/f14383e423c13553",
            "target_id": "i-045ce0d592321961b"
          },
          "sensitive_attributes": [],
          "private": "bnVsbA==",
          "dependencies": [
            "aws_instance.green",
            "aws_lb_target_group.green",
            "aws_security_group.ssh-allowed",
            "aws_subnet.bg-subnet-pub-1",
            "aws_vpc.bluegreen"
          ]
        },
        {
          "index_key": 49,
          "schema_version": 0,
          "attributes": {
            "availability_zone": null,
            "id": "arn:aws:elasticloadbalancing:eu-central-1:557403669124:targetgroup/green-tg-lb/f14383e423c13553-2022102412244610140000003d",
            "port": 80,
            "target_group_arn": "arn:aws:elasticloadbalancing:eu-central-1:557403669124:targetgroup/green-tg-lb/f14383e423c13553",
            "target_id": "i-045ce0d592321961b"
          },
          "sensitive_attributes": [],
          "private": "bnVsbA==",
          "dependencies": [
            "aws_instance.green",
            "aws_lb_target_group.green",
            "aws_security_group.ssh-allowed",
            "aws_subnet.bg-subnet-pub-1",
            "aws_vpc.bluegreen"
          ]
        },
        {
          "index_key": 50,
          "schema_version": 0,
          "attributes": {
            "availability_zone": null,
            "id": "arn:aws:elasticloadbalancing:eu-central-1:557403669124:targetgroup/green-tg-lb/f14383e423c13553-20221024122451940300000053",
            "port": 80,
            "target_group_arn": "arn:aws:elasticloadbalancing:eu-central-1:557403669124:targetgroup/green-tg-lb/f14383e423c13553",
            "target_id": "i-045ce0d592321961b"
          },
          "sensitive_attributes": [],
          "private": "bnVsbA==",
          "dependencies": [
            "aws_instance.green",
            "aws_lb_target_group.green",
            "aws_security_group.ssh-allowed",
            "aws_subnet.bg-subnet-pub-1",
            "aws_vpc.bluegreen"
          ]
        },
        {
          "index_key": 51,
          "schema_version": 0,
          "attributes": {
            "availability_zone": null,
            "id": "arn:aws:elasticloadbalancing:eu-central-1:557403669124:targetgroup/green-tg-lb/f14383e423c13553-20221024122452002500000054",
            "port": 80,
            "target_group_arn": "arn:aws:elasticloadbalancing:eu-central-1:557403669124:targetgroup/green-tg-lb/f14383e423c13553",
            "target_id": "i-045ce0d592321961b"
          },
          "sensitive_attributes": [],
          "private": "bnVsbA==",
          "dependencies": [
            "aws_instance.green",
            "aws_lb_target_group.green",
            "aws_security_group.ssh-allowed",
            "aws_subnet.bg-subnet-pub-1",
            "aws_vpc.bluegreen"
          ]
        },
        {
          "index_key": 52,
          "schema_version": 0,
          "attributes": {
            "availability_zone": null,
            "id": "arn:aws:elasticloadbalancing:eu-central-1:557403669124:targetgroup/green-tg-lb/f14383e423c13553-20221024122446232900000041",
            "port": 80,
            "target_group_arn": "arn:aws:elasticloadbalancing:eu-central-1:557403669124:targetgroup/green-tg-lb/f14383e423c13553",
            "target_id": "i-045ce0d592321961b"
          },
          "sensitive_attributes": [],
          "private": "bnVsbA==",
          "dependencies": [
            "aws_instance.green",
            "aws_lb_target_group.green",
            "aws_security_group.ssh-allowed",
            "aws_subnet.bg-subnet-pub-1",
            "aws_vpc.bluegreen"
          ]
        },
        {
          "index_key": 53,
          "schema_version": 0,
          "attributes": {
            "availability_zone": null,
            "id": "arn:aws:elasticloadbalancing:eu-central-1:557403669124:targetgroup/green-tg-lb/f14383e423c13553-20221024122446016400000039",
            "port": 80,
            "target_group_arn": "arn:aws:elasticloadbalancing:eu-central-1:557403669124:targetgroup/green-tg-lb/f14383e423c13553",
            "target_id": "i-045ce0d592321961b"
          },
          "sensitive_attributes": [],
          "private": "bnVsbA==",
          "dependencies": [
            "aws_instance.green",
            "aws_lb_target_group.green",
            "aws_security_group.ssh-allowed",
            "aws_subnet.bg-subnet-pub-1",
            "aws_vpc.bluegreen"
          ]
        },
        {
          "index_key": 54,
          "schema_version": 0,
          "attributes": {
            "availability_zone": null,
            "id": "arn:aws:elasticloadbalancing:eu-central-1:557403669124:targetgroup/green-tg-lb/f14383e423c13553-20221024122501101100000066",
            "port": 80,
            "target_group_arn": "arn:aws:elasticloadbalancing:eu-central-1:557403669124:targetgroup/green-tg-lb/f14383e423c13553",
            "target_id": "i-045ce0d592321961b"
          },
          "sensitive_attributes": [],
          "private": "bnVsbA==",
          "dependencies": [
            "aws_instance.green",
            "aws_lb_target_group.green",
            "aws_security_group.ssh-allowed",
            "aws_subnet.bg-subnet-pub-1",
            "aws_vpc.bluegreen"
          ]
        }
      ]
    },
    {
      "mode": "managed",
      "type": "aws_route_table",
      "name": "bg-pub-crt",
      "provider": "provider[\"registry.terraform.io/hashicorp/aws\"]",
      "instances": [
        {
          "schema_version": 0,
          "attributes": {
            "arn": "arn:aws:ec2:eu-central-1:557403669124:route-table/rtb-03f1280ee7c190df5",
            "id": "rtb-03f1280ee7c190df5",
            "owner_id": "557403669124",
            "propagating_vgws": [],
            "route": [
              {
                "carrier_gateway_id": "",
                "cidr_block": "0.0.0.0/0",
                "core_network_arn": "",
                "destination_prefix_list_id": "",
                "egress_only_gateway_id": "",
                "gateway_id": "igw-063ffc00c8c4f5b31",
                "instance_id": "",
                "ipv6_cidr_block": "",
                "local_gateway_id": "",
                "nat_gateway_id": "",
                "network_interface_id": "",
                "transit_gateway_id": "",
                "vpc_endpoint_id": "",
                "vpc_peering_connection_id": ""
              }
            ],
            "tags": {
              "Name": "bg-pub-crt"
            },
            "tags_all": {
              "Name": "bg-pub-crt"
            },
            "timeouts": null,
            "vpc_id": "vpc-057aa80c6eaac1c06"
          },
          "sensitive_attributes": [],
          "private": "eyJlMmJmYjczMC1lY2FhLTExZTYtOGY4OC0zNDM2M2JjN2M0YzAiOnsiY3JlYXRlIjozMDAwMDAwMDAwMDAsImRlbGV0ZSI6MzAwMDAwMDAwMDAwLCJ1cGRhdGUiOjEyMDAwMDAwMDAwMH19",
          "dependencies": [
            "aws_internet_gateway.bg-igw",
            "aws_vpc.bluegreen"
          ]
        }
      ]
    },
    {
      "mode": "managed",
      "type": "aws_route_table_association",
      "name": "bg-crta-pub-subnet-1",
      "provider": "provider[\"registry.terraform.io/hashicorp/aws\"]",
      "instances": [
        {
          "schema_version": 0,
          "attributes": {
            "gateway_id": "",
            "id": "rtbassoc-0ddba371a19633151",
            "route_table_id": "rtb-03f1280ee7c190df5",
            "subnet_id": "subnet-0e204447021570a81"
          },
          "sensitive_attributes": [],
          "private": "bnVsbA==",
          "dependencies": [
            "aws_internet_gateway.bg-igw",
            "aws_route_table.bg-pub-crt",
            "aws_subnet.bg-subnet-pub-1",
            "aws_vpc.bluegreen"
          ]
        }
      ]
    },
    {
      "mode": "managed",
      "type": "aws_security_group",
      "name": "ssh-allowed",
      "provider": "provider[\"registry.terraform.io/hashicorp/aws\"]",
      "instances": [
        {
          "schema_version": 1,
          "attributes": {
            "arn": "arn:aws:ec2:eu-central-1:557403669124:security-group/sg-00ee80a2122dc68db",
            "description": "Managed by Terraform",
            "egress": [
              {
                "cidr_blocks": [
                  "0.0.0.0/0"
                ],
                "description": "",
                "from_port": 0,
                "ipv6_cidr_blocks": [],
                "prefix_list_ids": [],
                "protocol": "-1",
                "security_groups": [],
                "self": false,
                "to_port": 0
              }
            ],
            "id": "sg-00ee80a2122dc68db",
            "ingress": [
              {
                "cidr_blocks": [
                  "0.0.0.0/0"
                ],
                "description": "",
                "from_port": 22,
                "ipv6_cidr_blocks": [],
                "prefix_list_ids": [],
                "protocol": "tcp",
                "security_groups": [],
                "self": false,
                "to_port": 22
              },
              {
                "cidr_blocks": [
                  "0.0.0.0/0"
                ],
                "description": "",
                "from_port": 80,
                "ipv6_cidr_blocks": [],
                "prefix_list_ids": [],
                "protocol": "tcp",
                "security_groups": [],
                "self": false,
                "to_port": 80
              }
            ],
            "name": "terraform-20221024122402802600000001",
            "name_prefix": "terraform-",
            "owner_id": "557403669124",
            "revoke_rules_on_delete": false,
            "tags": {
              "Name": "ssh-allowed"
            },
            "tags_all": {
              "Name": "ssh-allowed"
            },
            "timeouts": null,
            "vpc_id": "vpc-057aa80c6eaac1c06"
          },
          "sensitive_attributes": [],
          "private": "eyJlMmJmYjczMC1lY2FhLTExZTYtOGY4OC0zNDM2M2JjN2M0YzAiOnsiY3JlYXRlIjo2MDAwMDAwMDAwMDAsImRlbGV0ZSI6OTAwMDAwMDAwMDAwfSwic2NoZW1hX3ZlcnNpb24iOiIxIn0=",
          "dependencies": [
            "aws_vpc.bluegreen"
          ]
        }
      ]
    },
    {
      "mode": "managed",
      "type": "aws_subnet",
      "name": "bg-subnet-pub-1",
      "provider": "provider[\"registry.terraform.io/hashicorp/aws\"]",
      "instances": [
        {
          "schema_version": 1,
          "attributes": {
            "arn": "arn:aws:ec2:eu-central-1:557403669124:subnet/subnet-0e204447021570a81",
            "assign_ipv6_address_on_creation": false,
            "availability_zone": "eu-central-1a",
            "availability_zone_id": "euc1-az2",
            "cidr_block": "10.0.1.0/24",
            "customer_owned_ipv4_pool": "",
            "enable_dns64": false,
            "enable_resource_name_dns_a_record_on_launch": false,
            "enable_resource_name_dns_aaaa_record_on_launch": false,
            "id": "subnet-0e204447021570a81",
            "ipv6_cidr_block": "",
            "ipv6_cidr_block_association_id": "",
            "ipv6_native": false,
            "map_customer_owned_ip_on_launch": false,
            "map_public_ip_on_launch": true,
            "outpost_arn": "",
            "owner_id": "557403669124",
            "private_dns_hostname_type_on_launch": "ip-name",
            "tags": {
              "Name": "bg-subnet-pub-1"
            },
            "tags_all": {
              "Name": "bg-subnet-pub-1"
            },
            "timeouts": null,
            "vpc_id": "vpc-057aa80c6eaac1c06"
          },
          "sensitive_attributes": [],
          "private": "eyJlMmJmYjczMC1lY2FhLTExZTYtOGY4OC0zNDM2M2JjN2M0YzAiOnsiY3JlYXRlIjo2MDAwMDAwMDAwMDAsImRlbGV0ZSI6MTIwMDAwMDAwMDAwMH0sInNjaGVtYV92ZXJzaW9uIjoiMSJ9",
          "dependencies": [
            "aws_vpc.bluegreen"
          ]
        }
      ]
    },
    {
      "mode": "managed",
      "type": "aws_subnet",
      "name": "bg-subnet-pub-2",
      "provider": "provider[\"registry.terraform.io/hashicorp/aws\"]",
      "instances": [
        {
          "schema_version": 1,
          "attributes": {
            "arn": "arn:aws:ec2:eu-central-1:557403669124:subnet/subnet-05499c07c9f069b75",
            "assign_ipv6_address_on_creation": false,
            "availability_zone": "eu-central-1b",
            "availability_zone_id": "euc1-az3",
            "cidr_block": "10.0.2.0/24",
            "customer_owned_ipv4_pool": "",
            "enable_dns64": false,
            "enable_resource_name_dns_a_record_on_launch": false,
            "enable_resource_name_dns_aaaa_record_on_launch": false,
            "id": "subnet-05499c07c9f069b75",
            "ipv6_cidr_block": "",
            "ipv6_cidr_block_association_id": "",
            "ipv6_native": false,
            "map_customer_owned_ip_on_launch": false,
            "map_public_ip_on_launch": true,
            "outpost_arn": "",
            "owner_id": "557403669124",
            "private_dns_hostname_type_on_launch": "ip-name",
            "tags": {
              "Name": "bg-subnet-pub-2"
            },
            "tags_all": {
              "Name": "bg-subnet-pub-2"
            },
            "timeouts": null,
            "vpc_id": "vpc-057aa80c6eaac1c06"
          },
          "sensitive_attributes": [],
          "private": "eyJlMmJmYjczMC1lY2FhLTExZTYtOGY4OC0zNDM2M2JjN2M0YzAiOnsiY3JlYXRlIjo2MDAwMDAwMDAwMDAsImRlbGV0ZSI6MTIwMDAwMDAwMDAwMH0sInNjaGVtYV92ZXJzaW9uIjoiMSJ9",
          "dependencies": [
            "aws_vpc.bluegreen"
          ]
        }
      ]
    },
    {
      "mode": "managed",
      "type": "aws_vpc",
      "name": "bluegreen",
      "provider": "provider[\"registry.terraform.io/hashicorp/aws\"]",
      "instances": [
        {
          "schema_version": 1,
          "attributes": {
            "arn": "arn:aws:ec2:eu-central-1:557403669124:vpc/vpc-057aa80c6eaac1c06",
            "assign_generated_ipv6_cidr_block": false,
            "cidr_block": "10.0.0.0/16",
            "default_network_acl_id": "acl-0e4d7905a7d880005",
            "default_route_table_id": "rtb-0b36ef5cad8d7b0e5",
            "default_security_group_id": "sg-086008bfb65d73055",
            "dhcp_options_id": "dopt-09bb01f24c9d55e3d",
            "enable_classiclink": false,
            "enable_classiclink_dns_support": false,
            "enable_dns_hostnames": true,
            "enable_dns_support": true,
            "enable_network_address_usage_metrics": false,
            "id": "vpc-057aa80c6eaac1c06",
            "instance_tenancy": "default",
            "ipv4_ipam_pool_id": null,
            "ipv4_netmask_length": null,
            "ipv6_association_id": "",
            "ipv6_cidr_block": "",
            "ipv6_cidr_block_network_border_group": "",
            "ipv6_ipam_pool_id": "",
            "ipv6_netmask_length": 0,
            "main_route_table_id": "rtb-0b36ef5cad8d7b0e5",
            "owner_id": "557403669124",
            "tags": {
              "Name": "bluegreen"
            },
            "tags_all": {
              "Name": "bluegreen"
            }
          },
          "sensitive_attributes": [],
          "private": "eyJzY2hlbWFfdmVyc2lvbiI6IjEifQ=="
        }
      ]
    }
  ],
  "check_results": []
}
