{
  "version": 4,
  "terraform_version": "1.3.3",
  "serial": 2136,
  "lineage": "53b0d672-5184-ce58-6700-5ab48be0fd8a",
  "outputs": {},
  "resources": [
    {
      "mode": "managed",
      "type": "aws_instance",
      "name": "blue",
      "provider": "provider[\"registry.terraform.io/hashicorp/aws\"]",
      "instances": [
        {
          "schema_version": 1,
          "attributes": {
            "ami": "ami-072b7a2ffac6318c1",
            "arn": "arn:aws:ec2:eu-central-1:557403669124:instance/i-00ea803f0d6be126d",
            "associate_public_ip_address": true,
            "availability_zone": "eu-central-1a",
            "capacity_reservation_specification": [
              {
                "capacity_reservation_preference": "open",
                "capacity_reservation_target": []
              }
            ],
            "cpu_core_count": 1,
            "cpu_threads_per_core": 1,
            "credit_specification": [
              {
                "cpu_credits": "standard"
              }
            ],
            "disable_api_stop": false,
            "disable_api_termination": false,
            "ebs_block_device": [],
            "ebs_optimized": false,
            "enclave_options": [
              {
                "enabled": false
              }
            ],
            "ephemeral_block_device": [],
            "get_password_data": false,
            "hibernation": false,
            "host_id": null,
            "host_resource_group_arn": null,
            "iam_instance_profile": "",
            "id": "i-00ea803f0d6be126d",
            "instance_initiated_shutdown_behavior": "stop",
            "instance_state": "running",
            "instance_type": "t2.micro",
            "ipv6_address_count": 0,
            "ipv6_addresses": [],
            "key_name": "",
            "launch_template": [],
            "maintenance_options": [
              {
                "auto_recovery": "default"
              }
            ],
            "metadata_options": [
              {
                "http_endpoint": "enabled",
                "http_put_response_hop_limit": 1,
                "http_tokens": "optional",
                "instance_metadata_tags": "disabled"
              }
            ],
            "monitoring": false,
            "network_interface": [],
            "outpost_arn": "",
            "password_data": "",
            "placement_group": "",
            "placement_partition_number": null,
            "primary_network_interface_id": "eni-0e9df6990d5ff5c9e",
            "private_dns": "ip-10-0-1-145.eu-central-1.compute.internal",
            "private_dns_name_options": [
              {
                "enable_resource_name_dns_a_record": false,
                "enable_resource_name_dns_aaaa_record": false,
                "hostname_type": "ip-name"
              }
            ],
            "private_ip": "10.0.1.145",
            "public_dns": "ec2-3-120-193-5.eu-central-1.compute.amazonaws.com",
            "public_ip": "3.120.193.5",
            "root_block_device": [
              {
                "delete_on_termination": true,
                "device_name": "/dev/sda1",
                "encrypted": false,
                "iops": 600,
                "kms_key_id": "",
                "tags": {},
                "throughput": 0,
                "volume_id": "vol-038e6db8c59a7a34f",
                "volume_size": 200,
                "volume_type": "gp2"
              }
            ],
            "secondary_private_ips": [],
            "security_groups": [],
            "source_dest_check": true,
            "subnet_id": "subnet-0cc9fe625a3d5d4b6",
            "tags": null,
            "tags_all": {},
            "tenancy": "default",
            "timeouts": null,
            "user_data": "1a687d2158d0ef33d637ab0fa7b8d1d9f5ebe1ef",
            "user_data_base64": null,
            "user_data_replace_on_change": false,
            "volume_tags": null,
            "vpc_security_group_ids": [
              "sg-0e79dbf4b074c16d1"
            ]
          },
          "sensitive_attributes": [],
          "private": "eyJlMmJmYjczMC1lY2FhLTExZTYtOGY4OC0zNDM2M2JjN2M0YzAiOnsiY3JlYXRlIjo2MDAwMDAwMDAwMDAsImRlbGV0ZSI6MTIwMDAwMDAwMDAwMCwidXBkYXRlIjo2MDAwMDAwMDAwMDB9LCJzY2hlbWFfdmVyc2lvbiI6IjEifQ==",
          "dependencies": [
            "aws_security_group.ssh-allowed",
            "aws_subnet.bg-subnet-pub-1",
            "aws_vpc.bluegreen"
          ]
        }
      ]
    },
    {
      "mode": "managed",
      "type": "aws_instance",
      "name": "green",
      "provider": "provider[\"registry.terraform.io/hashicorp/aws\"]",
      "instances": [
        {
          "schema_version": 1,
          "attributes": {
            "ami": "ami-072b7a2ffac6318c1",
            "arn": "arn:aws:ec2:eu-central-1:557403669124:instance/i-08dec6296ea942b95",
            "associate_public_ip_address": true,
            "availability_zone": "eu-central-1a",
            "capacity_reservation_specification": [
              {
                "capacity_reservation_preference": "open",
                "capacity_reservation_target": []
              }
            ],
            "cpu_core_count": 1,
            "cpu_threads_per_core": 1,
            "credit_specification": [
              {
                "cpu_credits": "standard"
              }
            ],
            "disable_api_stop": false,
            "disable_api_termination": false,
            "ebs_block_device": [],
            "ebs_optimized": false,
            "enclave_options": [
              {
                "enabled": false
              }
            ],
            "ephemeral_block_device": [],
            "get_password_data": false,
            "hibernation": false,
            "host_id": null,
            "host_resource_group_arn": null,
            "iam_instance_profile": "",
            "id": "i-08dec6296ea942b95",
            "instance_initiated_shutdown_behavior": "stop",
            "instance_state": "running",
            "instance_type": "t2.micro",
            "ipv6_address_count": 0,
            "ipv6_addresses": [],
            "key_name": "",
            "launch_template": [],
            "maintenance_options": [
              {
                "auto_recovery": "default"
              }
            ],
            "metadata_options": [
              {
                "http_endpoint": "enabled",
                "http_put_response_hop_limit": 1,
                "http_tokens": "optional",
                "instance_metadata_tags": "disabled"
              }
            ],
            "monitoring": false,
            "network_interface": [],
            "outpost_arn": "",
            "password_data": "",
            "placement_group": "",
            "placement_partition_number": null,
            "primary_network_interface_id": "eni-05919b6396702af19",
            "private_dns": "ip-10-0-1-184.eu-central-1.compute.internal",
            "private_dns_name_options": [
              {
                "enable_resource_name_dns_a_record": false,
                "enable_resource_name_dns_aaaa_record": false,
                "hostname_type": "ip-name"
              }
            ],
            "private_ip": "10.0.1.184",
            "public_dns": "ec2-18-192-211-235.eu-central-1.compute.amazonaws.com",
            "public_ip": "18.192.211.235",
            "root_block_device": [
              {
                "delete_on_termination": true,
                "device_name": "/dev/sda1",
                "encrypted": false,
                "iops": 600,
                "kms_key_id": "",
                "tags": {},
                "throughput": 0,
                "volume_id": "vol-0b3e78881e2e343a1",
                "volume_size": 200,
                "volume_type": "gp2"
              }
            ],
            "secondary_private_ips": [],
            "security_groups": [],
            "source_dest_check": true,
            "subnet_id": "subnet-0cc9fe625a3d5d4b6",
            "tags": null,
            "tags_all": {},
            "tenancy": "default",
            "timeouts": null,
            "user_data": "9b00efbd17832e15619529a205865b90ef68412a",
            "user_data_base64": null,
            "user_data_replace_on_change": false,
            "volume_tags": null,
            "vpc_security_group_ids": [
              "sg-0e79dbf4b074c16d1"
            ]
          },
          "sensitive_attributes": [],
          "private": "eyJlMmJmYjczMC1lY2FhLTExZTYtOGY4OC0zNDM2M2JjN2M0YzAiOnsiY3JlYXRlIjo2MDAwMDAwMDAwMDAsImRlbGV0ZSI6MTIwMDAwMDAwMDAwMCwidXBkYXRlIjo2MDAwMDAwMDAwMDB9LCJzY2hlbWFfdmVyc2lvbiI6IjEifQ==",
          "dependencies": [
            "aws_security_group.ssh-allowed",
            "aws_subnet.bg-subnet-pub-1",
            "aws_vpc.bluegreen"
          ]
        }
      ]
    },
    {
      "mode": "managed",
      "type": "aws_internet_gateway",
      "name": "bg-igw",
      "provider": "provider[\"registry.terraform.io/hashicorp/aws\"]",
      "instances": [
        {
          "schema_version": 0,
          "attributes": {
            "arn": "arn:aws:ec2:eu-central-1:557403669124:internet-gateway/igw-02ac1eb5da399cb70",
            "id": "igw-02ac1eb5da399cb70",
            "owner_id": "557403669124",
            "tags": {
              "Name": "bg-igw"
            },
            "tags_all": {
              "Name": "bg-igw"
            },
            "timeouts": null,
            "vpc_id": "vpc-0285702aa2020d311"
          },
          "sensitive_attributes": [],
          "private": "eyJlMmJmYjczMC1lY2FhLTExZTYtOGY4OC0zNDM2M2JjN2M0YzAiOnsiY3JlYXRlIjoxMjAwMDAwMDAwMDAwLCJkZWxldGUiOjEyMDAwMDAwMDAwMDAsInVwZGF0ZSI6MTIwMDAwMDAwMDAwMH19",
          "dependencies": [
            "aws_vpc.bluegreen"
          ]
        }
      ]
    },
    {
      "mode": "managed",
      "type": "aws_lb",
      "name": "bluegreenlb",
      "provider": "provider[\"registry.terraform.io/hashicorp/aws\"]",
      "instances": [
        {
          "schema_version": 0,
          "attributes": {
            "access_logs": [
              {
                "bucket": "",
                "enabled": false,
                "prefix": ""
              }
            ],
            "arn": "arn:aws:elasticloadbalancing:eu-central-1:557403669124:loadbalancer/app/bluegreenlb/d6d1b44e6b9d443d",
            "arn_suffix": "app/bluegreenlb/d6d1b44e6b9d443d",
            "customer_owned_ipv4_pool": "",
            "desync_mitigation_mode": "defensive",
            "dns_name": "bluegreenlb-1451680422.eu-central-1.elb.amazonaws.com",
            "drop_invalid_header_fields": false,
            "enable_cross_zone_load_balancing": null,
            "enable_deletion_protection": false,
            "enable_http2": true,
            "enable_waf_fail_open": false,
            "id": "arn:aws:elasticloadbalancing:eu-central-1:557403669124:loadbalancer/app/bluegreenlb/d6d1b44e6b9d443d",
            "idle_timeout": 60,
            "internal": false,
            "ip_address_type": "ipv4",
            "load_balancer_type": "application",
            "name": "bluegreenlb",
            "name_prefix": null,
            "preserve_host_header": false,
            "security_groups": [
              "sg-0e79dbf4b074c16d1"
            ],
            "subnet_mapping": [
              {
                "allocation_id": "",
                "ipv6_address": "",
                "outpost_id": "",
                "private_ipv4_address": "",
                "subnet_id": "subnet-0b8a160744c8041b7"
              },
              {
                "allocation_id": "",
                "ipv6_address": "",
                "outpost_id": "",
                "private_ipv4_address": "",
                "subnet_id": "subnet-0cc9fe625a3d5d4b6"
              }
            ],
            "subnets": [
              "subnet-0b8a160744c8041b7",
              "subnet-0cc9fe625a3d5d4b6"
            ],
            "tags": null,
            "tags_all": {},
            "timeouts": null,
            "vpc_id": "vpc-0285702aa2020d311",
            "zone_id": "Z215JYRZR1TBD5"
          },
          "sensitive_attributes": [],
          "private": "eyJlMmJmYjczMC1lY2FhLTExZTYtOGY4OC0zNDM2M2JjN2M0YzAiOnsiY3JlYXRlIjo2MDAwMDAwMDAwMDAsImRlbGV0ZSI6NjAwMDAwMDAwMDAwLCJ1cGRhdGUiOjYwMDAwMDAwMDAwMH19",
          "dependencies": [
            "aws_instance.blue",
            "aws_instance.green",
            "aws_security_group.ssh-allowed",
            "aws_subnet.bg-subnet-pub-1",
            "aws_subnet.bg-subnet-pub-2",
            "aws_vpc.bluegreen"
          ]
        }
      ]
    },
    {
      "mode": "managed",
      "type": "aws_lb_listener",
      "name": "app",
      "provider": "provider[\"registry.terraform.io/hashicorp/aws\"]",
      "instances": [
        {
          "schema_version": 0,
          "attributes": {
            "alpn_policy": null,
            "arn": "arn:aws:elasticloadbalancing:eu-central-1:557403669124:listener/app/bluegreenlb/d6d1b44e6b9d443d/dea2b51dddd947cb",
            "certificate_arn": null,
            "default_action": [
              {
                "authenticate_cognito": [],
                "authenticate_oidc": [],
                "fixed_response": [],
                "forward": [
                  {
                    "stickiness": [
                      {
                        "duration": 1,
                        "enabled": false
                      }
                    ],
                    "target_group": [
                      {
                        "arn": "arn:aws:elasticloadbalancing:eu-central-1:557403669124:targetgroup/blue-tg-lb/e050ac4825716ec6",
                        "weight": 50
                      },
                      {
                        "arn": "arn:aws:elasticloadbalancing:eu-central-1:557403669124:targetgroup/green-tg-lb/fb0bfbffb295eca8",
                        "weight": 50
                      }
                    ]
                  }
                ],
                "order": 1,
                "redirect": [],
                "target_group_arn": "",
                "type": "forward"
              }
            ],
            "id": "arn:aws:elasticloadbalancing:eu-central-1:557403669124:listener/app/bluegreenlb/d6d1b44e6b9d443d/dea2b51dddd947cb",
            "load_balancer_arn": "arn:aws:elasticloadbalancing:eu-central-1:557403669124:loadbalancer/app/bluegreenlb/d6d1b44e6b9d443d",
            "port": 80,
            "protocol": "HTTP",
            "ssl_policy": "",
            "tags": null,
            "tags_all": {},
            "timeouts": null
          },
          "sensitive_attributes": [],
          "private": "eyJlMmJmYjczMC1lY2FhLTExZTYtOGY4OC0zNDM2M2JjN2M0YzAiOnsicmVhZCI6NjAwMDAwMDAwMDAwfX0=",
          "dependencies": [
            "aws_instance.blue",
            "aws_instance.green",
            "aws_lb.bluegreenlb",
            "aws_lb_target_group.blue",
            "aws_lb_target_group.green",
            "aws_security_group.ssh-allowed",
            "aws_subnet.bg-subnet-pub-1",
            "aws_subnet.bg-subnet-pub-2",
            "aws_vpc.bluegreen"
          ]
        }
      ]
    },
    {
      "mode": "managed",
      "type": "aws_lb_target_group",
      "name": "blue",
      "provider": "provider[\"registry.terraform.io/hashicorp/aws\"]",
      "instances": [
        {
          "schema_version": 0,
          "attributes": {
            "arn": "arn:aws:elasticloadbalancing:eu-central-1:557403669124:targetgroup/blue-tg-lb/e050ac4825716ec6",
            "arn_suffix": "targetgroup/blue-tg-lb/e050ac4825716ec6",
            "connection_termination": false,
            "deregistration_delay": "300",
            "health_check": [
              {
                "enabled": true,
                "healthy_threshold": 3,
                "interval": 10,
                "matcher": "200",
                "path": "/",
                "port": "80",
                "protocol": "HTTP",
                "timeout": 5,
                "unhealthy_threshold": 3
              }
            ],
            "id": "arn:aws:elasticloadbalancing:eu-central-1:557403669124:targetgroup/blue-tg-lb/e050ac4825716ec6",
            "ip_address_type": null,
            "lambda_multi_value_headers_enabled": false,
            "load_balancing_algorithm_type": "round_robin",
            "name": "blue-tg-lb",
            "name_prefix": null,
            "port": 80,
            "preserve_client_ip": null,
            "protocol": "HTTP",
            "protocol_version": "HTTP1",
            "proxy_protocol_v2": false,
            "slow_start": 0,
            "stickiness": [
              {
                "cookie_duration": 86400,
                "cookie_name": "",
                "enabled": false,
                "type": "lb_cookie"
              }
            ],
            "tags": null,
            "tags_all": {},
            "target_type": "instance",
            "vpc_id": "vpc-0285702aa2020d311"
          },
          "sensitive_attributes": [],
          "private": "bnVsbA==",
          "dependencies": [
            "aws_vpc.bluegreen"
          ]
        }
      ]
    },
    {
      "mode": "managed",
      "type": "aws_lb_target_group",
      "name": "green",
      "provider": "provider[\"registry.terraform.io/hashicorp/aws\"]",
      "instances": [
        {
          "schema_version": 0,
          "attributes": {
            "arn": "arn:aws:elasticloadbalancing:eu-central-1:557403669124:targetgroup/green-tg-lb/fb0bfbffb295eca8",
            "arn_suffix": "targetgroup/green-tg-lb/fb0bfbffb295eca8",
            "connection_termination": false,
            "deregistration_delay": "300",
            "health_check": [
              {
                "enabled": true,
                "healthy_threshold": 3,
                "interval": 10,
                "matcher": "200",
                "path": "/",
                "port": "80",
                "protocol": "HTTP",
                "timeout": 5,
                "unhealthy_threshold": 3
              }
            ],
            "id": "arn:aws:elasticloadbalancing:eu-central-1:557403669124:targetgroup/green-tg-lb/fb0bfbffb295eca8",
            "ip_address_type": null,
            "lambda_multi_value_headers_enabled": false,
            "load_balancing_algorithm_type": "round_robin",
            "name": "green-tg-lb",
            "name_prefix": null,
            "port": 80,
            "preserve_client_ip": null,
            "protocol": "HTTP",
            "protocol_version": "HTTP1",
            "proxy_protocol_v2": false,
            "slow_start": 0,
            "stickiness": [
              {
                "cookie_duration": 86400,
                "cookie_name": "",
                "enabled": false,
                "type": "lb_cookie"
              }
            ],
            "tags": null,
            "tags_all": {},
            "target_type": "instance",
            "vpc_id": "vpc-0285702aa2020d311"
          },
          "sensitive_attributes": [],
          "private": "bnVsbA==",
          "dependencies": [
            "aws_vpc.bluegreen"
          ]
        }
      ]
    },
    {
      "mode": "managed",
      "type": "aws_lb_target_group_attachment",
      "name": "blue",
      "provider": "provider[\"registry.terraform.io/hashicorp/aws\"]",
      "instances": [
        {
          "index_key": 0,
          "schema_version": 0,
          "attributes": {
            "availability_zone": null,
            "id": "arn:aws:elasticloadbalancing:eu-central-1:557403669124:targetgroup/blue-tg-lb/e050ac4825716ec6-2022102411361994040000006c",
            "port": 80,
            "target_group_arn": "arn:aws:elasticloadbalancing:eu-central-1:557403669124:targetgroup/blue-tg-lb/e050ac4825716ec6",
            "target_id": "i-00ea803f0d6be126d"
          },
          "sensitive_attributes": [],
          "private": "bnVsbA==",
          "dependencies": [
            "aws_instance.blue",
            "aws_lb_target_group.blue",
            "aws_security_group.ssh-allowed",
            "aws_subnet.bg-subnet-pub-1",
            "aws_vpc.bluegreen"
          ]
        },
        {
          "index_key": 1,
          "schema_version": 0,
          "attributes": {
            "availability_zone": null,
            "id": "arn:aws:elasticloadbalancing:eu-central-1:557403669124:targetgroup/blue-tg-lb/e050ac4825716ec6-2022102411361247150000004c",
            "port": 80,
            "target_group_arn": "arn:aws:elasticloadbalancing:eu-central-1:557403669124:targetgroup/blue-tg-lb/e050ac4825716ec6",
            "target_id": "i-00ea803f0d6be126d"
          },
          "sensitive_attributes": [],
          "private": "bnVsbA==",
          "dependencies": [
            "aws_instance.blue",
            "aws_lb_target_group.blue",
            "aws_security_group.ssh-allowed",
            "aws_subnet.bg-subnet-pub-1",
            "aws_vpc.bluegreen"
          ]
        },
        {
          "index_key": 2,
          "schema_version": 0,
          "attributes": {
            "availability_zone": null,
            "id": "arn:aws:elasticloadbalancing:eu-central-1:557403669124:targetgroup/blue-tg-lb/e050ac4825716ec6-2022102411360713810000003a",
            "port": 80,
            "target_group_arn": "arn:aws:elasticloadbalancing:eu-central-1:557403669124:targetgroup/blue-tg-lb/e050ac4825716ec6",
            "target_id": "i-00ea803f0d6be126d"
          },
          "sensitive_attributes": [],
          "private": "bnVsbA==",
          "dependencies": [
            "aws_instance.blue",
            "aws_lb_target_group.blue",
            "aws_security_group.ssh-allowed",
            "aws_subnet.bg-subnet-pub-1",
            "aws_vpc.bluegreen"
          ]
        },
        {
          "index_key": 3,
          "schema_version": 0,
          "attributes": {
            "availability_zone": null,
            "id": "arn:aws:elasticloadbalancing:eu-central-1:557403669124:targetgroup/blue-tg-lb/e050ac4825716ec6-20221024113607017200000036",
            "port": 80,
            "target_group_arn": "arn:aws:elasticloadbalancing:eu-central-1:557403669124:targetgroup/blue-tg-lb/e050ac4825716ec6",
            "target_id": "i-00ea803f0d6be126d"
          },
          "sensitive_attributes": [],
          "private": "bnVsbA==",
          "dependencies": [
            "aws_instance.blue",
            "aws_lb_target_group.blue",
            "aws_security_group.ssh-allowed",
            "aws_subnet.bg-subnet-pub-1",
            "aws_vpc.bluegreen"
          ]
        },
        {
          "index_key": 4,
          "schema_version": 0,
          "attributes": {
            "availability_zone": null,
            "id": "arn:aws:elasticloadbalancing:eu-central-1:557403669124:targetgroup/blue-tg-lb/e050ac4825716ec6-2022102411361243410000004b",
            "port": 80,
            "target_group_arn": "arn:aws:elasticloadbalancing:eu-central-1:557403669124:targetgroup/blue-tg-lb/e050ac4825716ec6",
            "target_id": "i-00ea803f0d6be126d"
          },
          "sensitive_attributes": [],
          "private": "bnVsbA==",
          "dependencies": [
            "aws_instance.blue",
            "aws_lb_target_group.blue",
            "aws_security_group.ssh-allowed",
            "aws_subnet.bg-subnet-pub-1",
            "aws_vpc.bluegreen"
          ]
        },
        {
          "index_key": 5,
          "schema_version": 0,
          "attributes": {
            "availability_zone": null,
            "id": "arn:aws:elasticloadbalancing:eu-central-1:557403669124:targetgroup/blue-tg-lb/e050ac4825716ec6-20221024113612150800000045",
            "port": 80,
            "target_group_arn": "arn:aws:elasticloadbalancing:eu-central-1:557403669124:targetgroup/blue-tg-lb/e050ac4825716ec6",
            "target_id": "i-00ea803f0d6be126d"
          },
          "sensitive_attributes": [],
          "private": "bnVsbA==",
          "dependencies": [
            "aws_instance.blue",
            "aws_lb_target_group.blue",
            "aws_security_group.ssh-allowed",
            "aws_subnet.bg-subnet-pub-1",
            "aws_vpc.bluegreen"
          ]
        },
        {
          "index_key": 6,
          "schema_version": 0,
          "attributes": {
            "availability_zone": null,
            "id": "arn:aws:elasticloadbalancing:eu-central-1:557403669124:targetgroup/blue-tg-lb/e050ac4825716ec6-20221024113619151900000059",
            "port": 80,
            "target_group_arn": "arn:aws:elasticloadbalancing:eu-central-1:557403669124:targetgroup/blue-tg-lb/e050ac4825716ec6",
            "target_id": "i-00ea803f0d6be126d"
          },
          "sensitive_attributes": [],
          "private": "bnVsbA==",
          "dependencies": [
            "aws_instance.blue",
            "aws_lb_target_group.blue",
            "aws_security_group.ssh-allowed",
            "aws_subnet.bg-subnet-pub-1",
            "aws_vpc.bluegreen"
          ]
        },
        {
          "index_key": 7,
          "schema_version": 0,
          "attributes": {
            "availability_zone": null,
            "id": "arn:aws:elasticloadbalancing:eu-central-1:557403669124:targetgroup/blue-tg-lb/e050ac4825716ec6-20221024113618989100000054",
            "port": 80,
            "target_group_arn": "arn:aws:elasticloadbalancing:eu-central-1:557403669124:targetgroup/blue-tg-lb/e050ac4825716ec6",
            "target_id": "i-00ea803f0d6be126d"
          },
          "sensitive_attributes": [],
          "private": "bnVsbA==",
          "dependencies": [
            "aws_instance.blue",
            "aws_lb_target_group.blue",
            "aws_security_group.ssh-allowed",
            "aws_subnet.bg-subnet-pub-1",
            "aws_vpc.bluegreen"
          ]
        },
        {
          "index_key": 8,
          "schema_version": 0,
          "attributes": {
            "availability_zone": null,
            "id": "arn:aws:elasticloadbalancing:eu-central-1:557403669124:targetgroup/blue-tg-lb/e050ac4825716ec6-20221024113618994700000055",
            "port": 80,
            "target_group_arn": "arn:aws:elasticloadbalancing:eu-central-1:557403669124:targetgroup/blue-tg-lb/e050ac4825716ec6",
            "target_id": "i-00ea803f0d6be126d"
          },
          "sensitive_attributes": [],
          "private": "bnVsbA==",
          "dependencies": [
            "aws_instance.blue",
            "aws_lb_target_group.blue",
            "aws_security_group.ssh-allowed",
            "aws_subnet.bg-subnet-pub-1",
            "aws_vpc.bluegreen"
          ]
        },
        {
          "index_key": 9,
          "schema_version": 0,
          "attributes": {
            "availability_zone": null,
            "id": "arn:aws:elasticloadbalancing:eu-central-1:557403669124:targetgroup/blue-tg-lb/e050ac4825716ec6-20221024113611880200000042",
            "port": 80,
            "target_group_arn": "arn:aws:elasticloadbalancing:eu-central-1:557403669124:targetgroup/blue-tg-lb/e050ac4825716ec6",
            "target_id": "i-00ea803f0d6be126d"
          },
          "sensitive_attributes": [],
          "private": "bnVsbA==",
          "dependencies": [
            "aws_instance.blue",
            "aws_lb_target_group.blue",
            "aws_security_group.ssh-allowed",
            "aws_subnet.bg-subnet-pub-1",
            "aws_vpc.bluegreen"
          ]
        },
        {
          "index_key": 10,
          "schema_version": 0,
          "attributes": {
            "availability_zone": null,
            "id": "arn:aws:elasticloadbalancing:eu-central-1:557403669124:targetgroup/blue-tg-lb/e050ac4825716ec6-20221024113612187900000046",
            "port": 80,
            "target_group_arn": "arn:aws:elasticloadbalancing:eu-central-1:557403669124:targetgroup/blue-tg-lb/e050ac4825716ec6",
            "target_id": "i-00ea803f0d6be126d"
          },
          "sensitive_attributes": [],
          "private": "bnVsbA==",
          "dependencies": [
            "aws_instance.blue",
            "aws_lb_target_group.blue",
            "aws_security_group.ssh-allowed",
            "aws_subnet.bg-subnet-pub-1",
            "aws_vpc.bluegreen"
          ]
        },
        {
          "index_key": 11,
          "schema_version": 0,
          "attributes": {
            "availability_zone": null,
            "id": "arn:aws:elasticloadbalancing:eu-central-1:557403669124:targetgroup/blue-tg-lb/e050ac4825716ec6-2022102411361946820000005f",
            "port": 80,
            "target_group_arn": "arn:aws:elasticloadbalancing:eu-central-1:557403669124:targetgroup/blue-tg-lb/e050ac4825716ec6",
            "target_id": "i-00ea803f0d6be126d"
          },
          "sensitive_attributes": [],
          "private": "bnVsbA==",
          "dependencies": [
            "aws_instance.blue",
            "aws_lb_target_group.blue",
            "aws_security_group.ssh-allowed",
            "aws_subnet.bg-subnet-pub-1",
            "aws_vpc.bluegreen"
          ]
        },
        {
          "index_key": 12,
          "schema_version": 0,
          "attributes": {
            "availability_zone": null,
            "id": "arn:aws:elasticloadbalancing:eu-central-1:557403669124:targetgroup/blue-tg-lb/e050ac4825716ec6-20221024113618987100000053",
            "port": 80,
            "target_group_arn": "arn:aws:elasticloadbalancing:eu-central-1:557403669124:targetgroup/blue-tg-lb/e050ac4825716ec6",
            "target_id": "i-00ea803f0d6be126d"
          },
          "sensitive_attributes": [],
          "private": "bnVsbA==",
          "dependencies": [
            "aws_instance.blue",
            "aws_lb_target_group.blue",
            "aws_security_group.ssh-allowed",
            "aws_subnet.bg-subnet-pub-1",
            "aws_vpc.bluegreen"
          ]
        },
        {
          "index_key": 13,
          "schema_version": 0,
          "attributes": {
            "availability_zone": null,
            "id": "arn:aws:elasticloadbalancing:eu-central-1:557403669124:targetgroup/blue-tg-lb/e050ac4825716ec6-20221024113619615900000064",
            "port": 80,
            "target_group_arn": "arn:aws:elasticloadbalancing:eu-central-1:557403669124:targetgroup/blue-tg-lb/e050ac4825716ec6",
            "target_id": "i-00ea803f0d6be126d"
          },
          "sensitive_attributes": [],
          "private": "bnVsbA==",
          "dependencies": [
            "aws_instance.blue",
            "aws_lb_target_group.blue",
            "aws_security_group.ssh-allowed",
            "aws_subnet.bg-subnet-pub-1",
            "aws_vpc.bluegreen"
          ]
        },
        {
          "index_key": 14,
          "schema_version": 0,
          "attributes": {
            "availability_zone": null,
            "id": "arn:aws:elasticloadbalancing:eu-central-1:557403669124:targetgroup/blue-tg-lb/e050ac4825716ec6-2022102411363520350000006f",
            "port": 80,
            "target_group_arn": "arn:aws:elasticloadbalancing:eu-central-1:557403669124:targetgroup/blue-tg-lb/e050ac4825716ec6",
            "target_id": "i-00ea803f0d6be126d"
          },
          "sensitive_attributes": [],
          "private": "bnVsbA==",
          "dependencies": [
            "aws_instance.blue",
            "aws_lb_target_group.blue",
            "aws_security_group.ssh-allowed",
            "aws_subnet.bg-subnet-pub-1",
            "aws_vpc.bluegreen"
          ]
        },
        {
          "index_key": 15,
          "schema_version": 0,
          "attributes": {
            "availability_zone": null,
            "id": "arn:aws:elasticloadbalancing:eu-central-1:557403669124:targetgroup/blue-tg-lb/e050ac4825716ec6-2022102411361942990000005d",
            "port": 80,
            "target_group_arn": "arn:aws:elasticloadbalancing:eu-central-1:557403669124:targetgroup/blue-tg-lb/e050ac4825716ec6",
            "target_id": "i-00ea803f0d6be126d"
          },
          "sensitive_attributes": [],
          "private": "bnVsbA==",
          "dependencies": [
            "aws_instance.blue",
            "aws_lb_target_group.blue",
            "aws_security_group.ssh-allowed",
            "aws_subnet.bg-subnet-pub-1",
            "aws_vpc.bluegreen"
          ]
        },
        {
          "index_key": 16,
          "schema_version": 0,
          "attributes": {
            "availability_zone": null,
            "id": "arn:aws:elasticloadbalancing:eu-central-1:557403669124:targetgroup/blue-tg-lb/e050ac4825716ec6-2022102411361258710000004e",
            "port": 80,
            "target_group_arn": "arn:aws:elasticloadbalancing:eu-central-1:557403669124:targetgroup/blue-tg-lb/e050ac4825716ec6",
            "target_id": "i-00ea803f0d6be126d"
          },
          "sensitive_attributes": [],
          "private": "bnVsbA==",
          "dependencies": [
            "aws_instance.blue",
            "aws_lb_target_group.blue",
            "aws_security_group.ssh-allowed",
            "aws_subnet.bg-subnet-pub-1",
            "aws_vpc.bluegreen"
          ]
        },
        {
          "index_key": 17,
          "schema_version": 0,
          "attributes": {
            "availability_zone": null,
            "id": "arn:aws:elasticloadbalancing:eu-central-1:557403669124:targetgroup/blue-tg-lb/e050ac4825716ec6-20221024113612735300000051",
            "port": 80,
            "target_group_arn": "arn:aws:elasticloadbalancing:eu-central-1:557403669124:targetgroup/blue-tg-lb/e050ac4825716ec6",
            "target_id": "i-00ea803f0d6be126d"
          },
          "sensitive_attributes": [],
          "private": "bnVsbA==",
          "dependencies": [
            "aws_instance.blue",
            "aws_lb_target_group.blue",
            "aws_security_group.ssh-allowed",
            "aws_subnet.bg-subnet-pub-1",
            "aws_vpc.bluegreen"
          ]
        },
        {
          "index_key": 18,
          "schema_version": 0,
          "attributes": {
            "availability_zone": null,
            "id": "arn:aws:elasticloadbalancing:eu-central-1:557403669124:targetgroup/blue-tg-lb/e050ac4825716ec6-20221024113619534000000060",
            "port": 80,
            "target_group_arn": "arn:aws:elasticloadbalancing:eu-central-1:557403669124:targetgroup/blue-tg-lb/e050ac4825716ec6",
            "target_id": "i-00ea803f0d6be126d"
          },
          "sensitive_attributes": [],
          "private": "bnVsbA==",
          "dependencies": [
            "aws_instance.blue",
            "aws_lb_target_group.blue",
            "aws_security_group.ssh-allowed",
            "aws_subnet.bg-subnet-pub-1",
            "aws_vpc.bluegreen"
          ]
        },
        {
          "index_key": 19,
          "schema_version": 0,
          "attributes": {
            "availability_zone": null,
            "id": "arn:aws:elasticloadbalancing:eu-central-1:557403669124:targetgroup/blue-tg-lb/e050ac4825716ec6-20221024113619672400000066",
            "port": 80,
            "target_group_arn": "arn:aws:elasticloadbalancing:eu-central-1:557403669124:targetgroup/blue-tg-lb/e050ac4825716ec6",
            "target_id": "i-00ea803f0d6be126d"
          },
          "sensitive_attributes": [],
          "private": "bnVsbA==",
          "dependencies": [
            "aws_instance.blue",
            "aws_lb_target_group.blue",
            "aws_security_group.ssh-allowed",
            "aws_subnet.bg-subnet-pub-1",
            "aws_vpc.bluegreen"
          ]
        },
        {
          "index_key": 20,
          "schema_version": 0,
          "attributes": {
            "availability_zone": null,
            "id": "arn:aws:elasticloadbalancing:eu-central-1:557403669124:targetgroup/blue-tg-lb/e050ac4825716ec6-20221024113607052300000037",
            "port": 80,
            "target_group_arn": "arn:aws:elasticloadbalancing:eu-central-1:557403669124:targetgroup/blue-tg-lb/e050ac4825716ec6",
            "target_id": "i-00ea803f0d6be126d"
          },
          "sensitive_attributes": [],
          "private": "bnVsbA==",
          "dependencies": [
            "aws_instance.blue",
            "aws_lb_target_group.blue",
            "aws_security_group.ssh-allowed",
            "aws_subnet.bg-subnet-pub-1",
            "aws_vpc.bluegreen"
          ]
        },
        {
          "index_key": 21,
          "schema_version": 0,
          "attributes": {
            "availability_zone": null,
            "id": "arn:aws:elasticloadbalancing:eu-central-1:557403669124:targetgroup/blue-tg-lb/e050ac4825716ec6-20221024113612293300000048",
            "port": 80,
            "target_group_arn": "arn:aws:elasticloadbalancing:eu-central-1:557403669124:targetgroup/blue-tg-lb/e050ac4825716ec6",
            "target_id": "i-00ea803f0d6be126d"
          },
          "sensitive_attributes": [],
          "private": "bnVsbA==",
          "dependencies": [
            "aws_instance.blue",
            "aws_lb_target_group.blue",
            "aws_security_group.ssh-allowed",
            "aws_subnet.bg-subnet-pub-1",
            "aws_vpc.bluegreen"
          ]
        },
        {
          "index_key": 22,
          "schema_version": 0,
          "attributes": {
            "availability_zone": null,
            "id": "arn:aws:elasticloadbalancing:eu-central-1:557403669124:targetgroup/blue-tg-lb/e050ac4825716ec6-2022102411361933170000005c",
            "port": 80,
            "target_group_arn": "arn:aws:elasticloadbalancing:eu-central-1:557403669124:targetgroup/blue-tg-lb/e050ac4825716ec6",
            "target_id": "i-00ea803f0d6be126d"
          },
          "sensitive_attributes": [],
          "private": "bnVsbA==",
          "dependencies": [
            "aws_instance.blue",
            "aws_lb_target_group.blue",
            "aws_security_group.ssh-allowed",
            "aws_subnet.bg-subnet-pub-1",
            "aws_vpc.bluegreen"
          ]
        },
        {
          "index_key": 23,
          "schema_version": 0,
          "attributes": {
            "availability_zone": null,
            "id": "arn:aws:elasticloadbalancing:eu-central-1:557403669124:targetgroup/blue-tg-lb/e050ac4825716ec6-20221024113612290300000047",
            "port": 80,
            "target_group_arn": "arn:aws:elasticloadbalancing:eu-central-1:557403669124:targetgroup/blue-tg-lb/e050ac4825716ec6",
            "target_id": "i-00ea803f0d6be126d"
          },
          "sensitive_attributes": [],
          "private": "bnVsbA==",
          "dependencies": [
            "aws_instance.blue",
            "aws_lb_target_group.blue",
            "aws_security_group.ssh-allowed",
            "aws_subnet.bg-subnet-pub-1",
            "aws_vpc.bluegreen"
          ]
        },
        {
          "index_key": 24,
          "schema_version": 0,
          "attributes": {
            "availability_zone": null,
            "id": "arn:aws:elasticloadbalancing:eu-central-1:557403669124:targetgroup/blue-tg-lb/e050ac4825716ec6-20221024113606955900000034",
            "port": 80,
            "target_group_arn": "arn:aws:elasticloadbalancing:eu-central-1:557403669124:targetgroup/blue-tg-lb/e050ac4825716ec6",
            "target_id": "i-00ea803f0d6be126d"
          },
          "sensitive_attributes": [],
          "private": "bnVsbA==",
          "dependencies": [
            "aws_instance.blue",
            "aws_lb_target_group.blue",
            "aws_security_group.ssh-allowed",
            "aws_subnet.bg-subnet-pub-1",
            "aws_vpc.bluegreen"
          ]
        },
        {
          "index_key": 25,
          "schema_version": 0,
          "attributes": {
            "availability_zone": null,
            "id": "arn:aws:elasticloadbalancing:eu-central-1:557403669124:targetgroup/blue-tg-lb/e050ac4825716ec6-20221024113612327000000049",
            "port": 80,
            "target_group_arn": "arn:aws:elasticloadbalancing:eu-central-1:557403669124:targetgroup/blue-tg-lb/e050ac4825716ec6",
            "target_id": "i-00ea803f0d6be126d"
          },
          "sensitive_attributes": [],
          "private": "bnVsbA==",
          "dependencies": [
            "aws_instance.blue",
            "aws_lb_target_group.blue",
            "aws_security_group.ssh-allowed",
            "aws_subnet.bg-subnet-pub-1",
            "aws_vpc.bluegreen"
          ]
        },
        {
          "index_key": 26,
          "schema_version": 0,
          "attributes": {
            "availability_zone": null,
            "id": "arn:aws:elasticloadbalancing:eu-central-1:557403669124:targetgroup/blue-tg-lb/e050ac4825716ec6-2022102411361929520000005a",
            "port": 80,
            "target_group_arn": "arn:aws:elasticloadbalancing:eu-central-1:557403669124:targetgroup/blue-tg-lb/e050ac4825716ec6",
            "target_id": "i-00ea803f0d6be126d"
          },
          "sensitive_attributes": [],
          "private": "bnVsbA==",
          "dependencies": [
            "aws_instance.blue",
            "aws_lb_target_group.blue",
            "aws_security_group.ssh-allowed",
            "aws_subnet.bg-subnet-pub-1",
            "aws_vpc.bluegreen"
          ]
        },
        {
          "index_key": 27,
          "schema_version": 0,
          "attributes": {
            "availability_zone": null,
            "id": "arn:aws:elasticloadbalancing:eu-central-1:557403669124:targetgroup/blue-tg-lb/e050ac4825716ec6-20221024113607079700000039",
            "port": 80,
            "target_group_arn": "arn:aws:elasticloadbalancing:eu-central-1:557403669124:targetgroup/blue-tg-lb/e050ac4825716ec6",
            "target_id": "i-00ea803f0d6be126d"
          },
          "sensitive_attributes": [],
          "private": "bnVsbA==",
          "dependencies": [
            "aws_instance.blue",
            "aws_lb_target_group.blue",
            "aws_security_group.ssh-allowed",
            "aws_subnet.bg-subnet-pub-1",
            "aws_vpc.bluegreen"
          ]
        },
        {
          "index_key": 28,
          "schema_version": 0,
          "attributes": {
            "availability_zone": null,
            "id": "arn:aws:elasticloadbalancing:eu-central-1:557403669124:targetgroup/blue-tg-lb/e050ac4825716ec6-20221024113612147200000044",
            "port": 80,
            "target_group_arn": "arn:aws:elasticloadbalancing:eu-central-1:557403669124:targetgroup/blue-tg-lb/e050ac4825716ec6",
            "target_id": "i-00ea803f0d6be126d"
          },
          "sensitive_attributes": [],
          "private": "bnVsbA==",
          "dependencies": [
            "aws_instance.blue",
            "aws_lb_target_group.blue",
            "aws_security_group.ssh-allowed",
            "aws_subnet.bg-subnet-pub-1",
            "aws_vpc.bluegreen"
          ]
        },
        {
          "index_key": 29,
          "schema_version": 0,
          "attributes": {
            "availability_zone": null,
            "id": "arn:aws:elasticloadbalancing:eu-central-1:557403669124:targetgroup/blue-tg-lb/e050ac4825716ec6-20221024113619666600000065",
            "port": 80,
            "target_group_arn": "arn:aws:elasticloadbalancing:eu-central-1:557403669124:targetgroup/blue-tg-lb/e050ac4825716ec6",
            "target_id": "i-00ea803f0d6be126d"
          },
          "sensitive_attributes": [],
          "private": "bnVsbA==",
          "dependencies": [
            "aws_instance.blue",
            "aws_lb_target_group.blue",
            "aws_security_group.ssh-allowed",
            "aws_subnet.bg-subnet-pub-1",
            "aws_vpc.bluegreen"
          ]
        },
        {
          "index_key": 30,
          "schema_version": 0,
          "attributes": {
            "availability_zone": null,
            "id": "arn:aws:elasticloadbalancing:eu-central-1:557403669124:targetgroup/blue-tg-lb/e050ac4825716ec6-20221024113619127800000056",
            "port": 80,
            "target_group_arn": "arn:aws:elasticloadbalancing:eu-central-1:557403669124:targetgroup/blue-tg-lb/e050ac4825716ec6",
            "target_id": "i-00ea803f0d6be126d"
          },
          "sensitive_attributes": [],
          "private": "bnVsbA==",
          "dependencies": [
            "aws_instance.blue",
            "aws_lb_target_group.blue",
            "aws_security_group.ssh-allowed",
            "aws_subnet.bg-subnet-pub-1",
            "aws_vpc.bluegreen"
          ]
        },
        {
          "index_key": 31,
          "schema_version": 0,
          "attributes": {
            "availability_zone": null,
            "id": "arn:aws:elasticloadbalancing:eu-central-1:557403669124:targetgroup/blue-tg-lb/e050ac4825716ec6-20221024113619704400000067",
            "port": 80,
            "target_group_arn": "arn:aws:elasticloadbalancing:eu-central-1:557403669124:targetgroup/blue-tg-lb/e050ac4825716ec6",
            "target_id": "i-00ea803f0d6be126d"
          },
          "sensitive_attributes": [],
          "private": "bnVsbA==",
          "dependencies": [
            "aws_instance.blue",
            "aws_lb_target_group.blue",
            "aws_security_group.ssh-allowed",
            "aws_subnet.bg-subnet-pub-1",
            "aws_vpc.bluegreen"
          ]
        },
        {
          "index_key": 32,
          "schema_version": 0,
          "attributes": {
            "availability_zone": null,
            "id": "arn:aws:elasticloadbalancing:eu-central-1:557403669124:targetgroup/blue-tg-lb/e050ac4825716ec6-2022102411362996790000006e",
            "port": 80,
            "target_group_arn": "arn:aws:elasticloadbalancing:eu-central-1:557403669124:targetgroup/blue-tg-lb/e050ac4825716ec6",
            "target_id": "i-00ea803f0d6be126d"
          },
          "sensitive_attributes": [],
          "private": "bnVsbA==",
          "dependencies": [
            "aws_instance.blue",
            "aws_lb_target_group.blue",
            "aws_security_group.ssh-allowed",
            "aws_subnet.bg-subnet-pub-1",
            "aws_vpc.bluegreen"
          ]
        },
        {
          "index_key": 33,
          "schema_version": 0,
          "attributes": {
            "availability_zone": null,
            "id": "arn:aws:elasticloadbalancing:eu-central-1:557403669124:targetgroup/blue-tg-lb/e050ac4825716ec6-2022102411361981820000006a",
            "port": 80,
            "target_group_arn": "arn:aws:elasticloadbalancing:eu-central-1:557403669124:targetgroup/blue-tg-lb/e050ac4825716ec6",
            "target_id": "i-00ea803f0d6be126d"
          },
          "sensitive_attributes": [],
          "private": "bnVsbA==",
          "dependencies": [
            "aws_instance.blue",
            "aws_lb_target_group.blue",
            "aws_security_group.ssh-allowed",
            "aws_subnet.bg-subnet-pub-1",
            "aws_vpc.bluegreen"
          ]
        },
        {
          "index_key": 34,
          "schema_version": 0,
          "attributes": {
            "availability_zone": null,
            "id": "arn:aws:elasticloadbalancing:eu-central-1:557403669124:targetgroup/blue-tg-lb/e050ac4825716ec6-20221024113619736600000068",
            "port": 80,
            "target_group_arn": "arn:aws:elasticloadbalancing:eu-central-1:557403669124:targetgroup/blue-tg-lb/e050ac4825716ec6",
            "target_id": "i-00ea803f0d6be126d"
          },
          "sensitive_attributes": [],
          "private": "bnVsbA==",
          "dependencies": [
            "aws_instance.blue",
            "aws_lb_target_group.blue",
            "aws_security_group.ssh-allowed",
            "aws_subnet.bg-subnet-pub-1",
            "aws_vpc.bluegreen"
          ]
        },
        {
          "index_key": 35,
          "schema_version": 0,
          "attributes": {
            "availability_zone": null,
            "id": "arn:aws:elasticloadbalancing:eu-central-1:557403669124:targetgroup/blue-tg-lb/e050ac4825716ec6-2022102411360724120000003d",
            "port": 80,
            "target_group_arn": "arn:aws:elasticloadbalancing:eu-central-1:557403669124:targetgroup/blue-tg-lb/e050ac4825716ec6",
            "target_id": "i-00ea803f0d6be126d"
          },
          "sensitive_attributes": [],
          "private": "bnVsbA==",
          "dependencies": [
            "aws_instance.blue",
            "aws_lb_target_group.blue",
            "aws_security_group.ssh-allowed",
            "aws_subnet.bg-subnet-pub-1",
            "aws_vpc.bluegreen"
          ]
        },
        {
          "index_key": 36,
          "schema_version": 0,
          "attributes": {
            "availability_zone": null,
            "id": "arn:aws:elasticloadbalancing:eu-central-1:557403669124:targetgroup/blue-tg-lb/e050ac4825716ec6-20221024113607059800000038",
            "port": 80,
            "target_group_arn": "arn:aws:elasticloadbalancing:eu-central-1:557403669124:targetgroup/blue-tg-lb/e050ac4825716ec6",
            "target_id": "i-00ea803f0d6be126d"
          },
          "sensitive_attributes": [],
          "private": "bnVsbA==",
          "dependencies": [
            "aws_instance.blue",
            "aws_lb_target_group.blue",
            "aws_security_group.ssh-allowed",
            "aws_subnet.bg-subnet-pub-1",
            "aws_vpc.bluegreen"
          ]
        },
        {
          "index_key": 37,
          "schema_version": 0,
          "attributes": {
            "availability_zone": null,
            "id": "arn:aws:elasticloadbalancing:eu-central-1:557403669124:targetgroup/blue-tg-lb/e050ac4825716ec6-2022102411360727740000003e",
            "port": 80,
            "target_group_arn": "arn:aws:elasticloadbalancing:eu-central-1:557403669124:targetgroup/blue-tg-lb/e050ac4825716ec6",
            "target_id": "i-00ea803f0d6be126d"
          },
          "sensitive_attributes": [],
          "private": "bnVsbA==",
          "dependencies": [
            "aws_instance.blue",
            "aws_lb_target_group.blue",
            "aws_security_group.ssh-allowed",
            "aws_subnet.bg-subnet-pub-1",
            "aws_vpc.bluegreen"
          ]
        },
        {
          "index_key": 38,
          "schema_version": 0,
          "attributes": {
            "availability_zone": null,
            "id": "arn:aws:elasticloadbalancing:eu-central-1:557403669124:targetgroup/blue-tg-lb/e050ac4825716ec6-2022102411361945000000005e",
            "port": 80,
            "target_group_arn": "arn:aws:elasticloadbalancing:eu-central-1:557403669124:targetgroup/blue-tg-lb/e050ac4825716ec6",
            "target_id": "i-00ea803f0d6be126d"
          },
          "sensitive_attributes": [],
          "private": "bnVsbA==",
          "dependencies": [
            "aws_instance.blue",
            "aws_lb_target_group.blue",
            "aws_security_group.ssh-allowed",
            "aws_subnet.bg-subnet-pub-1",
            "aws_vpc.bluegreen"
          ]
        },
        {
          "index_key": 39,
          "schema_version": 0,
          "attributes": {
            "availability_zone": null,
            "id": "arn:aws:elasticloadbalancing:eu-central-1:557403669124:targetgroup/blue-tg-lb/e050ac4825716ec6-20221024113619615900000063",
            "port": 80,
            "target_group_arn": "arn:aws:elasticloadbalancing:eu-central-1:557403669124:targetgroup/blue-tg-lb/e050ac4825716ec6",
            "target_id": "i-00ea803f0d6be126d"
          },
          "sensitive_attributes": [],
          "private": "bnVsbA==",
          "dependencies": [
            "aws_instance.blue",
            "aws_lb_target_group.blue",
            "aws_security_group.ssh-allowed",
            "aws_subnet.bg-subnet-pub-1",
            "aws_vpc.bluegreen"
          ]
        },
        {
          "index_key": 40,
          "schema_version": 0,
          "attributes": {
            "availability_zone": null,
            "id": "arn:aws:elasticloadbalancing:eu-central-1:557403669124:targetgroup/blue-tg-lb/e050ac4825716ec6-20221024113619130600000057",
            "port": 80,
            "target_group_arn": "arn:aws:elasticloadbalancing:eu-central-1:557403669124:targetgroup/blue-tg-lb/e050ac4825716ec6",
            "target_id": "i-00ea803f0d6be126d"
          },
          "sensitive_attributes": [],
          "private": "bnVsbA==",
          "dependencies": [
            "aws_instance.blue",
            "aws_lb_target_group.blue",
            "aws_security_group.ssh-allowed",
            "aws_subnet.bg-subnet-pub-1",
            "aws_vpc.bluegreen"
          ]
        },
        {
          "index_key": 41,
          "schema_version": 0,
          "attributes": {
            "availability_zone": null,
            "id": "arn:aws:elasticloadbalancing:eu-central-1:557403669124:targetgroup/blue-tg-lb/e050ac4825716ec6-2022102411361985810000006b",
            "port": 80,
            "target_group_arn": "arn:aws:elasticloadbalancing:eu-central-1:557403669124:targetgroup/blue-tg-lb/e050ac4825716ec6",
            "target_id": "i-00ea803f0d6be126d"
          },
          "sensitive_attributes": [],
          "private": "bnVsbA==",
          "dependencies": [
            "aws_instance.blue",
            "aws_lb_target_group.blue",
            "aws_security_group.ssh-allowed",
            "aws_subnet.bg-subnet-pub-1",
            "aws_vpc.bluegreen"
          ]
        },
        {
          "index_key": 42,
          "schema_version": 0,
          "attributes": {
            "availability_zone": null,
            "id": "arn:aws:elasticloadbalancing:eu-central-1:557403669124:targetgroup/blue-tg-lb/e050ac4825716ec6-2022102411361260780000004f",
            "port": 80,
            "target_group_arn": "arn:aws:elasticloadbalancing:eu-central-1:557403669124:targetgroup/blue-tg-lb/e050ac4825716ec6",
            "target_id": "i-00ea803f0d6be126d"
          },
          "sensitive_attributes": [],
          "private": "bnVsbA==",
          "dependencies": [
            "aws_instance.blue",
            "aws_lb_target_group.blue",
            "aws_security_group.ssh-allowed",
            "aws_subnet.bg-subnet-pub-1",
            "aws_vpc.bluegreen"
          ]
        },
        {
          "index_key": 43,
          "schema_version": 0,
          "attributes": {
            "availability_zone": null,
            "id": "arn:aws:elasticloadbalancing:eu-central-1:557403669124:targetgroup/blue-tg-lb/e050ac4825716ec6-2022102411360728050000003f",
            "port": 80,
            "target_group_arn": "arn:aws:elasticloadbalancing:eu-central-1:557403669124:targetgroup/blue-tg-lb/e050ac4825716ec6",
            "target_id": "i-00ea803f0d6be126d"
          },
          "sensitive_attributes": [],
          "private": "bnVsbA==",
          "dependencies": [
            "aws_instance.blue",
            "aws_lb_target_group.blue",
            "aws_security_group.ssh-allowed",
            "aws_subnet.bg-subnet-pub-1",
            "aws_vpc.bluegreen"
          ]
        },
        {
          "index_key": 44,
          "schema_version": 0,
          "attributes": {
            "availability_zone": null,
            "id": "arn:aws:elasticloadbalancing:eu-central-1:557403669124:targetgroup/blue-tg-lb/e050ac4825716ec6-20221024113612733400000050",
            "port": 80,
            "target_group_arn": "arn:aws:elasticloadbalancing:eu-central-1:557403669124:targetgroup/blue-tg-lb/e050ac4825716ec6",
            "target_id": "i-00ea803f0d6be126d"
          },
          "sensitive_attributes": [],
          "private": "bnVsbA==",
          "dependencies": [
            "aws_instance.blue",
            "aws_lb_target_group.blue",
            "aws_security_group.ssh-allowed",
            "aws_subnet.bg-subnet-pub-1",
            "aws_vpc.bluegreen"
          ]
        },
        {
          "index_key": 45,
          "schema_version": 0,
          "attributes": {
            "availability_zone": null,
            "id": "arn:aws:elasticloadbalancing:eu-central-1:557403669124:targetgroup/blue-tg-lb/e050ac4825716ec6-20221024113619754900000069",
            "port": 80,
            "target_group_arn": "arn:aws:elasticloadbalancing:eu-central-1:557403669124:targetgroup/blue-tg-lb/e050ac4825716ec6",
            "target_id": "i-00ea803f0d6be126d"
          },
          "sensitive_attributes": [],
          "private": "bnVsbA==",
          "dependencies": [
            "aws_instance.blue",
            "aws_lb_target_group.blue",
            "aws_security_group.ssh-allowed",
            "aws_subnet.bg-subnet-pub-1",
            "aws_vpc.bluegreen"
          ]
        },
        {
          "index_key": 46,
          "schema_version": 0,
          "attributes": {
            "availability_zone": null,
            "id": "arn:aws:elasticloadbalancing:eu-central-1:557403669124:targetgroup/blue-tg-lb/e050ac4825716ec6-20221024113619151900000058",
            "port": 80,
            "target_group_arn": "arn:aws:elasticloadbalancing:eu-central-1:557403669124:targetgroup/blue-tg-lb/e050ac4825716ec6",
            "target_id": "i-00ea803f0d6be126d"
          },
          "sensitive_attributes": [],
          "private": "bnVsbA==",
          "dependencies": [
            "aws_instance.blue",
            "aws_lb_target_group.blue",
            "aws_security_group.ssh-allowed",
            "aws_subnet.bg-subnet-pub-1",
            "aws_vpc.bluegreen"
          ]
        },
        {
          "index_key": 47,
          "schema_version": 0,
          "attributes": {
            "availability_zone": null,
            "id": "arn:aws:elasticloadbalancing:eu-central-1:557403669124:targetgroup/blue-tg-lb/e050ac4825716ec6-20221024113618971400000052",
            "port": 80,
            "target_group_arn": "arn:aws:elasticloadbalancing:eu-central-1:557403669124:targetgroup/blue-tg-lb/e050ac4825716ec6",
            "target_id": "i-00ea803f0d6be126d"
          },
          "sensitive_attributes": [],
          "private": "bnVsbA==",
          "dependencies": [
            "aws_instance.blue",
            "aws_lb_target_group.blue",
            "aws_security_group.ssh-allowed",
            "aws_subnet.bg-subnet-pub-1",
            "aws_vpc.bluegreen"
          ]
        },
        {
          "index_key": 48,
          "schema_version": 0,
          "attributes": {
            "availability_zone": null,
            "id": "arn:aws:elasticloadbalancing:eu-central-1:557403669124:targetgroup/blue-tg-lb/e050ac4825716ec6-20221024113619587600000062",
            "port": 80,
            "target_group_arn": "arn:aws:elasticloadbalancing:eu-central-1:557403669124:targetgroup/blue-tg-lb/e050ac4825716ec6",
            "target_id": "i-00ea803f0d6be126d"
          },
          "sensitive_attributes": [],
          "private": "bnVsbA==",
          "dependencies": [
            "aws_instance.blue",
            "aws_lb_target_group.blue",
            "aws_security_group.ssh-allowed",
            "aws_subnet.bg-subnet-pub-1",
            "aws_vpc.bluegreen"
          ]
        },
        {
          "index_key": 49,
          "schema_version": 0,
          "attributes": {
            "availability_zone": null,
            "id": "arn:aws:elasticloadbalancing:eu-central-1:557403669124:targetgroup/blue-tg-lb/e050ac4825716ec6-2022102411361933040000005b",
            "port": 80,
            "target_group_arn": "arn:aws:elasticloadbalancing:eu-central-1:557403669124:targetgroup/blue-tg-lb/e050ac4825716ec6",
            "target_id": "i-00ea803f0d6be126d"
          },
          "sensitive_attributes": [],
          "private": "bnVsbA==",
          "dependencies": [
            "aws_instance.blue",
            "aws_lb_target_group.blue",
            "aws_security_group.ssh-allowed",
            "aws_subnet.bg-subnet-pub-1",
            "aws_vpc.bluegreen"
          ]
        },
        {
          "index_key": 50,
          "schema_version": 0,
          "attributes": {
            "availability_zone": null,
            "id": "arn:aws:elasticloadbalancing:eu-central-1:557403669124:targetgroup/blue-tg-lb/e050ac4825716ec6-20221024113619547500000061",
            "port": 80,
            "target_group_arn": "arn:aws:elasticloadbalancing:eu-central-1:557403669124:targetgroup/blue-tg-lb/e050ac4825716ec6",
            "target_id": "i-00ea803f0d6be126d"
          },
          "sensitive_attributes": [],
          "private": "bnVsbA==",
          "dependencies": [
            "aws_instance.blue",
            "aws_lb_target_group.blue",
            "aws_security_group.ssh-allowed",
            "aws_subnet.bg-subnet-pub-1",
            "aws_vpc.bluegreen"
          ]
        },
        {
          "index_key": 51,
          "schema_version": 0,
          "attributes": {
            "availability_zone": null,
            "id": "arn:aws:elasticloadbalancing:eu-central-1:557403669124:targetgroup/blue-tg-lb/e050ac4825716ec6-2022102411360721530000003b",
            "port": 80,
            "target_group_arn": "arn:aws:elasticloadbalancing:eu-central-1:557403669124:targetgroup/blue-tg-lb/e050ac4825716ec6",
            "target_id": "i-00ea803f0d6be126d"
          },
          "sensitive_attributes": [],
          "private": "bnVsbA==",
          "dependencies": [
            "aws_instance.blue",
            "aws_lb_target_group.blue",
            "aws_security_group.ssh-allowed",
            "aws_subnet.bg-subnet-pub-1",
            "aws_vpc.bluegreen"
          ]
        },
        {
          "index_key": 52,
          "schema_version": 0,
          "attributes": {
            "availability_zone": null,
            "id": "arn:aws:elasticloadbalancing:eu-central-1:557403669124:targetgroup/blue-tg-lb/e050ac4825716ec6-2022102411361243100000004a",
            "port": 80,
            "target_group_arn": "arn:aws:elasticloadbalancing:eu-central-1:557403669124:targetgroup/blue-tg-lb/e050ac4825716ec6",
            "target_id": "i-00ea803f0d6be126d"
          },
          "sensitive_attributes": [],
          "private": "bnVsbA==",
          "dependencies": [
            "aws_instance.blue",
            "aws_lb_target_group.blue",
            "aws_security_group.ssh-allowed",
            "aws_subnet.bg-subnet-pub-1",
            "aws_vpc.bluegreen"
          ]
        },
        {
          "index_key": 53,
          "schema_version": 0,
          "attributes": {
            "availability_zone": null,
            "id": "arn:aws:elasticloadbalancing:eu-central-1:557403669124:targetgroup/blue-tg-lb/e050ac4825716ec6-2022102411360723950000003c",
            "port": 80,
            "target_group_arn": "arn:aws:elasticloadbalancing:eu-central-1:557403669124:targetgroup/blue-tg-lb/e050ac4825716ec6",
            "target_id": "i-00ea803f0d6be126d"
          },
          "sensitive_attributes": [],
          "private": "bnVsbA==",
          "dependencies": [
            "aws_instance.blue",
            "aws_lb_target_group.blue",
            "aws_security_group.ssh-allowed",
            "aws_subnet.bg-subnet-pub-1",
            "aws_vpc.bluegreen"
          ]
        },
        {
          "index_key": 54,
          "schema_version": 0,
          "attributes": {
            "availability_zone": null,
            "id": "arn:aws:elasticloadbalancing:eu-central-1:557403669124:targetgroup/blue-tg-lb/e050ac4825716ec6-2022102411361258710000004d",
            "port": 80,
            "target_group_arn": "arn:aws:elasticloadbalancing:eu-central-1:557403669124:targetgroup/blue-tg-lb/e050ac4825716ec6",
            "target_id": "i-00ea803f0d6be126d"
          },
          "sensitive_attributes": [],
          "private": "bnVsbA==",
          "dependencies": [
            "aws_instance.blue",
            "aws_lb_target_group.blue",
            "aws_security_group.ssh-allowed",
            "aws_subnet.bg-subnet-pub-1",
            "aws_vpc.bluegreen"
          ]
        }
      ]
    },
    {
      "mode": "managed",
      "type": "aws_lb_target_group_attachment",
      "name": "green",
      "provider": "provider[\"registry.terraform.io/hashicorp/aws\"]",
      "instances": [
        {
          "index_key": 0,
          "schema_version": 0,
          "attributes": {
            "availability_zone": null,
            "id": "arn:aws:elasticloadbalancing:eu-central-1:557403669124:targetgroup/green-tg-lb/fb0bfbffb295eca8-2022102411360022960000000f",
            "port": 80,
            "target_group_arn": "arn:aws:elasticloadbalancing:eu-central-1:557403669124:targetgroup/green-tg-lb/fb0bfbffb295eca8",
            "target_id": "i-08dec6296ea942b95"
          },
          "sensitive_attributes": [],
          "private": "bnVsbA==",
          "dependencies": [
            "aws_instance.green",
            "aws_lb_target_group.green",
            "aws_security_group.ssh-allowed",
            "aws_subnet.bg-subnet-pub-1",
            "aws_vpc.bluegreen"
          ]
        },
        {
          "index_key": 1,
          "schema_version": 0,
          "attributes": {
            "availability_zone": null,
            "id": "arn:aws:elasticloadbalancing:eu-central-1:557403669124:targetgroup/green-tg-lb/fb0bfbffb295eca8-20221024113606929100000033",
            "port": 80,
            "target_group_arn": "arn:aws:elasticloadbalancing:eu-central-1:557403669124:targetgroup/green-tg-lb/fb0bfbffb295eca8",
            "target_id": "i-08dec6296ea942b95"
          },
          "sensitive_attributes": [],
          "private": "bnVsbA==",
          "dependencies": [
            "aws_instance.green",
            "aws_lb_target_group.green",
            "aws_security_group.ssh-allowed",
            "aws_subnet.bg-subnet-pub-1",
            "aws_vpc.bluegreen"
          ]
        },
        {
          "index_key": 2,
          "schema_version": 0,
          "attributes": {
            "availability_zone": null,
            "id": "arn:aws:elasticloadbalancing:eu-central-1:557403669124:targetgroup/green-tg-lb/fb0bfbffb295eca8-20221024113600776200000021",
            "port": 80,
            "target_group_arn": "arn:aws:elasticloadbalancing:eu-central-1:557403669124:targetgroup/green-tg-lb/fb0bfbffb295eca8",
            "target_id": "i-08dec6296ea942b95"
          },
          "sensitive_attributes": [],
          "private": "bnVsbA==",
          "dependencies": [
            "aws_instance.green",
            "aws_lb_target_group.green",
            "aws_security_group.ssh-allowed",
            "aws_subnet.bg-subnet-pub-1",
            "aws_vpc.bluegreen"
          ]
        },
        {
          "index_key": 3,
          "schema_version": 0,
          "attributes": {
            "availability_zone": null,
            "id": "arn:aws:elasticloadbalancing:eu-central-1:557403669124:targetgroup/green-tg-lb/fb0bfbffb295eca8-20221024113612050700000043",
            "port": 80,
            "target_group_arn": "arn:aws:elasticloadbalancing:eu-central-1:557403669124:targetgroup/green-tg-lb/fb0bfbffb295eca8",
            "target_id": "i-08dec6296ea942b95"
          },
          "sensitive_attributes": [],
          "private": "bnVsbA==",
          "dependencies": [
            "aws_instance.green",
            "aws_lb_target_group.green",
            "aws_security_group.ssh-allowed",
            "aws_subnet.bg-subnet-pub-1",
            "aws_vpc.bluegreen"
          ]
        },
        {
          "index_key": 4,
          "schema_version": 0,
          "attributes": {
            "availability_zone": null,
            "id": "arn:aws:elasticloadbalancing:eu-central-1:557403669124:targetgroup/green-tg-lb/fb0bfbffb295eca8-20221024113559958700000007",
            "port": 80,
            "target_group_arn": "arn:aws:elasticloadbalancing:eu-central-1:557403669124:targetgroup/green-tg-lb/fb0bfbffb295eca8",
            "target_id": "i-08dec6296ea942b95"
          },
          "sensitive_attributes": [],
          "private": "bnVsbA==",
          "dependencies": [
            "aws_instance.green",
            "aws_lb_target_group.green",
            "aws_security_group.ssh-allowed",
            "aws_subnet.bg-subnet-pub-1",
            "aws_vpc.bluegreen"
          ]
        },
        {
          "index_key": 5,
          "schema_version": 0,
          "attributes": {
            "availability_zone": null,
            "id": "arn:aws:elasticloadbalancing:eu-central-1:557403669124:targetgroup/green-tg-lb/fb0bfbffb295eca8-2022102411360057890000001c",
            "port": 80,
            "target_group_arn": "arn:aws:elasticloadbalancing:eu-central-1:557403669124:targetgroup/green-tg-lb/fb0bfbffb295eca8",
            "target_id": "i-08dec6296ea942b95"
          },
          "sensitive_attributes": [],
          "private": "bnVsbA==",
          "dependencies": [
            "aws_instance.green",
            "aws_lb_target_group.green",
            "aws_security_group.ssh-allowed",
            "aws_subnet.bg-subnet-pub-1",
            "aws_vpc.bluegreen"
          ]
        },
        {
          "index_key": 6,
          "schema_version": 0,
          "attributes": {
            "availability_zone": null,
            "id": "arn:aws:elasticloadbalancing:eu-central-1:557403669124:targetgroup/green-tg-lb/fb0bfbffb295eca8-2022102411360057900000001d",
            "port": 80,
            "target_group_arn": "arn:aws:elasticloadbalancing:eu-central-1:557403669124:targetgroup/green-tg-lb/fb0bfbffb295eca8",
            "target_id": "i-08dec6296ea942b95"
          },
          "sensitive_attributes": [],
          "private": "bnVsbA==",
          "dependencies": [
            "aws_instance.green",
            "aws_lb_target_group.green",
            "aws_security_group.ssh-allowed",
            "aws_subnet.bg-subnet-pub-1",
            "aws_vpc.bluegreen"
          ]
        },
        {
          "index_key": 7,
          "schema_version": 0,
          "attributes": {
            "availability_zone": null,
            "id": "arn:aws:elasticloadbalancing:eu-central-1:557403669124:targetgroup/green-tg-lb/fb0bfbffb295eca8-20221024113600249300000013",
            "port": 80,
            "target_group_arn": "arn:aws:elasticloadbalancing:eu-central-1:557403669124:targetgroup/green-tg-lb/fb0bfbffb295eca8",
            "target_id": "i-08dec6296ea942b95"
          },
          "sensitive_attributes": [],
          "private": "bnVsbA==",
          "dependencies": [
            "aws_instance.green",
            "aws_lb_target_group.green",
            "aws_security_group.ssh-allowed",
            "aws_subnet.bg-subnet-pub-1",
            "aws_vpc.bluegreen"
          ]
        },
        {
          "index_key": 8,
          "schema_version": 0,
          "attributes": {
            "availability_zone": null,
            "id": "arn:aws:elasticloadbalancing:eu-central-1:557403669124:targetgroup/green-tg-lb/fb0bfbffb295eca8-20221024113600839400000025",
            "port": 80,
            "target_group_arn": "arn:aws:elasticloadbalancing:eu-central-1:557403669124:targetgroup/green-tg-lb/fb0bfbffb295eca8",
            "target_id": "i-08dec6296ea942b95"
          },
          "sensitive_attributes": [],
          "private": "bnVsbA==",
          "dependencies": [
            "aws_instance.green",
            "aws_lb_target_group.green",
            "aws_security_group.ssh-allowed",
            "aws_subnet.bg-subnet-pub-1",
            "aws_vpc.bluegreen"
          ]
        },
        {
          "index_key": 9,
          "schema_version": 0,
          "attributes": {
            "availability_zone": null,
            "id": "arn:aws:elasticloadbalancing:eu-central-1:557403669124:targetgroup/green-tg-lb/fb0bfbffb295eca8-20221024113600249200000012",
            "port": 80,
            "target_group_arn": "arn:aws:elasticloadbalancing:eu-central-1:557403669124:targetgroup/green-tg-lb/fb0bfbffb295eca8",
            "target_id": "i-08dec6296ea942b95"
          },
          "sensitive_attributes": [],
          "private": "bnVsbA==",
          "dependencies": [
            "aws_instance.green",
            "aws_lb_target_group.green",
            "aws_security_group.ssh-allowed",
            "aws_subnet.bg-subnet-pub-1",
            "aws_vpc.bluegreen"
          ]
        },
        {
          "index_key": 10,
          "schema_version": 0,
          "attributes": {
            "availability_zone": null,
            "id": "arn:aws:elasticloadbalancing:eu-central-1:557403669124:targetgroup/green-tg-lb/fb0bfbffb295eca8-2022102411355997830000000a",
            "port": 80,
            "target_group_arn": "arn:aws:elasticloadbalancing:eu-central-1:557403669124:targetgroup/green-tg-lb/fb0bfbffb295eca8",
            "target_id": "i-08dec6296ea942b95"
          },
          "sensitive_attributes": [],
          "private": "bnVsbA==",
          "dependencies": [
            "aws_instance.green",
            "aws_lb_target_group.green",
            "aws_security_group.ssh-allowed",
            "aws_subnet.bg-subnet-pub-1",
            "aws_vpc.bluegreen"
          ]
        },
        {
          "index_key": 11,
          "schema_version": 0,
          "attributes": {
            "availability_zone": null,
            "id": "arn:aws:elasticloadbalancing:eu-central-1:557403669124:targetgroup/green-tg-lb/fb0bfbffb295eca8-2022102411362724590000006d",
            "port": 80,
            "target_group_arn": "arn:aws:elasticloadbalancing:eu-central-1:557403669124:targetgroup/green-tg-lb/fb0bfbffb295eca8",
            "target_id": "i-08dec6296ea942b95"
          },
          "sensitive_attributes": [],
          "private": "bnVsbA==",
          "dependencies": [
            "aws_instance.green",
            "aws_lb_target_group.green",
            "aws_security_group.ssh-allowed",
            "aws_subnet.bg-subnet-pub-1",
            "aws_vpc.bluegreen"
          ]
        },
        {
          "index_key": 12,
          "schema_version": 0,
          "attributes": {
            "availability_zone": null,
            "id": "arn:aws:elasticloadbalancing:eu-central-1:557403669124:targetgroup/green-tg-lb/fb0bfbffb295eca8-20221024113611752000000040",
            "port": 80,
            "target_group_arn": "arn:aws:elasticloadbalancing:eu-central-1:557403669124:targetgroup/green-tg-lb/fb0bfbffb295eca8",
            "target_id": "i-08dec6296ea942b95"
          },
          "sensitive_attributes": [],
          "private": "bnVsbA==",
          "dependencies": [
            "aws_instance.green",
            "aws_lb_target_group.green",
            "aws_security_group.ssh-allowed",
            "aws_subnet.bg-subnet-pub-1",
            "aws_vpc.bluegreen"
          ]
        },
        {
          "index_key": 13,
          "schema_version": 0,
          "attributes": {
            "availability_zone": null,
            "id": "arn:aws:elasticloadbalancing:eu-central-1:557403669124:targetgroup/green-tg-lb/fb0bfbffb295eca8-20221024113559941200000006",
            "port": 80,
            "target_group_arn": "arn:aws:elasticloadbalancing:eu-central-1:557403669124:targetgroup/green-tg-lb/fb0bfbffb295eca8",
            "target_id": "i-08dec6296ea942b95"
          },
          "sensitive_attributes": [],
          "private": "bnVsbA==",
          "dependencies": [
            "aws_instance.green",
            "aws_lb_target_group.green",
            "aws_security_group.ssh-allowed",
            "aws_subnet.bg-subnet-pub-1",
            "aws_vpc.bluegreen"
          ]
        },
        {
          "index_key": 14,
          "schema_version": 0,
          "attributes": {
            "availability_zone": null,
            "id": "arn:aws:elasticloadbalancing:eu-central-1:557403669124:targetgroup/green-tg-lb/fb0bfbffb295eca8-20221024113606852600000031",
            "port": 80,
            "target_group_arn": "arn:aws:elasticloadbalancing:eu-central-1:557403669124:targetgroup/green-tg-lb/fb0bfbffb295eca8",
            "target_id": "i-08dec6296ea942b95"
          },
          "sensitive_attributes": [],
          "private": "bnVsbA==",
          "dependencies": [
            "aws_instance.green",
            "aws_lb_target_group.green",
            "aws_security_group.ssh-allowed",
            "aws_subnet.bg-subnet-pub-1",
            "aws_vpc.bluegreen"
          ]
        },
        {
          "index_key": 15,
          "schema_version": 0,
          "attributes": {
            "availability_zone": null,
            "id": "arn:aws:elasticloadbalancing:eu-central-1:557403669124:targetgroup/green-tg-lb/fb0bfbffb295eca8-20221024113611880200000041",
            "port": 80,
            "target_group_arn": "arn:aws:elasticloadbalancing:eu-central-1:557403669124:targetgroup/green-tg-lb/fb0bfbffb295eca8",
            "target_id": "i-08dec6296ea942b95"
          },
          "sensitive_attributes": [],
          "private": "bnVsbA==",
          "dependencies": [
            "aws_instance.green",
            "aws_lb_target_group.green",
            "aws_security_group.ssh-allowed",
            "aws_subnet.bg-subnet-pub-1",
            "aws_vpc.bluegreen"
          ]
        },
        {
          "index_key": 16,
          "schema_version": 0,
          "attributes": {
            "availability_zone": null,
            "id": "arn:aws:elasticloadbalancing:eu-central-1:557403669124:targetgroup/green-tg-lb/fb0bfbffb295eca8-20221024113600268400000014",
            "port": 80,
            "target_group_arn": "arn:aws:elasticloadbalancing:eu-central-1:557403669124:targetgroup/green-tg-lb/fb0bfbffb295eca8",
            "target_id": "i-08dec6296ea942b95"
          },
          "sensitive_attributes": [],
          "private": "bnVsbA==",
          "dependencies": [
            "aws_instance.green",
            "aws_lb_target_group.green",
            "aws_security_group.ssh-allowed",
            "aws_subnet.bg-subnet-pub-1",
            "aws_vpc.bluegreen"
          ]
        },
        {
          "index_key": 17,
          "schema_version": 0,
          "attributes": {
            "availability_zone": null,
            "id": "arn:aws:elasticloadbalancing:eu-central-1:557403669124:targetgroup/green-tg-lb/fb0bfbffb295eca8-20221024113559840700000003",
            "port": 80,
            "target_group_arn": "arn:aws:elasticloadbalancing:eu-central-1:557403669124:targetgroup/green-tg-lb/fb0bfbffb295eca8",
            "target_id": "i-08dec6296ea942b95"
          },
          "sensitive_attributes": [],
          "private": "bnVsbA==",
          "dependencies": [
            "aws_instance.green",
            "aws_lb_target_group.green",
            "aws_security_group.ssh-allowed",
            "aws_subnet.bg-subnet-pub-1",
            "aws_vpc.bluegreen"
          ]
        },
        {
          "index_key": 18,
          "schema_version": 0,
          "attributes": {
            "availability_zone": null,
            "id": "arn:aws:elasticloadbalancing:eu-central-1:557403669124:targetgroup/green-tg-lb/fb0bfbffb295eca8-20221024113600270300000015",
            "port": 80,
            "target_group_arn": "arn:aws:elasticloadbalancing:eu-central-1:557403669124:targetgroup/green-tg-lb/fb0bfbffb295eca8",
            "target_id": "i-08dec6296ea942b95"
          },
          "sensitive_attributes": [],
          "private": "bnVsbA==",
          "dependencies": [
            "aws_instance.green",
            "aws_lb_target_group.green",
            "aws_security_group.ssh-allowed",
            "aws_subnet.bg-subnet-pub-1",
            "aws_vpc.bluegreen"
          ]
        },
        {
          "index_key": 19,
          "schema_version": 0,
          "attributes": {
            "availability_zone": null,
            "id": "arn:aws:elasticloadbalancing:eu-central-1:557403669124:targetgroup/green-tg-lb/fb0bfbffb295eca8-2022102411360103220000002a",
            "port": 80,
            "target_group_arn": "arn:aws:elasticloadbalancing:eu-central-1:557403669124:targetgroup/green-tg-lb/fb0bfbffb295eca8",
            "target_id": "i-08dec6296ea942b95"
          },
          "sensitive_attributes": [],
          "private": "bnVsbA==",
          "dependencies": [
            "aws_instance.green",
            "aws_lb_target_group.green",
            "aws_security_group.ssh-allowed",
            "aws_subnet.bg-subnet-pub-1",
            "aws_vpc.bluegreen"
          ]
        },
        {
          "index_key": 20,
          "schema_version": 0,
          "attributes": {
            "availability_zone": null,
            "id": "arn:aws:elasticloadbalancing:eu-central-1:557403669124:targetgroup/green-tg-lb/fb0bfbffb295eca8-20221024113600797200000022",
            "port": 80,
            "target_group_arn": "arn:aws:elasticloadbalancing:eu-central-1:557403669124:targetgroup/green-tg-lb/fb0bfbffb295eca8",
            "target_id": "i-08dec6296ea942b95"
          },
          "sensitive_attributes": [],
          "private": "bnVsbA==",
          "dependencies": [
            "aws_instance.green",
            "aws_lb_target_group.green",
            "aws_security_group.ssh-allowed",
            "aws_subnet.bg-subnet-pub-1",
            "aws_vpc.bluegreen"
          ]
        },
        {
          "index_key": 21,
          "schema_version": 0,
          "attributes": {
            "availability_zone": null,
            "id": "arn:aws:elasticloadbalancing:eu-central-1:557403669124:targetgroup/green-tg-lb/fb0bfbffb295eca8-2022102411360018830000000d",
            "port": 80,
            "target_group_arn": "arn:aws:elasticloadbalancing:eu-central-1:557403669124:targetgroup/green-tg-lb/fb0bfbffb295eca8",
            "target_id": "i-08dec6296ea942b95"
          },
          "sensitive_attributes": [],
          "private": "bnVsbA==",
          "dependencies": [
            "aws_instance.green",
            "aws_lb_target_group.green",
            "aws_security_group.ssh-allowed",
            "aws_subnet.bg-subnet-pub-1",
            "aws_vpc.bluegreen"
          ]
        },
        {
          "index_key": 22,
          "schema_version": 0,
          "attributes": {
            "availability_zone": null,
            "id": "arn:aws:elasticloadbalancing:eu-central-1:557403669124:targetgroup/green-tg-lb/fb0bfbffb295eca8-20221024113559787500000002",
            "port": 80,
            "target_group_arn": "arn:aws:elasticloadbalancing:eu-central-1:557403669124:targetgroup/green-tg-lb/fb0bfbffb295eca8",
            "target_id": "i-08dec6296ea942b95"
          },
          "sensitive_attributes": [],
          "private": "bnVsbA==",
          "dependencies": [
            "aws_instance.green",
            "aws_lb_target_group.green",
            "aws_security_group.ssh-allowed",
            "aws_subnet.bg-subnet-pub-1",
            "aws_vpc.bluegreen"
          ]
        },
        {
          "index_key": 23,
          "schema_version": 0,
          "attributes": {
            "availability_zone": null,
            "id": "arn:aws:elasticloadbalancing:eu-central-1:557403669124:targetgroup/green-tg-lb/fb0bfbffb295eca8-20221024113559941200000005",
            "port": 80,
            "target_group_arn": "arn:aws:elasticloadbalancing:eu-central-1:557403669124:targetgroup/green-tg-lb/fb0bfbffb295eca8",
            "target_id": "i-08dec6296ea942b95"
          },
          "sensitive_attributes": [],
          "private": "bnVsbA==",
          "dependencies": [
            "aws_instance.green",
            "aws_lb_target_group.green",
            "aws_security_group.ssh-allowed",
            "aws_subnet.bg-subnet-pub-1",
            "aws_vpc.bluegreen"
          ]
        },
        {
          "index_key": 24,
          "schema_version": 0,
          "attributes": {
            "availability_zone": null,
            "id": "arn:aws:elasticloadbalancing:eu-central-1:557403669124:targetgroup/green-tg-lb/fb0bfbffb295eca8-2022102411360108350000002b",
            "port": 80,
            "target_group_arn": "arn:aws:elasticloadbalancing:eu-central-1:557403669124:targetgroup/green-tg-lb/fb0bfbffb295eca8",
            "target_id": "i-08dec6296ea942b95"
          },
          "sensitive_attributes": [],
          "private": "bnVsbA==",
          "dependencies": [
            "aws_instance.green",
            "aws_lb_target_group.green",
            "aws_security_group.ssh-allowed",
            "aws_subnet.bg-subnet-pub-1",
            "aws_vpc.bluegreen"
          ]
        },
        {
          "index_key": 25,
          "schema_version": 0,
          "attributes": {
            "availability_zone": null,
            "id": "arn:aws:elasticloadbalancing:eu-central-1:557403669124:targetgroup/green-tg-lb/fb0bfbffb295eca8-2022102411360065210000001f",
            "port": 80,
            "target_group_arn": "arn:aws:elasticloadbalancing:eu-central-1:557403669124:targetgroup/green-tg-lb/fb0bfbffb295eca8",
            "target_id": "i-08dec6296ea942b95"
          },
          "sensitive_attributes": [],
          "private": "bnVsbA==",
          "dependencies": [
            "aws_instance.green",
            "aws_lb_target_group.green",
            "aws_security_group.ssh-allowed",
            "aws_subnet.bg-subnet-pub-1",
            "aws_vpc.bluegreen"
          ]
        },
        {
          "index_key": 26,
          "schema_version": 0,
          "attributes": {
            "availability_zone": null,
            "id": "arn:aws:elasticloadbalancing:eu-central-1:557403669124:targetgroup/green-tg-lb/fb0bfbffb295eca8-20221024113559960300000008",
            "port": 80,
            "target_group_arn": "arn:aws:elasticloadbalancing:eu-central-1:557403669124:targetgroup/green-tg-lb/fb0bfbffb295eca8",
            "target_id": "i-08dec6296ea942b95"
          },
          "sensitive_attributes": [],
          "private": "bnVsbA==",
          "dependencies": [
            "aws_instance.green",
            "aws_lb_target_group.green",
            "aws_security_group.ssh-allowed",
            "aws_subnet.bg-subnet-pub-1",
            "aws_vpc.bluegreen"
          ]
        },
        {
          "index_key": 27,
          "schema_version": 0,
          "attributes": {
            "availability_zone": null,
            "id": "arn:aws:elasticloadbalancing:eu-central-1:557403669124:targetgroup/green-tg-lb/fb0bfbffb295eca8-20221024113559925000000004",
            "port": 80,
            "target_group_arn": "arn:aws:elasticloadbalancing:eu-central-1:557403669124:targetgroup/green-tg-lb/fb0bfbffb295eca8",
            "target_id": "i-08dec6296ea942b95"
          },
          "sensitive_attributes": [],
          "private": "bnVsbA==",
          "dependencies": [
            "aws_instance.green",
            "aws_lb_target_group.green",
            "aws_security_group.ssh-allowed",
            "aws_subnet.bg-subnet-pub-1",
            "aws_vpc.bluegreen"
          ]
        },
        {
          "index_key": 28,
          "schema_version": 0,
          "attributes": {
            "availability_zone": null,
            "id": "arn:aws:elasticloadbalancing:eu-central-1:557403669124:targetgroup/green-tg-lb/fb0bfbffb295eca8-20221024113600814600000023",
            "port": 80,
            "target_group_arn": "arn:aws:elasticloadbalancing:eu-central-1:557403669124:targetgroup/green-tg-lb/fb0bfbffb295eca8",
            "target_id": "i-08dec6296ea942b95"
          },
          "sensitive_attributes": [],
          "private": "bnVsbA==",
          "dependencies": [
            "aws_instance.green",
            "aws_lb_target_group.green",
            "aws_security_group.ssh-allowed",
            "aws_subnet.bg-subnet-pub-1",
            "aws_vpc.bluegreen"
          ]
        },
        {
          "index_key": 29,
          "schema_version": 0,
          "attributes": {
            "availability_zone": null,
            "id": "arn:aws:elasticloadbalancing:eu-central-1:557403669124:targetgroup/green-tg-lb/fb0bfbffb295eca8-20221024113606811600000030",
            "port": 80,
            "target_group_arn": "arn:aws:elasticloadbalancing:eu-central-1:557403669124:targetgroup/green-tg-lb/fb0bfbffb295eca8",
            "target_id": "i-08dec6296ea942b95"
          },
          "sensitive_attributes": [],
          "private": "bnVsbA==",
          "dependencies": [
            "aws_instance.green",
            "aws_lb_target_group.green",
            "aws_security_group.ssh-allowed",
            "aws_subnet.bg-subnet-pub-1",
            "aws_vpc.bluegreen"
          ]
        },
        {
          "index_key": 30,
          "schema_version": 0,
          "attributes": {
            "availability_zone": null,
            "id": "arn:aws:elasticloadbalancing:eu-central-1:557403669124:targetgroup/green-tg-lb/fb0bfbffb295eca8-20221024113600943100000028",
            "port": 80,
            "target_group_arn": "arn:aws:elasticloadbalancing:eu-central-1:557403669124:targetgroup/green-tg-lb/fb0bfbffb295eca8",
            "target_id": "i-08dec6296ea942b95"
          },
          "sensitive_attributes": [],
          "private": "bnVsbA==",
          "dependencies": [
            "aws_instance.green",
            "aws_lb_target_group.green",
            "aws_security_group.ssh-allowed",
            "aws_subnet.bg-subnet-pub-1",
            "aws_vpc.bluegreen"
          ]
        },
        {
          "index_key": 31,
          "schema_version": 0,
          "attributes": {
            "availability_zone": null,
            "id": "arn:aws:elasticloadbalancing:eu-central-1:557403669124:targetgroup/green-tg-lb/fb0bfbffb295eca8-2022102411360659510000002d",
            "port": 80,
            "target_group_arn": "arn:aws:elasticloadbalancing:eu-central-1:557403669124:targetgroup/green-tg-lb/fb0bfbffb295eca8",
            "target_id": "i-08dec6296ea942b95"
          },
          "sensitive_attributes": [],
          "private": "bnVsbA==",
          "dependencies": [
            "aws_instance.green",
            "aws_lb_target_group.green",
            "aws_security_group.ssh-allowed",
            "aws_subnet.bg-subnet-pub-1",
            "aws_vpc.bluegreen"
          ]
        },
        {
          "index_key": 32,
          "schema_version": 0,
          "attributes": {
            "availability_zone": null,
            "id": "arn:aws:elasticloadbalancing:eu-central-1:557403669124:targetgroup/green-tg-lb/fb0bfbffb295eca8-20221024113600654600000020",
            "port": 80,
            "target_group_arn": "arn:aws:elasticloadbalancing:eu-central-1:557403669124:targetgroup/green-tg-lb/fb0bfbffb295eca8",
            "target_id": "i-08dec6296ea942b95"
          },
          "sensitive_attributes": [],
          "private": "bnVsbA==",
          "dependencies": [
            "aws_instance.green",
            "aws_lb_target_group.green",
            "aws_security_group.ssh-allowed",
            "aws_subnet.bg-subnet-pub-1",
            "aws_vpc.bluegreen"
          ]
        },
        {
          "index_key": 33,
          "schema_version": 0,
          "attributes": {
            "availability_zone": null,
            "id": "arn:aws:elasticloadbalancing:eu-central-1:557403669124:targetgroup/green-tg-lb/fb0bfbffb295eca8-20221024113600234900000010",
            "port": 80,
            "target_group_arn": "arn:aws:elasticloadbalancing:eu-central-1:557403669124:targetgroup/green-tg-lb/fb0bfbffb295eca8",
            "target_id": "i-08dec6296ea942b95"
          },
          "sensitive_attributes": [],
          "private": "bnVsbA==",
          "dependencies": [
            "aws_instance.green",
            "aws_lb_target_group.green",
            "aws_security_group.ssh-allowed",
            "aws_subnet.bg-subnet-pub-1",
            "aws_vpc.bluegreen"
          ]
        },
        {
          "index_key": 34,
          "schema_version": 0,
          "attributes": {
            "availability_zone": null,
            "id": "arn:aws:elasticloadbalancing:eu-central-1:557403669124:targetgroup/green-tg-lb/fb0bfbffb295eca8-2022102411360000990000000c",
            "port": 80,
            "target_group_arn": "arn:aws:elasticloadbalancing:eu-central-1:557403669124:targetgroup/green-tg-lb/fb0bfbffb295eca8",
            "target_id": "i-08dec6296ea942b95"
          },
          "sensitive_attributes": [],
          "private": "bnVsbA==",
          "dependencies": [
            "aws_instance.green",
            "aws_lb_target_group.green",
            "aws_security_group.ssh-allowed",
            "aws_subnet.bg-subnet-pub-1",
            "aws_vpc.bluegreen"
          ]
        },
        {
          "index_key": 35,
          "schema_version": 0,
          "attributes": {
            "availability_zone": null,
            "id": "arn:aws:elasticloadbalancing:eu-central-1:557403669124:targetgroup/green-tg-lb/fb0bfbffb295eca8-20221024113600417200000017",
            "port": 80,
            "target_group_arn": "arn:aws:elasticloadbalancing:eu-central-1:557403669124:targetgroup/green-tg-lb/fb0bfbffb295eca8",
            "target_id": "i-08dec6296ea942b95"
          },
          "sensitive_attributes": [],
          "private": "bnVsbA==",
          "dependencies": [
            "aws_instance.green",
            "aws_lb_target_group.green",
            "aws_security_group.ssh-allowed",
            "aws_subnet.bg-subnet-pub-1",
            "aws_vpc.bluegreen"
          ]
        },
        {
          "index_key": 36,
          "schema_version": 0,
          "attributes": {
            "availability_zone": null,
            "id": "arn:aws:elasticloadbalancing:eu-central-1:557403669124:targetgroup/green-tg-lb/fb0bfbffb295eca8-20221024113600839400000026",
            "port": 80,
            "target_group_arn": "arn:aws:elasticloadbalancing:eu-central-1:557403669124:targetgroup/green-tg-lb/fb0bfbffb295eca8",
            "target_id": "i-08dec6296ea942b95"
          },
          "sensitive_attributes": [],
          "private": "bnVsbA==",
          "dependencies": [
            "aws_instance.green",
            "aws_lb_target_group.green",
            "aws_security_group.ssh-allowed",
            "aws_subnet.bg-subnet-pub-1",
            "aws_vpc.bluegreen"
          ]
        },
        {
          "index_key": 37,
          "schema_version": 0,
          "attributes": {
            "availability_zone": null,
            "id": "arn:aws:elasticloadbalancing:eu-central-1:557403669124:targetgroup/green-tg-lb/fb0bfbffb295eca8-2022102411360057880000001b",
            "port": 80,
            "target_group_arn": "arn:aws:elasticloadbalancing:eu-central-1:557403669124:targetgroup/green-tg-lb/fb0bfbffb295eca8",
            "target_id": "i-08dec6296ea942b95"
          },
          "sensitive_attributes": [],
          "private": "bnVsbA==",
          "dependencies": [
            "aws_instance.green",
            "aws_lb_target_group.green",
            "aws_security_group.ssh-allowed",
            "aws_subnet.bg-subnet-pub-1",
            "aws_vpc.bluegreen"
          ]
        },
        {
          "index_key": 38,
          "schema_version": 0,
          "attributes": {
            "availability_zone": null,
            "id": "arn:aws:elasticloadbalancing:eu-central-1:557403669124:targetgroup/green-tg-lb/fb0bfbffb295eca8-20221024113600837400000024",
            "port": 80,
            "target_group_arn": "arn:aws:elasticloadbalancing:eu-central-1:557403669124:targetgroup/green-tg-lb/fb0bfbffb295eca8",
            "target_id": "i-08dec6296ea942b95"
          },
          "sensitive_attributes": [],
          "private": "bnVsbA==",
          "dependencies": [
            "aws_instance.green",
            "aws_lb_target_group.green",
            "aws_security_group.ssh-allowed",
            "aws_subnet.bg-subnet-pub-1",
            "aws_vpc.bluegreen"
          ]
        },
        {
          "index_key": 39,
          "schema_version": 0,
          "attributes": {
            "availability_zone": null,
            "id": "arn:aws:elasticloadbalancing:eu-central-1:557403669124:targetgroup/green-tg-lb/fb0bfbffb295eca8-20221024113600940100000027",
            "port": 80,
            "target_group_arn": "arn:aws:elasticloadbalancing:eu-central-1:557403669124:targetgroup/green-tg-lb/fb0bfbffb295eca8",
            "target_id": "i-08dec6296ea942b95"
          },
          "sensitive_attributes": [],
          "private": "bnVsbA==",
          "dependencies": [
            "aws_instance.green",
            "aws_lb_target_group.green",
            "aws_security_group.ssh-allowed",
            "aws_subnet.bg-subnet-pub-1",
            "aws_vpc.bluegreen"
          ]
        },
        {
          "index_key": 40,
          "schema_version": 0,
          "attributes": {
            "availability_zone": null,
            "id": "arn:aws:elasticloadbalancing:eu-central-1:557403669124:targetgroup/green-tg-lb/fb0bfbffb295eca8-20221024113606889500000032",
            "port": 80,
            "target_group_arn": "arn:aws:elasticloadbalancing:eu-central-1:557403669124:targetgroup/green-tg-lb/fb0bfbffb295eca8",
            "target_id": "i-08dec6296ea942b95"
          },
          "sensitive_attributes": [],
          "private": "bnVsbA==",
          "dependencies": [
            "aws_instance.green",
            "aws_lb_target_group.green",
            "aws_security_group.ssh-allowed",
            "aws_subnet.bg-subnet-pub-1",
            "aws_vpc.bluegreen"
          ]
        },
        {
          "index_key": 41,
          "schema_version": 0,
          "attributes": {
            "availability_zone": null,
            "id": "arn:aws:elasticloadbalancing:eu-central-1:557403669124:targetgroup/green-tg-lb/fb0bfbffb295eca8-20221024113559961900000009",
            "port": 80,
            "target_group_arn": "arn:aws:elasticloadbalancing:eu-central-1:557403669124:targetgroup/green-tg-lb/fb0bfbffb295eca8",
            "target_id": "i-08dec6296ea942b95"
          },
          "sensitive_attributes": [],
          "private": "bnVsbA==",
          "dependencies": [
            "aws_instance.green",
            "aws_lb_target_group.green",
            "aws_security_group.ssh-allowed",
            "aws_subnet.bg-subnet-pub-1",
            "aws_vpc.bluegreen"
          ]
        },
        {
          "index_key": 42,
          "schema_version": 0,
          "attributes": {
            "availability_zone": null,
            "id": "arn:aws:elasticloadbalancing:eu-central-1:557403669124:targetgroup/green-tg-lb/fb0bfbffb295eca8-2022102411360000240000000b",
            "port": 80,
            "target_group_arn": "arn:aws:elasticloadbalancing:eu-central-1:557403669124:targetgroup/green-tg-lb/fb0bfbffb295eca8",
            "target_id": "i-08dec6296ea942b95"
          },
          "sensitive_attributes": [],
          "private": "bnVsbA==",
          "dependencies": [
            "aws_instance.green",
            "aws_lb_target_group.green",
            "aws_security_group.ssh-allowed",
            "aws_subnet.bg-subnet-pub-1",
            "aws_vpc.bluegreen"
          ]
        },
        {
          "index_key": 43,
          "schema_version": 0,
          "attributes": {
            "availability_zone": null,
            "id": "arn:aws:elasticloadbalancing:eu-central-1:557403669124:targetgroup/green-tg-lb/fb0bfbffb295eca8-2022102411360058640000001e",
            "port": 80,
            "target_group_arn": "arn:aws:elasticloadbalancing:eu-central-1:557403669124:targetgroup/green-tg-lb/fb0bfbffb295eca8",
            "target_id": "i-08dec6296ea942b95"
          },
          "sensitive_attributes": [],
          "private": "bnVsbA==",
          "dependencies": [
            "aws_instance.green",
            "aws_lb_target_group.green",
            "aws_security_group.ssh-allowed",
            "aws_subnet.bg-subnet-pub-1",
            "aws_vpc.bluegreen"
          ]
        },
        {
          "index_key": 44,
          "schema_version": 0,
          "attributes": {
            "availability_zone": null,
            "id": "arn:aws:elasticloadbalancing:eu-central-1:557403669124:targetgroup/green-tg-lb/fb0bfbffb295eca8-20221024113600561800000019",
            "port": 80,
            "target_group_arn": "arn:aws:elasticloadbalancing:eu-central-1:557403669124:targetgroup/green-tg-lb/fb0bfbffb295eca8",
            "target_id": "i-08dec6296ea942b95"
          },
          "sensitive_attributes": [],
          "private": "bnVsbA==",
          "dependencies": [
            "aws_instance.green",
            "aws_lb_target_group.green",
            "aws_security_group.ssh-allowed",
            "aws_subnet.bg-subnet-pub-1",
            "aws_vpc.bluegreen"
          ]
        },
        {
          "index_key": 45,
          "schema_version": 0,
          "attributes": {
            "availability_zone": null,
            "id": "arn:aws:elasticloadbalancing:eu-central-1:557403669124:targetgroup/green-tg-lb/fb0bfbffb295eca8-20221024113600532600000018",
            "port": 80,
            "target_group_arn": "arn:aws:elasticloadbalancing:eu-central-1:557403669124:targetgroup/green-tg-lb/fb0bfbffb295eca8",
            "target_id": "i-08dec6296ea942b95"
          },
          "sensitive_attributes": [],
          "private": "bnVsbA==",
          "dependencies": [
            "aws_instance.green",
            "aws_lb_target_group.green",
            "aws_security_group.ssh-allowed",
            "aws_subnet.bg-subnet-pub-1",
            "aws_vpc.bluegreen"
          ]
        },
        {
          "index_key": 46,
          "schema_version": 0,
          "attributes": {
            "availability_zone": null,
            "id": "arn:aws:elasticloadbalancing:eu-central-1:557403669124:targetgroup/green-tg-lb/fb0bfbffb295eca8-20221024113600244700000011",
            "port": 80,
            "target_group_arn": "arn:aws:elasticloadbalancing:eu-central-1:557403669124:targetgroup/green-tg-lb/fb0bfbffb295eca8",
            "target_id": "i-08dec6296ea942b95"
          },
          "sensitive_attributes": [],
          "private": "bnVsbA==",
          "dependencies": [
            "aws_instance.green",
            "aws_lb_target_group.green",
            "aws_security_group.ssh-allowed",
            "aws_subnet.bg-subnet-pub-1",
            "aws_vpc.bluegreen"
          ]
        },
        {
          "index_key": 47,
          "schema_version": 0,
          "attributes": {
            "availability_zone": null,
            "id": "arn:aws:elasticloadbalancing:eu-central-1:557403669124:targetgroup/green-tg-lb/fb0bfbffb295eca8-20221024113607009700000035",
            "port": 80,
            "target_group_arn": "arn:aws:elasticloadbalancing:eu-central-1:557403669124:targetgroup/green-tg-lb/fb0bfbffb295eca8",
            "target_id": "i-08dec6296ea942b95"
          },
          "sensitive_attributes": [],
          "private": "bnVsbA==",
          "dependencies": [
            "aws_instance.green",
            "aws_lb_target_group.green",
            "aws_security_group.ssh-allowed",
            "aws_subnet.bg-subnet-pub-1",
            "aws_vpc.bluegreen"
          ]
        },
        {
          "index_key": 48,
          "schema_version": 0,
          "attributes": {
            "availability_zone": null,
            "id": "arn:aws:elasticloadbalancing:eu-central-1:557403669124:targetgroup/green-tg-lb/fb0bfbffb295eca8-2022102411360109250000002c",
            "port": 80,
            "target_group_arn": "arn:aws:elasticloadbalancing:eu-central-1:557403669124:targetgroup/green-tg-lb/fb0bfbffb295eca8",
            "target_id": "i-08dec6296ea942b95"
          },
          "sensitive_attributes": [],
          "private": "bnVsbA==",
          "dependencies": [
            "aws_instance.green",
            "aws_lb_target_group.green",
            "aws_security_group.ssh-allowed",
            "aws_subnet.bg-subnet-pub-1",
            "aws_vpc.bluegreen"
          ]
        },
        {
          "index_key": 49,
          "schema_version": 0,
          "attributes": {
            "availability_zone": null,
            "id": "arn:aws:elasticloadbalancing:eu-central-1:557403669124:targetgroup/green-tg-lb/fb0bfbffb295eca8-2022102411360056370000001a",
            "port": 80,
            "target_group_arn": "arn:aws:elasticloadbalancing:eu-central-1:557403669124:targetgroup/green-tg-lb/fb0bfbffb295eca8",
            "target_id": "i-08dec6296ea942b95"
          },
          "sensitive_attributes": [],
          "private": "bnVsbA==",
          "dependencies": [
            "aws_instance.green",
            "aws_lb_target_group.green",
            "aws_security_group.ssh-allowed",
            "aws_subnet.bg-subnet-pub-1",
            "aws_vpc.bluegreen"
          ]
        },
        {
          "index_key": 50,
          "schema_version": 0,
          "attributes": {
            "availability_zone": null,
            "id": "arn:aws:elasticloadbalancing:eu-central-1:557403669124:targetgroup/green-tg-lb/fb0bfbffb295eca8-2022102411360673660000002f",
            "port": 80,
            "target_group_arn": "arn:aws:elasticloadbalancing:eu-central-1:557403669124:targetgroup/green-tg-lb/fb0bfbffb295eca8",
            "target_id": "i-08dec6296ea942b95"
          },
          "sensitive_attributes": [],
          "private": "bnVsbA==",
          "dependencies": [
            "aws_instance.green",
            "aws_lb_target_group.green",
            "aws_security_group.ssh-allowed",
            "aws_subnet.bg-subnet-pub-1",
            "aws_vpc.bluegreen"
          ]
        },
        {
          "index_key": 51,
          "schema_version": 0,
          "attributes": {
            "availability_zone": null,
            "id": "arn:aws:elasticloadbalancing:eu-central-1:557403669124:targetgroup/green-tg-lb/fb0bfbffb295eca8-20221024113600330600000016",
            "port": 80,
            "target_group_arn": "arn:aws:elasticloadbalancing:eu-central-1:557403669124:targetgroup/green-tg-lb/fb0bfbffb295eca8",
            "target_id": "i-08dec6296ea942b95"
          },
          "sensitive_attributes": [],
          "private": "bnVsbA==",
          "dependencies": [
            "aws_instance.green",
            "aws_lb_target_group.green",
            "aws_security_group.ssh-allowed",
            "aws_subnet.bg-subnet-pub-1",
            "aws_vpc.bluegreen"
          ]
        },
        {
          "index_key": 52,
          "schema_version": 0,
          "attributes": {
            "availability_zone": null,
            "id": "arn:aws:elasticloadbalancing:eu-central-1:557403669124:targetgroup/green-tg-lb/fb0bfbffb295eca8-2022102411360022650000000e",
            "port": 80,
            "target_group_arn": "arn:aws:elasticloadbalancing:eu-central-1:557403669124:targetgroup/green-tg-lb/fb0bfbffb295eca8",
            "target_id": "i-08dec6296ea942b95"
          },
          "sensitive_attributes": [],
          "private": "bnVsbA==",
          "dependencies": [
            "aws_instance.green",
            "aws_lb_target_group.green",
            "aws_security_group.ssh-allowed",
            "aws_subnet.bg-subnet-pub-1",
            "aws_vpc.bluegreen"
          ]
        },
        {
          "index_key": 53,
          "schema_version": 0,
          "attributes": {
            "availability_zone": null,
            "id": "arn:aws:elasticloadbalancing:eu-central-1:557403669124:targetgroup/green-tg-lb/fb0bfbffb295eca8-20221024113601017200000029",
            "port": 80,
            "target_group_arn": "arn:aws:elasticloadbalancing:eu-central-1:557403669124:targetgroup/green-tg-lb/fb0bfbffb295eca8",
            "target_id": "i-08dec6296ea942b95"
          },
          "sensitive_attributes": [],
          "private": "bnVsbA==",
          "dependencies": [
            "aws_instance.green",
            "aws_lb_target_group.green",
            "aws_security_group.ssh-allowed",
            "aws_subnet.bg-subnet-pub-1",
            "aws_vpc.bluegreen"
          ]
        },
        {
          "index_key": 54,
          "schema_version": 0,
          "attributes": {
            "availability_zone": null,
            "id": "arn:aws:elasticloadbalancing:eu-central-1:557403669124:targetgroup/green-tg-lb/fb0bfbffb295eca8-2022102411360669290000002e",
            "port": 80,
            "target_group_arn": "arn:aws:elasticloadbalancing:eu-central-1:557403669124:targetgroup/green-tg-lb/fb0bfbffb295eca8",
            "target_id": "i-08dec6296ea942b95"
          },
          "sensitive_attributes": [],
          "private": "bnVsbA==",
          "dependencies": [
            "aws_instance.green",
            "aws_lb_target_group.green",
            "aws_security_group.ssh-allowed",
            "aws_subnet.bg-subnet-pub-1",
            "aws_vpc.bluegreen"
          ]
        }
      ]
    },
    {
      "mode": "managed",
      "type": "aws_route_table",
      "name": "bg-pub-crt",
      "provider": "provider[\"registry.terraform.io/hashicorp/aws\"]",
      "instances": [
        {
          "schema_version": 0,
          "attributes": {
            "arn": "arn:aws:ec2:eu-central-1:557403669124:route-table/rtb-0186c532ea4eb1a12",
            "id": "rtb-0186c532ea4eb1a12",
            "owner_id": "557403669124",
            "propagating_vgws": [],
            "route": [
              {
                "carrier_gateway_id": "",
                "cidr_block": "0.0.0.0/0",
                "core_network_arn": "",
                "destination_prefix_list_id": "",
                "egress_only_gateway_id": "",
                "gateway_id": "igw-02ac1eb5da399cb70",
                "instance_id": "",
                "ipv6_cidr_block": "",
                "local_gateway_id": "",
                "nat_gateway_id": "",
                "network_interface_id": "",
                "transit_gateway_id": "",
                "vpc_endpoint_id": "",
                "vpc_peering_connection_id": ""
              }
            ],
            "tags": {
              "Name": "bg-pub-crt"
            },
            "tags_all": {
              "Name": "bg-pub-crt"
            },
            "timeouts": null,
            "vpc_id": "vpc-0285702aa2020d311"
          },
          "sensitive_attributes": [],
          "private": "eyJlMmJmYjczMC1lY2FhLTExZTYtOGY4OC0zNDM2M2JjN2M0YzAiOnsiY3JlYXRlIjozMDAwMDAwMDAwMDAsImRlbGV0ZSI6MzAwMDAwMDAwMDAwLCJ1cGRhdGUiOjEyMDAwMDAwMDAwMH19",
          "dependencies": [
            "aws_internet_gateway.bg-igw",
            "aws_vpc.bluegreen"
          ]
        }
      ]
    },
    {
      "mode": "managed",
      "type": "aws_route_table_association",
      "name": "bg-crta-pub-subnet-1",
      "provider": "provider[\"registry.terraform.io/hashicorp/aws\"]",
      "instances": [
        {
          "schema_version": 0,
          "attributes": {
            "gateway_id": "",
            "id": "rtbassoc-0f6c27f7eeabf6b0d",
            "route_table_id": "rtb-0186c532ea4eb1a12",
            "subnet_id": "subnet-0cc9fe625a3d5d4b6"
          },
          "sensitive_attributes": [],
          "private": "bnVsbA==",
          "dependencies": [
            "aws_internet_gateway.bg-igw",
            "aws_route_table.bg-pub-crt",
            "aws_subnet.bg-subnet-pub-1",
            "aws_vpc.bluegreen"
          ]
        }
      ]
    },
    {
      "mode": "managed",
      "type": "aws_security_group",
      "name": "ssh-allowed",
      "provider": "provider[\"registry.terraform.io/hashicorp/aws\"]",
      "instances": [
        {
          "schema_version": 1,
          "attributes": {
            "arn": "arn:aws:ec2:eu-central-1:557403669124:security-group/sg-0e79dbf4b074c16d1",
            "description": "Managed by Terraform",
            "egress": [
              {
                "cidr_blocks": [
                  "0.0.0.0/0"
                ],
                "description": "",
                "from_port": 0,
                "ipv6_cidr_blocks": [],
                "prefix_list_ids": [],
                "protocol": "-1",
                "security_groups": [],
                "self": false,
                "to_port": 0
              }
            ],
            "id": "sg-0e79dbf4b074c16d1",
            "ingress": [
              {
                "cidr_blocks": [
                  "0.0.0.0/0"
                ],
                "description": "",
                "from_port": 22,
                "ipv6_cidr_blocks": [],
                "prefix_list_ids": [],
                "protocol": "tcp",
                "security_groups": [],
                "self": false,
                "to_port": 22
              },
              {
                "cidr_blocks": [
                  "0.0.0.0/0"
                ],
                "description": "",
                "from_port": 80,
                "ipv6_cidr_blocks": [],
                "prefix_list_ids": [],
                "protocol": "tcp",
                "security_groups": [],
                "self": false,
                "to_port": 80
              }
            ],
            "name": "terraform-20221024113506381700000001",
            "name_prefix": "terraform-",
            "owner_id": "557403669124",
            "revoke_rules_on_delete": false,
            "tags": {
              "Name": "ssh-allowed"
            },
            "tags_all": {
              "Name": "ssh-allowed"
            },
            "timeouts": null,
            "vpc_id": "vpc-0285702aa2020d311"
          },
          "sensitive_attributes": [],
          "private": "eyJlMmJmYjczMC1lY2FhLTExZTYtOGY4OC0zNDM2M2JjN2M0YzAiOnsiY3JlYXRlIjo2MDAwMDAwMDAwMDAsImRlbGV0ZSI6OTAwMDAwMDAwMDAwfSwic2NoZW1hX3ZlcnNpb24iOiIxIn0=",
          "dependencies": [
            "aws_vpc.bluegreen"
          ]
        }
      ]
    },
    {
      "mode": "managed",
      "type": "aws_subnet",
      "name": "bg-subnet-pub-1",
      "provider": "provider[\"registry.terraform.io/hashicorp/aws\"]",
      "instances": [
        {
          "schema_version": 1,
          "attributes": {
            "arn": "arn:aws:ec2:eu-central-1:557403669124:subnet/subnet-0cc9fe625a3d5d4b6",
            "assign_ipv6_address_on_creation": false,
            "availability_zone": "eu-central-1a",
            "availability_zone_id": "euc1-az2",
            "cidr_block": "10.0.1.0/24",
            "customer_owned_ipv4_pool": "",
            "enable_dns64": false,
            "enable_resource_name_dns_a_record_on_launch": false,
            "enable_resource_name_dns_aaaa_record_on_launch": false,
            "id": "subnet-0cc9fe625a3d5d4b6",
            "ipv6_cidr_block": "",
            "ipv6_cidr_block_association_id": "",
            "ipv6_native": false,
            "map_customer_owned_ip_on_launch": false,
            "map_public_ip_on_launch": true,
            "outpost_arn": "",
            "owner_id": "557403669124",
            "private_dns_hostname_type_on_launch": "ip-name",
            "tags": {
              "Name": "bg-subnet-pub-1"
            },
            "tags_all": {
              "Name": "bg-subnet-pub-1"
            },
            "timeouts": null,
            "vpc_id": "vpc-0285702aa2020d311"
          },
          "sensitive_attributes": [],
          "private": "eyJlMmJmYjczMC1lY2FhLTExZTYtOGY4OC0zNDM2M2JjN2M0YzAiOnsiY3JlYXRlIjo2MDAwMDAwMDAwMDAsImRlbGV0ZSI6MTIwMDAwMDAwMDAwMH0sInNjaGVtYV92ZXJzaW9uIjoiMSJ9",
          "dependencies": [
            "aws_vpc.bluegreen"
          ]
        }
      ]
    },
    {
      "mode": "managed",
      "type": "aws_subnet",
      "name": "bg-subnet-pub-2",
      "provider": "provider[\"registry.terraform.io/hashicorp/aws\"]",
      "instances": [
        {
          "schema_version": 1,
          "attributes": {
            "arn": "arn:aws:ec2:eu-central-1:557403669124:subnet/subnet-0b8a160744c8041b7",
            "assign_ipv6_address_on_creation": false,
            "availability_zone": "eu-central-1b",
            "availability_zone_id": "euc1-az3",
            "cidr_block": "10.0.2.0/24",
            "customer_owned_ipv4_pool": "",
            "enable_dns64": false,
            "enable_resource_name_dns_a_record_on_launch": false,
            "enable_resource_name_dns_aaaa_record_on_launch": false,
            "id": "subnet-0b8a160744c8041b7",
            "ipv6_cidr_block": "",
            "ipv6_cidr_block_association_id": "",
            "ipv6_native": false,
            "map_customer_owned_ip_on_launch": false,
            "map_public_ip_on_launch": true,
            "outpost_arn": "",
            "owner_id": "557403669124",
            "private_dns_hostname_type_on_launch": "ip-name",
            "tags": {
              "Name": "bg-subnet-pub-2"
            },
            "tags_all": {
              "Name": "bg-subnet-pub-2"
            },
            "timeouts": null,
            "vpc_id": "vpc-0285702aa2020d311"
          },
          "sensitive_attributes": [],
          "private": "eyJlMmJmYjczMC1lY2FhLTExZTYtOGY4OC0zNDM2M2JjN2M0YzAiOnsiY3JlYXRlIjo2MDAwMDAwMDAwMDAsImRlbGV0ZSI6MTIwMDAwMDAwMDAwMH0sInNjaGVtYV92ZXJzaW9uIjoiMSJ9",
          "dependencies": [
            "aws_vpc.bluegreen"
          ]
        }
      ]
    },
    {
      "mode": "managed",
      "type": "aws_vpc",
      "name": "bluegreen",
      "provider": "provider[\"registry.terraform.io/hashicorp/aws\"]",
      "instances": [
        {
          "schema_version": 1,
          "attributes": {
            "arn": "arn:aws:ec2:eu-central-1:557403669124:vpc/vpc-0285702aa2020d311",
            "assign_generated_ipv6_cidr_block": false,
            "cidr_block": "10.0.0.0/16",
            "default_network_acl_id": "acl-0be1bf8c65207ab81",
            "default_route_table_id": "rtb-01636a5fa040890dc",
            "default_security_group_id": "sg-04197f352e83c94f2",
            "dhcp_options_id": "dopt-09bb01f24c9d55e3d",
            "enable_classiclink": false,
            "enable_classiclink_dns_support": false,
            "enable_dns_hostnames": true,
            "enable_dns_support": true,
            "enable_network_address_usage_metrics": false,
            "id": "vpc-0285702aa2020d311",
            "instance_tenancy": "default",
            "ipv4_ipam_pool_id": null,
            "ipv4_netmask_length": null,
            "ipv6_association_id": "",
            "ipv6_cidr_block": "",
            "ipv6_cidr_block_network_border_group": "",
            "ipv6_ipam_pool_id": "",
            "ipv6_netmask_length": 0,
            "main_route_table_id": "rtb-01636a5fa040890dc",
            "owner_id": "557403669124",
            "tags": {
              "Name": "bluegreen"
            },
            "tags_all": {
              "Name": "bluegreen"
            }
          },
          "sensitive_attributes": [],
          "private": "eyJzY2hlbWFfdmVyc2lvbiI6IjEifQ=="
        }
      ]
    }
  ],
  "check_results": []
}
